{"format_version":"1.2","terraform_version":"1.6.6","variables":{"CISCO_ACI_APIC_IP_ADDRESS":{"value":"https://sandboxapicdc.cisco.com"},"CISCO_ACI_TERRAFORM_PASSWORD":{"value":"!v3G@!4@Y"},"CISCO_ACI_TERRAFORM_USERNAME":{"value":"admin"},"EVEN_LEAF_VERSION":{"value":"simsw-6.0(2h)"},"EVEN_SPINE_VERSION":{"value":"simsw-6.0(2h)"},"ODD_LEAF_VERSION":{"value":"simsw-6.0(2h)"},"ODD_SPINE_VERSION":{"value":"simsw-6.0(2h)"}},"planned_values":{"root_module":{"child_modules":[{"resources":[{"address":"module.fabric-interface-blacklist-workflow.aci_interface_blacklist.localAciFabricFexInterfaceBlacklist[\"101.111.eth1/20\"]","mode":"managed","type":"aci_interface_blacklist","name":"localAciFabricFexInterfaceBlacklist","index":"101.111.eth1/20","provider_name":"registry.terraform.io/ciscodevnet/aci","schema_version":1,"values":{"annotation":"ORCHESTRATOR:TERRAFORM","fex_id":111,"interface":"eth1/20","node_id":101,"pod_id":1},"sensitive_values":{}},{"address":"module.fabric-interface-blacklist-workflow.aci_interface_blacklist.localAciFabricFexInterfaceBlacklist[\"101.111.eth1/21\"]","mode":"managed","type":"aci_interface_blacklist","name":"localAciFabricFexInterfaceBlacklist","index":"101.111.eth1/21","provider_name":"registry.terraform.io/ciscodevnet/aci","schema_version":1,"values":{"annotation":"ORCHESTRATOR:TERRAFORM","fex_id":111,"interface":"eth1/21","node_id":101,"pod_id":1},"sensitive_values":{}},{"address":"module.fabric-interface-blacklist-workflow.aci_interface_blacklist.localAciFabricFexInterfaceBlacklist[\"102.112.eth1/20\"]","mode":"managed","type":"aci_interface_blacklist","name":"localAciFabricFexInterfaceBlacklist","index":"102.112.eth1/20","provider_name":"registry.terraform.io/ciscodevnet/aci","schema_version":1,"values":{"annotation":"ORCHESTRATOR:TERRAFORM","fex_id":112,"interface":"eth1/20","node_id":102,"pod_id":1},"sensitive_values":{}},{"address":"module.fabric-interface-blacklist-workflow.aci_interface_blacklist.localAciFabricFexInterfaceBlacklist[\"102.112.eth1/21\"]","mode":"managed","type":"aci_interface_blacklist","name":"localAciFabricFexInterfaceBlacklist","index":"102.112.eth1/21","provider_name":"registry.terraform.io/ciscodevnet/aci","schema_version":1,"values":{"annotation":"ORCHESTRATOR:TERRAFORM","fex_id":112,"interface":"eth1/21","node_id":102,"pod_id":1},"sensitive_values":{}},{"address":"module.fabric-interface-blacklist-workflow.aci_interface_blacklist.localAciFabricInterfaceBlacklist[\"101.0.eth1/10\"]","mode":"managed","type":"aci_interface_blacklist","name":"localAciFabricInterfaceBlacklist","index":"101.0.eth1/10","provider_name":"registry.terraform.io/ciscodevnet/aci","schema_version":1,"values":{"annotation":"ORCHESTRATOR:TERRAFORM","fex_id":null,"interface":"eth1/10","node_id":101,"pod_id":1},"sensitive_values":{}},{"address":"module.fabric-interface-blacklist-workflow.aci_interface_blacklist.localAciFabricInterfaceBlacklist[\"101.0.eth1/11\"]","mode":"managed","type":"aci_interface_blacklist","name":"localAciFabricInterfaceBlacklist","index":"101.0.eth1/11","provider_name":"registry.terraform.io/ciscodevnet/aci","schema_version":1,"values":{"annotation":"ORCHESTRATOR:TERRAFORM","fex_id":null,"interface":"eth1/11","node_id":101,"pod_id":1},"sensitive_values":{}},{"address":"module.fabric-interface-blacklist-workflow.aci_interface_blacklist.localAciFabricInterfaceBlacklist[\"102.0.eth1/10\"]","mode":"managed","type":"aci_interface_blacklist","name":"localAciFabricInterfaceBlacklist","index":"102.0.eth1/10","provider_name":"registry.terraform.io/ciscodevnet/aci","schema_version":1,"values":{"annotation":"ORCHESTRATOR:TERRAFORM","fex_id":null,"interface":"eth1/10","node_id":102,"pod_id":1},"sensitive_values":{}},{"address":"module.fabric-interface-blacklist-workflow.aci_interface_blacklist.localAciFabricInterfaceBlacklist[\"102.0.eth1/11\"]","mode":"managed","type":"aci_interface_blacklist","name":"localAciFabricInterfaceBlacklist","index":"102.0.eth1/11","provider_name":"registry.terraform.io/ciscodevnet/aci","schema_version":1,"values":{"annotation":"ORCHESTRATOR:TERRAFORM","fex_id":null,"interface":"eth1/11","node_id":102,"pod_id":1},"sensitive_values":{}}],"address":"module.fabric-interface-blacklist-workflow"},{"resources":[{"address":"module.fabric-node-workflow.aci_access_switch_policy_group.localAciFabricAccessLeafSwitchPolicyGroupIteration[\"TEP-1101\"]","mode":"managed","type":"aci_access_switch_policy_group","name":"localAciFabricAccessLeafSwitchPolicyGroupIteration","index":"TEP-1101","provider_name":"registry.terraform.io/ciscodevnet/aci","schema_version":1,"values":{"annotation":"ORCHESTRATOR:TERRAFORM","description":"CHG123","name":"1101_SWPOLGRP","relation_infra_rs_bfd_ipv4_inst_pol":"uni/infra/bfdIpv4Inst-default","relation_infra_rs_bfd_ipv6_inst_pol":"uni/infra/bfdIpv6Inst-default","relation_infra_rs_bfd_mh_ipv4_inst_pol":"uni/infra/bfdMhIpv4Inst-default","relation_infra_rs_bfd_mh_ipv6_inst_pol":"uni/infra/bfdMhIpv6Inst-default","relation_infra_rs_equipment_flash_config_pol":"uni/infra/flashconfigpol-default","relation_infra_rs_fc_fabric_pol":"uni/infra/fcfabricpol-default","relation_infra_rs_fc_inst_pol":"uni/infra/fcinstpol-default","relation_infra_rs_iacl_leaf_profile":"uni/infra/iaclleafp-default","relation_infra_rs_l2_node_auth_pol":"uni/infra/nodeauthpol-default","relation_infra_rs_leaf_copp_profile":"uni/infra/coppleafp-default","relation_infra_rs_leaf_p_grp_to_cdp_if_pol":"uni/infra/cdpIfP-default","relation_infra_rs_leaf_p_grp_to_lldp_if_pol":"uni/infra/lldpIfP-default","relation_infra_rs_mon_node_infra_pol":"uni/infra/moninfra-default","relation_infra_rs_mst_inst_pol":"uni/infra/mstpInstPol-default","relation_infra_rs_netflow_node_pol":null,"relation_infra_rs_poe_inst_pol":"uni/infra/poeInstP-default","relation_infra_rs_topoctrl_fast_link_failover_inst_pol":"uni/infra/fastlinkfailoverinstpol-default","relation_infra_rs_topoctrl_fwd_scale_prof_pol":"uni/infra/fwdscalepol-default"},"sensitive_values":{}},{"address":"module.fabric-node-workflow.aci_access_switch_policy_group.localAciFabricAccessLeafSwitchPolicyGroupIteration[\"TEP-1102\"]","mode":"managed","type":"aci_access_switch_policy_group","name":"localAciFabricAccessLeafSwitchPolicyGroupIteration","index":"TEP-1102","provider_name":"registry.terraform.io/ciscodevnet/aci","schema_version":1,"values":{"annotation":"ORCHESTRATOR:TERRAFORM","description":"CHG456","name":"1102_SWPOLGRP","relation_infra_rs_bfd_ipv4_inst_pol":"uni/infra/bfdIpv4Inst-default","relation_infra_rs_bfd_ipv6_inst_pol":"uni/infra/bfdIpv6Inst-default","relation_infra_rs_bfd_mh_ipv4_inst_pol":"uni/infra/bfdMhIpv4Inst-default","relation_infra_rs_bfd_mh_ipv6_inst_pol":"uni/infra/bfdMhIpv6Inst-default","relation_infra_rs_equipment_flash_config_pol":"uni/infra/flashconfigpol-default","relation_infra_rs_fc_fabric_pol":"uni/infra/fcfabricpol-default","relation_infra_rs_fc_inst_pol":"uni/infra/fcinstpol-default","relation_infra_rs_iacl_leaf_profile":"uni/infra/iaclleafp-default","relation_infra_rs_l2_node_auth_pol":"uni/infra/nodeauthpol-default","relation_infra_rs_leaf_copp_profile":"uni/infra/coppleafp-default","relation_infra_rs_leaf_p_grp_to_cdp_if_pol":"uni/infra/cdpIfP-default","relation_infra_rs_leaf_p_grp_to_lldp_if_pol":"uni/infra/lldpIfP-default","relation_infra_rs_mon_node_infra_pol":"uni/infra/moninfra-default","relation_infra_rs_mst_inst_pol":"uni/infra/mstpInstPol-default","relation_infra_rs_netflow_node_pol":null,"relation_infra_rs_poe_inst_pol":"uni/infra/poeInstP-default","relation_infra_rs_topoctrl_fast_link_failover_inst_pol":"uni/infra/fastlinkfailoverinstpol-default","relation_infra_rs_topoctrl_fwd_scale_prof_pol":"uni/infra/fwdscalepol-default"},"sensitive_values":{}},{"address":"module.fabric-node-workflow.aci_access_switch_policy_group.localAciFabricAccessLeafSwitchPolicyGroupIteration[\"TEP-1103\"]","mode":"managed","type":"aci_access_switch_policy_group","name":"localAciFabricAccessLeafSwitchPolicyGroupIteration","index":"TEP-1103","provider_name":"registry.terraform.io/ciscodevnet/aci","schema_version":1,"values":{"annotation":"ORCHESTRATOR:TERRAFORM","description":"CHG123","name":"1103_SWPOLGRP","relation_infra_rs_bfd_ipv4_inst_pol":"uni/infra/bfdIpv4Inst-default","relation_infra_rs_bfd_ipv6_inst_pol":"uni/infra/bfdIpv6Inst-default","relation_infra_rs_bfd_mh_ipv4_inst_pol":"uni/infra/bfdMhIpv4Inst-default","relation_infra_rs_bfd_mh_ipv6_inst_pol":"uni/infra/bfdMhIpv6Inst-default","relation_infra_rs_equipment_flash_config_pol":"uni/infra/flashconfigpol-default","relation_infra_rs_fc_fabric_pol":"uni/infra/fcfabricpol-default","relation_infra_rs_fc_inst_pol":"uni/infra/fcinstpol-default","relation_infra_rs_iacl_leaf_profile":"uni/infra/iaclleafp-default","relation_infra_rs_l2_node_auth_pol":"uni/infra/nodeauthpol-default","relation_infra_rs_leaf_copp_profile":"uni/infra/coppleafp-default","relation_infra_rs_leaf_p_grp_to_cdp_if_pol":"uni/infra/cdpIfP-default","relation_infra_rs_leaf_p_grp_to_lldp_if_pol":"uni/infra/lldpIfP-default","relation_infra_rs_mon_node_infra_pol":"uni/infra/moninfra-default","relation_infra_rs_mst_inst_pol":"uni/infra/mstpInstPol-default","relation_infra_rs_netflow_node_pol":null,"relation_infra_rs_poe_inst_pol":"uni/infra/poeInstP-default","relation_infra_rs_topoctrl_fast_link_failover_inst_pol":"uni/infra/fastlinkfailoverinstpol-default","relation_infra_rs_topoctrl_fwd_scale_prof_pol":"uni/infra/fwdscalepol-default"},"sensitive_values":{}},{"address":"module.fabric-node-workflow.aci_access_switch_policy_group.localAciFabricAccessLeafSwitchPolicyGroupIteration[\"TEP-1104\"]","mode":"managed","type":"aci_access_switch_policy_group","name":"localAciFabricAccessLeafSwitchPolicyGroupIteration","index":"TEP-1104","provider_name":"registry.terraform.io/ciscodevnet/aci","schema_version":1,"values":{"annotation":"ORCHESTRATOR:TERRAFORM","description":"CHG456","name":"1104_SWPOLGRP","relation_infra_rs_bfd_ipv4_inst_pol":"uni/infra/bfdIpv4Inst-default","relation_infra_rs_bfd_ipv6_inst_pol":"uni/infra/bfdIpv6Inst-default","relation_infra_rs_bfd_mh_ipv4_inst_pol":"uni/infra/bfdMhIpv4Inst-default","relation_infra_rs_bfd_mh_ipv6_inst_pol":"uni/infra/bfdMhIpv6Inst-default","relation_infra_rs_equipment_flash_config_pol":"uni/infra/flashconfigpol-default","relation_infra_rs_fc_fabric_pol":"uni/infra/fcfabricpol-default","relation_infra_rs_fc_inst_pol":"uni/infra/fcinstpol-default","relation_infra_rs_iacl_leaf_profile":"uni/infra/iaclleafp-default","relation_infra_rs_l2_node_auth_pol":"uni/infra/nodeauthpol-default","relation_infra_rs_leaf_copp_profile":"uni/infra/coppleafp-default","relation_infra_rs_leaf_p_grp_to_cdp_if_pol":"uni/infra/cdpIfP-default","relation_infra_rs_leaf_p_grp_to_lldp_if_pol":"uni/infra/lldpIfP-default","relation_infra_rs_mon_node_infra_pol":"uni/infra/moninfra-default","relation_infra_rs_mst_inst_pol":"uni/infra/mstpInstPol-default","relation_infra_rs_netflow_node_pol":null,"relation_infra_rs_poe_inst_pol":"uni/infra/poeInstP-default","relation_infra_rs_topoctrl_fast_link_failover_inst_pol":"uni/infra/fastlinkfailoverinstpol-default","relation_infra_rs_topoctrl_fwd_scale_prof_pol":"uni/infra/fwdscalepol-default"},"sensitive_values":{}},{"address":"module.fabric-node-workflow.aci_access_switch_policy_group.localAciFabricAccessLeafSwitchPolicyGroupIteration[\"TEP-1105\"]","mode":"managed","type":"aci_access_switch_policy_group","name":"localAciFabricAccessLeafSwitchPolicyGroupIteration","index":"TEP-1105","provider_name":"registry.terraform.io/ciscodevnet/aci","schema_version":1,"values":{"annotation":"ORCHESTRATOR:TERRAFORM","description":"CHG123","name":"1105_SWPOLGRP","relation_infra_rs_bfd_ipv4_inst_pol":"uni/infra/bfdIpv4Inst-default","relation_infra_rs_bfd_ipv6_inst_pol":"uni/infra/bfdIpv6Inst-default","relation_infra_rs_bfd_mh_ipv4_inst_pol":"uni/infra/bfdMhIpv4Inst-default","relation_infra_rs_bfd_mh_ipv6_inst_pol":"uni/infra/bfdMhIpv6Inst-default","relation_infra_rs_equipment_flash_config_pol":"uni/infra/flashconfigpol-default","relation_infra_rs_fc_fabric_pol":"uni/infra/fcfabricpol-default","relation_infra_rs_fc_inst_pol":"uni/infra/fcinstpol-default","relation_infra_rs_iacl_leaf_profile":"uni/infra/iaclleafp-default","relation_infra_rs_l2_node_auth_pol":"uni/infra/nodeauthpol-default","relation_infra_rs_leaf_copp_profile":"uni/infra/coppleafp-default","relation_infra_rs_leaf_p_grp_to_cdp_if_pol":"uni/infra/cdpIfP-default","relation_infra_rs_leaf_p_grp_to_lldp_if_pol":"uni/infra/lldpIfP-default","relation_infra_rs_mon_node_infra_pol":"uni/infra/moninfra-default","relation_infra_rs_mst_inst_pol":"uni/infra/mstpInstPol-default","relation_infra_rs_netflow_node_pol":null,"relation_infra_rs_poe_inst_pol":"uni/infra/poeInstP-default","relation_infra_rs_topoctrl_fast_link_failover_inst_pol":"uni/infra/fastlinkfailoverinstpol-default","relation_infra_rs_topoctrl_fwd_scale_prof_pol":"uni/infra/fwdscalepol-default"},"sensitive_values":{}},{"address":"module.fabric-node-workflow.aci_access_switch_policy_group.localAciFabricAccessLeafSwitchPolicyGroupIteration[\"TEP-1106\"]","mode":"managed","type":"aci_access_switch_policy_group","name":"localAciFabricAccessLeafSwitchPolicyGroupIteration","index":"TEP-1106","provider_name":"registry.terraform.io/ciscodevnet/aci","schema_version":1,"values":{"annotation":"ORCHESTRATOR:TERRAFORM","description":"CHG456","name":"1106_SWPOLGRP","relation_infra_rs_bfd_ipv4_inst_pol":"uni/infra/bfdIpv4Inst-default","relation_infra_rs_bfd_ipv6_inst_pol":"uni/infra/bfdIpv6Inst-default","relation_infra_rs_bfd_mh_ipv4_inst_pol":"uni/infra/bfdMhIpv4Inst-default","relation_infra_rs_bfd_mh_ipv6_inst_pol":"uni/infra/bfdMhIpv6Inst-default","relation_infra_rs_equipment_flash_config_pol":"uni/infra/flashconfigpol-default","relation_infra_rs_fc_fabric_pol":"uni/infra/fcfabricpol-default","relation_infra_rs_fc_inst_pol":"uni/infra/fcinstpol-default","relation_infra_rs_iacl_leaf_profile":"uni/infra/iaclleafp-default","relation_infra_rs_l2_node_auth_pol":"uni/infra/nodeauthpol-default","relation_infra_rs_leaf_copp_profile":"uni/infra/coppleafp-default","relation_infra_rs_leaf_p_grp_to_cdp_if_pol":"uni/infra/cdpIfP-default","relation_infra_rs_leaf_p_grp_to_lldp_if_pol":"uni/infra/lldpIfP-default","relation_infra_rs_mon_node_infra_pol":"uni/infra/moninfra-default","relation_infra_rs_mst_inst_pol":"uni/infra/mstpInstPol-default","relation_infra_rs_netflow_node_pol":null,"relation_infra_rs_poe_inst_pol":"uni/infra/poeInstP-default","relation_infra_rs_topoctrl_fast_link_failover_inst_pol":"uni/infra/fastlinkfailoverinstpol-default","relation_infra_rs_topoctrl_fwd_scale_prof_pol":"uni/infra/fwdscalepol-default"},"sensitive_values":{}},{"address":"module.fabric-node-workflow.aci_access_switch_policy_group.localAciFabricAccessLeafSwitchPolicyGroupIteration[\"TEP-1107\"]","mode":"managed","type":"aci_access_switch_policy_group","name":"localAciFabricAccessLeafSwitchPolicyGroupIteration","index":"TEP-1107","provider_name":"registry.terraform.io/ciscodevnet/aci","schema_version":1,"values":{"annotation":"ORCHESTRATOR:TERRAFORM","description":"CHG123","name":"1107_SWPOLGRP","relation_infra_rs_bfd_ipv4_inst_pol":"uni/infra/bfdIpv4Inst-default","relation_infra_rs_bfd_ipv6_inst_pol":"uni/infra/bfdIpv6Inst-default","relation_infra_rs_bfd_mh_ipv4_inst_pol":"uni/infra/bfdMhIpv4Inst-default","relation_infra_rs_bfd_mh_ipv6_inst_pol":"uni/infra/bfdMhIpv6Inst-default","relation_infra_rs_equipment_flash_config_pol":"uni/infra/flashconfigpol-default","relation_infra_rs_fc_fabric_pol":"uni/infra/fcfabricpol-default","relation_infra_rs_fc_inst_pol":"uni/infra/fcinstpol-default","relation_infra_rs_iacl_leaf_profile":"uni/infra/iaclleafp-default","relation_infra_rs_l2_node_auth_pol":"uni/infra/nodeauthpol-default","relation_infra_rs_leaf_copp_profile":"uni/infra/coppleafp-default","relation_infra_rs_leaf_p_grp_to_cdp_if_pol":"uni/infra/cdpIfP-default","relation_infra_rs_leaf_p_grp_to_lldp_if_pol":"uni/infra/lldpIfP-default","relation_infra_rs_mon_node_infra_pol":"uni/infra/moninfra-default","relation_infra_rs_mst_inst_pol":"uni/infra/mstpInstPol-default","relation_infra_rs_netflow_node_pol":null,"relation_infra_rs_poe_inst_pol":"uni/infra/poeInstP-default","relation_infra_rs_topoctrl_fast_link_failover_inst_pol":"uni/infra/fastlinkfailoverinstpol-default","relation_infra_rs_topoctrl_fwd_scale_prof_pol":"uni/infra/fwdscalepol-default"},"sensitive_values":{}},{"address":"module.fabric-node-workflow.aci_access_switch_policy_group.localAciFabricAccessLeafSwitchPolicyGroupIteration[\"TEP-1108\"]","mode":"managed","type":"aci_access_switch_policy_group","name":"localAciFabricAccessLeafSwitchPolicyGroupIteration","index":"TEP-1108","provider_name":"registry.terraform.io/ciscodevnet/aci","schema_version":1,"values":{"annotation":"ORCHESTRATOR:TERRAFORM","description":"CHG456","name":"1108_SWPOLGRP","relation_infra_rs_bfd_ipv4_inst_pol":"uni/infra/bfdIpv4Inst-default","relation_infra_rs_bfd_ipv6_inst_pol":"uni/infra/bfdIpv6Inst-default","relation_infra_rs_bfd_mh_ipv4_inst_pol":"uni/infra/bfdMhIpv4Inst-default","relation_infra_rs_bfd_mh_ipv6_inst_pol":"uni/infra/bfdMhIpv6Inst-default","relation_infra_rs_equipment_flash_config_pol":"uni/infra/flashconfigpol-default","relation_infra_rs_fc_fabric_pol":"uni/infra/fcfabricpol-default","relation_infra_rs_fc_inst_pol":"uni/infra/fcinstpol-default","relation_infra_rs_iacl_leaf_profile":"uni/infra/iaclleafp-default","relation_infra_rs_l2_node_auth_pol":"uni/infra/nodeauthpol-default","relation_infra_rs_leaf_copp_profile":"uni/infra/coppleafp-default","relation_infra_rs_leaf_p_grp_to_cdp_if_pol":"uni/infra/cdpIfP-default","relation_infra_rs_leaf_p_grp_to_lldp_if_pol":"uni/infra/lldpIfP-default","relation_infra_rs_mon_node_infra_pol":"uni/infra/moninfra-default","relation_infra_rs_mst_inst_pol":"uni/infra/mstpInstPol-default","relation_infra_rs_netflow_node_pol":null,"relation_infra_rs_poe_inst_pol":"uni/infra/poeInstP-default","relation_infra_rs_topoctrl_fast_link_failover_inst_pol":"uni/infra/fastlinkfailoverinstpol-default","relation_infra_rs_topoctrl_fwd_scale_prof_pol":"uni/infra/fwdscalepol-default"},"sensitive_values":{}},{"address":"module.fabric-node-workflow.aci_access_switch_policy_group.localAciFabricAccessLeafSwitchPolicyGroupIteration[\"TEP-1109\"]","mode":"managed","type":"aci_access_switch_policy_group","name":"localAciFabricAccessLeafSwitchPolicyGroupIteration","index":"TEP-1109","provider_name":"registry.terraform.io/ciscodevnet/aci","schema_version":1,"values":{"annotation":"ORCHESTRATOR:TERRAFORM","description":"CHG123","name":"1109_SWPOLGRP","relation_infra_rs_bfd_ipv4_inst_pol":"uni/infra/bfdIpv4Inst-default","relation_infra_rs_bfd_ipv6_inst_pol":"uni/infra/bfdIpv6Inst-default","relation_infra_rs_bfd_mh_ipv4_inst_pol":"uni/infra/bfdMhIpv4Inst-default","relation_infra_rs_bfd_mh_ipv6_inst_pol":"uni/infra/bfdMhIpv6Inst-default","relation_infra_rs_equipment_flash_config_pol":"uni/infra/flashconfigpol-default","relation_infra_rs_fc_fabric_pol":"uni/infra/fcfabricpol-default","relation_infra_rs_fc_inst_pol":"uni/infra/fcinstpol-default","relation_infra_rs_iacl_leaf_profile":"uni/infra/iaclleafp-default","relation_infra_rs_l2_node_auth_pol":"uni/infra/nodeauthpol-default","relation_infra_rs_leaf_copp_profile":"uni/infra/coppleafp-default","relation_infra_rs_leaf_p_grp_to_cdp_if_pol":"uni/infra/cdpIfP-default","relation_infra_rs_leaf_p_grp_to_lldp_if_pol":"uni/infra/lldpIfP-default","relation_infra_rs_mon_node_infra_pol":"uni/infra/moninfra-default","relation_infra_rs_mst_inst_pol":"uni/infra/mstpInstPol-default","relation_infra_rs_netflow_node_pol":null,"relation_infra_rs_poe_inst_pol":"uni/infra/poeInstP-default","relation_infra_rs_topoctrl_fast_link_failover_inst_pol":"uni/infra/fastlinkfailoverinstpol-default","relation_infra_rs_topoctrl_fwd_scale_prof_pol":"uni/infra/fwdscalepol-default"},"sensitive_values":{}},{"address":"module.fabric-node-workflow.aci_access_switch_policy_group.localAciFabricAccessLeafSwitchPolicyGroupIteration[\"TEP-1110\"]","mode":"managed","type":"aci_access_switch_policy_group","name":"localAciFabricAccessLeafSwitchPolicyGroupIteration","index":"TEP-1110","provider_name":"registry.terraform.io/ciscodevnet/aci","schema_version":1,"values":{"annotation":"ORCHESTRATOR:TERRAFORM","description":"CHG456","name":"1110_SWPOLGRP","relation_infra_rs_bfd_ipv4_inst_pol":"uni/infra/bfdIpv4Inst-default","relation_infra_rs_bfd_ipv6_inst_pol":"uni/infra/bfdIpv6Inst-default","relation_infra_rs_bfd_mh_ipv4_inst_pol":"uni/infra/bfdMhIpv4Inst-default","relation_infra_rs_bfd_mh_ipv6_inst_pol":"uni/infra/bfdMhIpv6Inst-default","relation_infra_rs_equipment_flash_config_pol":"uni/infra/flashconfigpol-default","relation_infra_rs_fc_fabric_pol":"uni/infra/fcfabricpol-default","relation_infra_rs_fc_inst_pol":"uni/infra/fcinstpol-default","relation_infra_rs_iacl_leaf_profile":"uni/infra/iaclleafp-default","relation_infra_rs_l2_node_auth_pol":"uni/infra/nodeauthpol-default","relation_infra_rs_leaf_copp_profile":"uni/infra/coppleafp-default","relation_infra_rs_leaf_p_grp_to_cdp_if_pol":"uni/infra/cdpIfP-default","relation_infra_rs_leaf_p_grp_to_lldp_if_pol":"uni/infra/lldpIfP-default","relation_infra_rs_mon_node_infra_pol":"uni/infra/moninfra-default","relation_infra_rs_mst_inst_pol":"uni/infra/mstpInstPol-default","relation_infra_rs_netflow_node_pol":null,"relation_infra_rs_poe_inst_pol":"uni/infra/poeInstP-default","relation_infra_rs_topoctrl_fast_link_failover_inst_pol":"uni/infra/fastlinkfailoverinstpol-default","relation_infra_rs_topoctrl_fwd_scale_prof_pol":"uni/infra/fwdscalepol-default"},"sensitive_values":{}},{"address":"module.fabric-node-workflow.aci_contract_subject.localAciNodeMgmtOobCtrSubj","mode":"managed","type":"aci_contract_subject","name":"localAciNodeMgmtOobCtrSubj","provider_name":"registry.terraform.io/ciscodevnet/aci","schema_version":1,"values":{"annotation":"ORCHESTRATOR:TERRAFORM","apply_both_directions":"yes","consumer_to_provider":[],"description":"Author: Trevor Patch, Terraform Managed Node Out-of-Band Interface Contract Subject.","name":"TF_MGD_NODE_OOB_CTR_SUBJ","provider_to_consumer":[],"relation_vz_rs_subj_filt_att":null,"rev_flt_ports":"yes"},"sensitive_values":{"consumer_to_provider":[],"provider_to_consumer":[]}},{"address":"module.fabric-node-workflow.aci_contract_subject_filter.localAciNodeMgmtOobCtrSubjFiltAssoc","mode":"managed","type":"aci_contract_subject_filter","name":"localAciNodeMgmtOobCtrSubjFiltAssoc","provider_name":"registry.terraform.io/ciscodevnet/aci","schema_version":1,"values":{"action":"permit","annotation":"orchestrator:terraform","directives":["log"],"priority_override":"default"},"sensitive_values":{"directives":[false]}},{"address":"module.fabric-node-workflow.aci_fabric_node_member.localAciFabricNodeMemberIteration[\"TEP-1101\"]","mode":"managed","type":"aci_fabric_node_member","name":"localAciFabricNodeMemberIteration","index":"TEP-1101","provider_name":"registry.terraform.io/ciscodevnet/aci","schema_version":1,"values":{"annotation":"ORCHESTRATOR:TERRAFORM","description":"CHG123","ext_pool_id":"0","fabric_id":"1","name":"DC-TEP-1101","node_id":"1101","node_type":"unspecified","pod_id":"1","role":"leaf","serial":"TEP-1101"},"sensitive_values":{}},{"address":"module.fabric-node-workflow.aci_fabric_node_member.localAciFabricNodeMemberIteration[\"TEP-1102\"]","mode":"managed","type":"aci_fabric_node_member","name":"localAciFabricNodeMemberIteration","index":"TEP-1102","provider_name":"registry.terraform.io/ciscodevnet/aci","schema_version":1,"values":{"annotation":"ORCHESTRATOR:TERRAFORM","description":"CHG456","ext_pool_id":"0","fabric_id":"1","name":"DC-TEP-1102","node_id":"1102","node_type":"unspecified","pod_id":"1","role":"leaf","serial":"TEP-1102"},"sensitive_values":{}},{"address":"module.fabric-node-workflow.aci_fabric_node_member.localAciFabricNodeMemberIteration[\"TEP-1103\"]","mode":"managed","type":"aci_fabric_node_member","name":"localAciFabricNodeMemberIteration","index":"TEP-1103","provider_name":"registry.terraform.io/ciscodevnet/aci","schema_version":1,"values":{"annotation":"ORCHESTRATOR:TERRAFORM","description":"CHG123","ext_pool_id":"0","fabric_id":"1","name":"DC-TEP-1103","node_id":"1103","node_type":"unspecified","pod_id":"1","role":"leaf","serial":"TEP-1103"},"sensitive_values":{}},{"address":"module.fabric-node-workflow.aci_fabric_node_member.localAciFabricNodeMemberIteration[\"TEP-1104\"]","mode":"managed","type":"aci_fabric_node_member","name":"localAciFabricNodeMemberIteration","index":"TEP-1104","provider_name":"registry.terraform.io/ciscodevnet/aci","schema_version":1,"values":{"annotation":"ORCHESTRATOR:TERRAFORM","description":"CHG456","ext_pool_id":"0","fabric_id":"1","name":"DC-TEP-1104","node_id":"1104","node_type":"unspecified","pod_id":"1","role":"leaf","serial":"TEP-1104"},"sensitive_values":{}},{"address":"module.fabric-node-workflow.aci_fabric_node_member.localAciFabricNodeMemberIteration[\"TEP-1105\"]","mode":"managed","type":"aci_fabric_node_member","name":"localAciFabricNodeMemberIteration","index":"TEP-1105","provider_name":"registry.terraform.io/ciscodevnet/aci","schema_version":1,"values":{"annotation":"ORCHESTRATOR:TERRAFORM","description":"CHG123","ext_pool_id":"0","fabric_id":"1","name":"DC-TEP-1105","node_id":"1105","node_type":"unspecified","pod_id":"1","role":"leaf","serial":"TEP-1105"},"sensitive_values":{}},{"address":"module.fabric-node-workflow.aci_fabric_node_member.localAciFabricNodeMemberIteration[\"TEP-1106\"]","mode":"managed","type":"aci_fabric_node_member","name":"localAciFabricNodeMemberIteration","index":"TEP-1106","provider_name":"registry.terraform.io/ciscodevnet/aci","schema_version":1,"values":{"annotation":"ORCHESTRATOR:TERRAFORM","description":"CHG456","ext_pool_id":"0","fabric_id":"1","name":"DC-TEP-1106","node_id":"1106","node_type":"unspecified","pod_id":"1","role":"leaf","serial":"TEP-1106"},"sensitive_values":{}},{"address":"module.fabric-node-workflow.aci_fabric_node_member.localAciFabricNodeMemberIteration[\"TEP-1107\"]","mode":"managed","type":"aci_fabric_node_member","name":"localAciFabricNodeMemberIteration","index":"TEP-1107","provider_name":"registry.terraform.io/ciscodevnet/aci","schema_version":1,"values":{"annotation":"ORCHESTRATOR:TERRAFORM","description":"CHG123","ext_pool_id":"0","fabric_id":"1","name":"DC-TEP-1107","node_id":"1107","node_type":"unspecified","pod_id":"1","role":"leaf","serial":"TEP-1107"},"sensitive_values":{}},{"address":"module.fabric-node-workflow.aci_fabric_node_member.localAciFabricNodeMemberIteration[\"TEP-1108\"]","mode":"managed","type":"aci_fabric_node_member","name":"localAciFabricNodeMemberIteration","index":"TEP-1108","provider_name":"registry.terraform.io/ciscodevnet/aci","schema_version":1,"values":{"annotation":"ORCHESTRATOR:TERRAFORM","description":"CHG456","ext_pool_id":"0","fabric_id":"1","name":"DC-TEP-1108","node_id":"1108","node_type":"unspecified","pod_id":"1","role":"leaf","serial":"TEP-1108"},"sensitive_values":{}},{"address":"module.fabric-node-workflow.aci_fabric_node_member.localAciFabricNodeMemberIteration[\"TEP-1109\"]","mode":"managed","type":"aci_fabric_node_member","name":"localAciFabricNodeMemberIteration","index":"TEP-1109","provider_name":"registry.terraform.io/ciscodevnet/aci","schema_version":1,"values":{"annotation":"ORCHESTRATOR:TERRAFORM","description":"CHG123","ext_pool_id":"0","fabric_id":"1","name":"DC-TEP-1109","node_id":"1109","node_type":"unspecified","pod_id":"1","role":"leaf","serial":"TEP-1109"},"sensitive_values":{}},{"address":"module.fabric-node-workflow.aci_fabric_node_member.localAciFabricNodeMemberIteration[\"TEP-1110\"]","mode":"managed","type":"aci_fabric_node_member","name":"localAciFabricNodeMemberIteration","index":"TEP-1110","provider_name":"registry.terraform.io/ciscodevnet/aci","schema_version":1,"values":{"annotation":"ORCHESTRATOR:TERRAFORM","description":"CHG456","ext_pool_id":"0","fabric_id":"1","name":"DC-TEP-1110","node_id":"1110","node_type":"unspecified","pod_id":"1","role":"leaf","serial":"TEP-1110"},"sensitive_values":{}},{"address":"module.fabric-node-workflow.aci_filter.localAciNodeMgmtOobCtrSubjFilt","mode":"managed","type":"aci_filter","name":"localAciNodeMgmtOobCtrSubjFilt","provider_name":"registry.terraform.io/ciscodevnet/aci","schema_version":1,"values":{"annotation":"ORCHESTRATOR:TERRAFORM","description":"Author: Trevor Patch, Terraform Managed Node Out-of-Band Interface Contract Subject Filter.","name":"TF_MGD_NODE_OOB_CTR_SUBJ_FILT","tenant_dn":"uni/tn-mgmt"},"sensitive_values":{}},{"address":"module.fabric-node-workflow.aci_filter_entry.localAciNodeMgmtOobCtrSubjFiltAllowArpReply","mode":"managed","type":"aci_filter_entry","name":"localAciNodeMgmtOobCtrSubjFiltAllowArpReply","provider_name":"registry.terraform.io/ciscodevnet/aci","schema_version":1,"values":{"annotation":"orchestrator:terraform","arp_opc":"reply","description":"Allows ARP Replies to/from the Terraform Managed Node Out-Of-Band Management Interface.","ether_t":"arp","name":"allow-arp-reply"},"sensitive_values":{"tcp_rules":[]}},{"address":"module.fabric-node-workflow.aci_filter_entry.localAciNodeMgmtOobCtrSubjFiltAllowArpReq","mode":"managed","type":"aci_filter_entry","name":"localAciNodeMgmtOobCtrSubjFiltAllowArpReq","provider_name":"registry.terraform.io/ciscodevnet/aci","schema_version":1,"values":{"annotation":"orchestrator:terraform","arp_opc":"req","description":"Allows ARP Requests to/from the Terraform Managed Node Out-Of-Band Management Interface.","ether_t":"arp","name":"allow-arp-request"},"sensitive_values":{"tcp_rules":[]}},{"address":"module.fabric-node-workflow.aci_filter_entry.localAciNodeMgmtOobCtrSubjFiltProtocolIcmpIteration[\"allow-icmp\"]","mode":"managed","type":"aci_filter_entry","name":"localAciNodeMgmtOobCtrSubjFiltProtocolIcmpIteration","index":"allow-icmp","provider_name":"registry.terraform.io/ciscodevnet/aci","schema_version":1,"values":{"annotation":"orchestrator:terraform","description":"CHG123 - Allows icmp to/from the Terraform Managed Node Out-Of-Band Management Interface.","ether_t":"ipv4","name":"allow-icmp","prot":"icmp","stateful":"yes"},"sensitive_values":{"tcp_rules":[]}},{"address":"module.fabric-node-workflow.aci_filter_entry.localAciNodeMgmtOobCtrSubjFiltProtocolTcpUdpIteration[\"allow-snmp\"]","mode":"managed","type":"aci_filter_entry","name":"localAciNodeMgmtOobCtrSubjFiltProtocolTcpUdpIteration","index":"allow-snmp","provider_name":"registry.terraform.io/ciscodevnet/aci","schema_version":1,"values":{"annotation":"orchestrator:terraform","d_from_port":"161","d_to_port":"161","description":"CHG789 - Allows udp_161 to/from the Terraform Managed Node Out-Of-Band Management Interface.","ether_t":"ipv4","name":"allow-snmp","prot":"udp","stateful":"yes"},"sensitive_values":{"tcp_rules":[]}},{"address":"module.fabric-node-workflow.aci_filter_entry.localAciNodeMgmtOobCtrSubjFiltProtocolTcpUdpIteration[\"allow-ssh\"]","mode":"managed","type":"aci_filter_entry","name":"localAciNodeMgmtOobCtrSubjFiltProtocolTcpUdpIteration","index":"allow-ssh","provider_name":"registry.terraform.io/ciscodevnet/aci","schema_version":1,"values":{"annotation":"orchestrator:terraform","d_from_port":"22","d_to_port":"22","description":"CHG456 - Allows tcp_22 to/from the Terraform Managed Node Out-Of-Band Management Interface.","ether_t":"ipv4","name":"allow-ssh","prot":"tcp","stateful":"yes"},"sensitive_values":{"tcp_rules":[]}},{"address":"module.fabric-node-workflow.aci_filter_entry.localAciNodeMgmtOobCtrSubjFiltProtocolTcpUdpIteration[\"allow-syslog\"]","mode":"managed","type":"aci_filter_entry","name":"localAciNodeMgmtOobCtrSubjFiltProtocolTcpUdpIteration","index":"allow-syslog","provider_name":"registry.terraform.io/ciscodevnet/aci","schema_version":1,"values":{"annotation":"orchestrator:terraform","d_from_port":"514","d_to_port":"514","description":"CHG789 - Allows udp_514 to/from the Terraform Managed Node Out-Of-Band Management Interface.","ether_t":"ipv4","name":"allow-syslog","prot":"udp","stateful":"yes"},"sensitive_values":{"tcp_rules":[]}},{"address":"module.fabric-node-workflow.aci_leaf_interface_profile.localAciFabricAccessLeafInterfaceProfileIteration[\"TEP-1101\"]","mode":"managed","type":"aci_leaf_interface_profile","name":"localAciFabricAccessLeafInterfaceProfileIteration","index":"TEP-1101","provider_name":"registry.terraform.io/ciscodevnet/aci","schema_version":1,"values":{"annotation":"ORCHESTRATOR:TERRAFORM","description":"CHG123","name":"1101_INTPROF"},"sensitive_values":{}},{"address":"module.fabric-node-workflow.aci_leaf_interface_profile.localAciFabricAccessLeafInterfaceProfileIteration[\"TEP-1102\"]","mode":"managed","type":"aci_leaf_interface_profile","name":"localAciFabricAccessLeafInterfaceProfileIteration","index":"TEP-1102","provider_name":"registry.terraform.io/ciscodevnet/aci","schema_version":1,"values":{"annotation":"ORCHESTRATOR:TERRAFORM","description":"CHG456","name":"1102_INTPROF"},"sensitive_values":{}},{"address":"module.fabric-node-workflow.aci_leaf_interface_profile.localAciFabricAccessLeafInterfaceProfileIteration[\"TEP-1103\"]","mode":"managed","type":"aci_leaf_interface_profile","name":"localAciFabricAccessLeafInterfaceProfileIteration","index":"TEP-1103","provider_name":"registry.terraform.io/ciscodevnet/aci","schema_version":1,"values":{"annotation":"ORCHESTRATOR:TERRAFORM","description":"CHG123","name":"1103_INTPROF"},"sensitive_values":{}},{"address":"module.fabric-node-workflow.aci_leaf_interface_profile.localAciFabricAccessLeafInterfaceProfileIteration[\"TEP-1104\"]","mode":"managed","type":"aci_leaf_interface_profile","name":"localAciFabricAccessLeafInterfaceProfileIteration","index":"TEP-1104","provider_name":"registry.terraform.io/ciscodevnet/aci","schema_version":1,"values":{"annotation":"ORCHESTRATOR:TERRAFORM","description":"CHG456","name":"1104_INTPROF"},"sensitive_values":{}},{"address":"module.fabric-node-workflow.aci_leaf_interface_profile.localAciFabricAccessLeafInterfaceProfileIteration[\"TEP-1105\"]","mode":"managed","type":"aci_leaf_interface_profile","name":"localAciFabricAccessLeafInterfaceProfileIteration","index":"TEP-1105","provider_name":"registry.terraform.io/ciscodevnet/aci","schema_version":1,"values":{"annotation":"ORCHESTRATOR:TERRAFORM","description":"CHG123","name":"1105_INTPROF"},"sensitive_values":{}},{"address":"module.fabric-node-workflow.aci_leaf_interface_profile.localAciFabricAccessLeafInterfaceProfileIteration[\"TEP-1106\"]","mode":"managed","type":"aci_leaf_interface_profile","name":"localAciFabricAccessLeafInterfaceProfileIteration","index":"TEP-1106","provider_name":"registry.terraform.io/ciscodevnet/aci","schema_version":1,"values":{"annotation":"ORCHESTRATOR:TERRAFORM","description":"CHG456","name":"1106_INTPROF"},"sensitive_values":{}},{"address":"module.fabric-node-workflow.aci_leaf_interface_profile.localAciFabricAccessLeafInterfaceProfileIteration[\"TEP-1107\"]","mode":"managed","type":"aci_leaf_interface_profile","name":"localAciFabricAccessLeafInterfaceProfileIteration","index":"TEP-1107","provider_name":"registry.terraform.io/ciscodevnet/aci","schema_version":1,"values":{"annotation":"ORCHESTRATOR:TERRAFORM","description":"CHG123","name":"1107_INTPROF"},"sensitive_values":{}},{"address":"module.fabric-node-workflow.aci_leaf_interface_profile.localAciFabricAccessLeafInterfaceProfileIteration[\"TEP-1108\"]","mode":"managed","type":"aci_leaf_interface_profile","name":"localAciFabricAccessLeafInterfaceProfileIteration","index":"TEP-1108","provider_name":"registry.terraform.io/ciscodevnet/aci","schema_version":1,"values":{"annotation":"ORCHESTRATOR:TERRAFORM","description":"CHG456","name":"1108_INTPROF"},"sensitive_values":{}},{"address":"module.fabric-node-workflow.aci_leaf_interface_profile.localAciFabricAccessLeafInterfaceProfileIteration[\"TEP-1109\"]","mode":"managed","type":"aci_leaf_interface_profile","name":"localAciFabricAccessLeafInterfaceProfileIteration","index":"TEP-1109","provider_name":"registry.terraform.io/ciscodevnet/aci","schema_version":1,"values":{"annotation":"ORCHESTRATOR:TERRAFORM","description":"CHG123","name":"1109_INTPROF"},"sensitive_values":{}},{"address":"module.fabric-node-workflow.aci_leaf_interface_profile.localAciFabricAccessLeafInterfaceProfileIteration[\"TEP-1110\"]","mode":"managed","type":"aci_leaf_interface_profile","name":"localAciFabricAccessLeafInterfaceProfileIteration","index":"TEP-1110","provider_name":"registry.terraform.io/ciscodevnet/aci","schema_version":1,"values":{"annotation":"ORCHESTRATOR:TERRAFORM","description":"CHG456","name":"1110_INTPROF"},"sensitive_values":{}},{"address":"module.fabric-node-workflow.aci_leaf_profile.localAciFabricAccessLeafSwitchProfileIteration[\"TEP-1101\"]","mode":"managed","type":"aci_leaf_profile","name":"localAciFabricAccessLeafSwitchProfileIteration","index":"TEP-1101","provider_name":"registry.terraform.io/ciscodevnet/aci","schema_version":1,"values":{"annotation":"ORCHESTRATOR:TERRAFORM","description":"CHG123","leaf_selector":[{"name":"1101_LFSEL","node_block":[{"from_":"1101","name":"blk_1101","to_":"1101"}],"switch_association_type":"range"}],"name":"1101_SWPROF","relation_infra_rs_acc_card_p":null},"sensitive_values":{"leaf_selector":[{"node_block":[{}]}],"leaf_selector_ids":[],"node_block_ids":[],"relation_infra_rs_acc_port_p":[]}},{"address":"module.fabric-node-workflow.aci_leaf_profile.localAciFabricAccessLeafSwitchProfileIteration[\"TEP-1102\"]","mode":"managed","type":"aci_leaf_profile","name":"localAciFabricAccessLeafSwitchProfileIteration","index":"TEP-1102","provider_name":"registry.terraform.io/ciscodevnet/aci","schema_version":1,"values":{"annotation":"ORCHESTRATOR:TERRAFORM","description":"CHG456","leaf_selector":[{"name":"1102_LFSEL","node_block":[{"from_":"1102","name":"blk_1102","to_":"1102"}],"switch_association_type":"range"}],"name":"1102_SWPROF","relation_infra_rs_acc_card_p":null},"sensitive_values":{"leaf_selector":[{"node_block":[{}]}],"leaf_selector_ids":[],"node_block_ids":[],"relation_infra_rs_acc_port_p":[]}},{"address":"module.fabric-node-workflow.aci_leaf_profile.localAciFabricAccessLeafSwitchProfileIteration[\"TEP-1103\"]","mode":"managed","type":"aci_leaf_profile","name":"localAciFabricAccessLeafSwitchProfileIteration","index":"TEP-1103","provider_name":"registry.terraform.io/ciscodevnet/aci","schema_version":1,"values":{"annotation":"ORCHESTRATOR:TERRAFORM","description":"CHG123","leaf_selector":[{"name":"1103_LFSEL","node_block":[{"from_":"1103","name":"blk_1103","to_":"1103"}],"switch_association_type":"range"}],"name":"1103_SWPROF","relation_infra_rs_acc_card_p":null},"sensitive_values":{"leaf_selector":[{"node_block":[{}]}],"leaf_selector_ids":[],"node_block_ids":[],"relation_infra_rs_acc_port_p":[]}},{"address":"module.fabric-node-workflow.aci_leaf_profile.localAciFabricAccessLeafSwitchProfileIteration[\"TEP-1104\"]","mode":"managed","type":"aci_leaf_profile","name":"localAciFabricAccessLeafSwitchProfileIteration","index":"TEP-1104","provider_name":"registry.terraform.io/ciscodevnet/aci","schema_version":1,"values":{"annotation":"ORCHESTRATOR:TERRAFORM","description":"CHG456","leaf_selector":[{"name":"1104_LFSEL","node_block":[{"from_":"1104","name":"blk_1104","to_":"1104"}],"switch_association_type":"range"}],"name":"1104_SWPROF","relation_infra_rs_acc_card_p":null},"sensitive_values":{"leaf_selector":[{"node_block":[{}]}],"leaf_selector_ids":[],"node_block_ids":[],"relation_infra_rs_acc_port_p":[]}},{"address":"module.fabric-node-workflow.aci_leaf_profile.localAciFabricAccessLeafSwitchProfileIteration[\"TEP-1105\"]","mode":"managed","type":"aci_leaf_profile","name":"localAciFabricAccessLeafSwitchProfileIteration","index":"TEP-1105","provider_name":"registry.terraform.io/ciscodevnet/aci","schema_version":1,"values":{"annotation":"ORCHESTRATOR:TERRAFORM","description":"CHG123","leaf_selector":[{"name":"1105_LFSEL","node_block":[{"from_":"1105","name":"blk_1105","to_":"1105"}],"switch_association_type":"range"}],"name":"1105_SWPROF","relation_infra_rs_acc_card_p":null},"sensitive_values":{"leaf_selector":[{"node_block":[{}]}],"leaf_selector_ids":[],"node_block_ids":[],"relation_infra_rs_acc_port_p":[]}},{"address":"module.fabric-node-workflow.aci_leaf_profile.localAciFabricAccessLeafSwitchProfileIteration[\"TEP-1106\"]","mode":"managed","type":"aci_leaf_profile","name":"localAciFabricAccessLeafSwitchProfileIteration","index":"TEP-1106","provider_name":"registry.terraform.io/ciscodevnet/aci","schema_version":1,"values":{"annotation":"ORCHESTRATOR:TERRAFORM","description":"CHG456","leaf_selector":[{"name":"1106_LFSEL","node_block":[{"from_":"1106","name":"blk_1106","to_":"1106"}],"switch_association_type":"range"}],"name":"1106_SWPROF","relation_infra_rs_acc_card_p":null},"sensitive_values":{"leaf_selector":[{"node_block":[{}]}],"leaf_selector_ids":[],"node_block_ids":[],"relation_infra_rs_acc_port_p":[]}},{"address":"module.fabric-node-workflow.aci_leaf_profile.localAciFabricAccessLeafSwitchProfileIteration[\"TEP-1107\"]","mode":"managed","type":"aci_leaf_profile","name":"localAciFabricAccessLeafSwitchProfileIteration","index":"TEP-1107","provider_name":"registry.terraform.io/ciscodevnet/aci","schema_version":1,"values":{"annotation":"ORCHESTRATOR:TERRAFORM","description":"CHG123","leaf_selector":[{"name":"1107_LFSEL","node_block":[{"from_":"1107","name":"blk_1107","to_":"1107"}],"switch_association_type":"range"}],"name":"1107_SWPROF","relation_infra_rs_acc_card_p":null},"sensitive_values":{"leaf_selector":[{"node_block":[{}]}],"leaf_selector_ids":[],"node_block_ids":[],"relation_infra_rs_acc_port_p":[]}},{"address":"module.fabric-node-workflow.aci_leaf_profile.localAciFabricAccessLeafSwitchProfileIteration[\"TEP-1108\"]","mode":"managed","type":"aci_leaf_profile","name":"localAciFabricAccessLeafSwitchProfileIteration","index":"TEP-1108","provider_name":"registry.terraform.io/ciscodevnet/aci","schema_version":1,"values":{"annotation":"ORCHESTRATOR:TERRAFORM","description":"CHG456","leaf_selector":[{"name":"1108_LFSEL","node_block":[{"from_":"1108","name":"blk_1108","to_":"1108"}],"switch_association_type":"range"}],"name":"1108_SWPROF","relation_infra_rs_acc_card_p":null},"sensitive_values":{"leaf_selector":[{"node_block":[{}]}],"leaf_selector_ids":[],"node_block_ids":[],"relation_infra_rs_acc_port_p":[]}},{"address":"module.fabric-node-workflow.aci_leaf_profile.localAciFabricAccessLeafSwitchProfileIteration[\"TEP-1109\"]","mode":"managed","type":"aci_leaf_profile","name":"localAciFabricAccessLeafSwitchProfileIteration","index":"TEP-1109","provider_name":"registry.terraform.io/ciscodevnet/aci","schema_version":1,"values":{"annotation":"ORCHESTRATOR:TERRAFORM","description":"CHG123","leaf_selector":[{"name":"1109_LFSEL","node_block":[{"from_":"1109","name":"blk_1109","to_":"1109"}],"switch_association_type":"range"}],"name":"1109_SWPROF","relation_infra_rs_acc_card_p":null},"sensitive_values":{"leaf_selector":[{"node_block":[{}]}],"leaf_selector_ids":[],"node_block_ids":[],"relation_infra_rs_acc_port_p":[]}},{"address":"module.fabric-node-workflow.aci_leaf_profile.localAciFabricAccessLeafSwitchProfileIteration[\"TEP-1110\"]","mode":"managed","type":"aci_leaf_profile","name":"localAciFabricAccessLeafSwitchProfileIteration","index":"TEP-1110","provider_name":"registry.terraform.io/ciscodevnet/aci","schema_version":1,"values":{"annotation":"ORCHESTRATOR:TERRAFORM","description":"CHG456","leaf_selector":[{"name":"1110_LFSEL","node_block":[{"from_":"1110","name":"blk_1110","to_":"1110"}],"switch_association_type":"range"}],"name":"1110_SWPROF","relation_infra_rs_acc_card_p":null},"sensitive_values":{"leaf_selector":[{"node_block":[{}]}],"leaf_selector_ids":[],"node_block_ids":[],"relation_infra_rs_acc_port_p":[]}},{"address":"module.fabric-node-workflow.aci_maintenance_group_node.localACIEvenLeafmaintMaintGrpNodeBlkIteration[\"TEP-1102\"]","mode":"managed","type":"aci_maintenance_group_node","name":"localACIEvenLeafmaintMaintGrpNodeBlkIteration","index":"TEP-1102","provider_name":"registry.terraform.io/ciscodevnet/aci","schema_version":1,"values":{"annotation":"ORCHESTRATOR:TERRAFORM","description":"Associated with Maintenance Group EVEN_Leaf_MNTGRP.","from_":"1102","name":"MaintGrpNodeBlk_1102","to_":"1102"},"sensitive_values":{}},{"address":"module.fabric-node-workflow.aci_maintenance_group_node.localACIEvenLeafmaintMaintGrpNodeBlkIteration[\"TEP-1104\"]","mode":"managed","type":"aci_maintenance_group_node","name":"localACIEvenLeafmaintMaintGrpNodeBlkIteration","index":"TEP-1104","provider_name":"registry.terraform.io/ciscodevnet/aci","schema_version":1,"values":{"annotation":"ORCHESTRATOR:TERRAFORM","description":"Associated with Maintenance Group EVEN_Leaf_MNTGRP.","from_":"1104","name":"MaintGrpNodeBlk_1104","to_":"1104"},"sensitive_values":{}},{"address":"module.fabric-node-workflow.aci_maintenance_group_node.localACIEvenLeafmaintMaintGrpNodeBlkIteration[\"TEP-1106\"]","mode":"managed","type":"aci_maintenance_group_node","name":"localACIEvenLeafmaintMaintGrpNodeBlkIteration","index":"TEP-1106","provider_name":"registry.terraform.io/ciscodevnet/aci","schema_version":1,"values":{"annotation":"ORCHESTRATOR:TERRAFORM","description":"Associated with Maintenance Group EVEN_Leaf_MNTGRP.","from_":"1106","name":"MaintGrpNodeBlk_1106","to_":"1106"},"sensitive_values":{}},{"address":"module.fabric-node-workflow.aci_maintenance_group_node.localACIEvenLeafmaintMaintGrpNodeBlkIteration[\"TEP-1108\"]","mode":"managed","type":"aci_maintenance_group_node","name":"localACIEvenLeafmaintMaintGrpNodeBlkIteration","index":"TEP-1108","provider_name":"registry.terraform.io/ciscodevnet/aci","schema_version":1,"values":{"annotation":"ORCHESTRATOR:TERRAFORM","description":"Associated with Maintenance Group EVEN_Leaf_MNTGRP.","from_":"1108","name":"MaintGrpNodeBlk_1108","to_":"1108"},"sensitive_values":{}},{"address":"module.fabric-node-workflow.aci_maintenance_group_node.localACIEvenLeafmaintMaintGrpNodeBlkIteration[\"TEP-1110\"]","mode":"managed","type":"aci_maintenance_group_node","name":"localACIEvenLeafmaintMaintGrpNodeBlkIteration","index":"TEP-1110","provider_name":"registry.terraform.io/ciscodevnet/aci","schema_version":1,"values":{"annotation":"ORCHESTRATOR:TERRAFORM","description":"Associated with Maintenance Group EVEN_Leaf_MNTGRP.","from_":"1110","name":"MaintGrpNodeBlk_1110","to_":"1110"},"sensitive_values":{}},{"address":"module.fabric-node-workflow.aci_maintenance_group_node.localACIOddLeafmaintMaintGrpNodeBlkIteration[\"TEP-1101\"]","mode":"managed","type":"aci_maintenance_group_node","name":"localACIOddLeafmaintMaintGrpNodeBlkIteration","index":"TEP-1101","provider_name":"registry.terraform.io/ciscodevnet/aci","schema_version":1,"values":{"annotation":"ORCHESTRATOR:TERRAFORM","description":"Associated with Maintenance Group ODD_Leaf_MNTGRP.","from_":"1101","name":"MaintGrpNodeBlk_1101","to_":"1101"},"sensitive_values":{}},{"address":"module.fabric-node-workflow.aci_maintenance_group_node.localACIOddLeafmaintMaintGrpNodeBlkIteration[\"TEP-1103\"]","mode":"managed","type":"aci_maintenance_group_node","name":"localACIOddLeafmaintMaintGrpNodeBlkIteration","index":"TEP-1103","provider_name":"registry.terraform.io/ciscodevnet/aci","schema_version":1,"values":{"annotation":"ORCHESTRATOR:TERRAFORM","description":"Associated with Maintenance Group ODD_Leaf_MNTGRP.","from_":"1103","name":"MaintGrpNodeBlk_1103","to_":"1103"},"sensitive_values":{}},{"address":"module.fabric-node-workflow.aci_maintenance_group_node.localACIOddLeafmaintMaintGrpNodeBlkIteration[\"TEP-1105\"]","mode":"managed","type":"aci_maintenance_group_node","name":"localACIOddLeafmaintMaintGrpNodeBlkIteration","index":"TEP-1105","provider_name":"registry.terraform.io/ciscodevnet/aci","schema_version":1,"values":{"annotation":"ORCHESTRATOR:TERRAFORM","description":"Associated with Maintenance Group ODD_Leaf_MNTGRP.","from_":"1105","name":"MaintGrpNodeBlk_1105","to_":"1105"},"sensitive_values":{}},{"address":"module.fabric-node-workflow.aci_maintenance_group_node.localACIOddLeafmaintMaintGrpNodeBlkIteration[\"TEP-1107\"]","mode":"managed","type":"aci_maintenance_group_node","name":"localACIOddLeafmaintMaintGrpNodeBlkIteration","index":"TEP-1107","provider_name":"registry.terraform.io/ciscodevnet/aci","schema_version":1,"values":{"annotation":"ORCHESTRATOR:TERRAFORM","description":"Associated with Maintenance Group ODD_Leaf_MNTGRP.","from_":"1107","name":"MaintGrpNodeBlk_1107","to_":"1107"},"sensitive_values":{}},{"address":"module.fabric-node-workflow.aci_maintenance_group_node.localACIOddLeafmaintMaintGrpNodeBlkIteration[\"TEP-1109\"]","mode":"managed","type":"aci_maintenance_group_node","name":"localACIOddLeafmaintMaintGrpNodeBlkIteration","index":"TEP-1109","provider_name":"registry.terraform.io/ciscodevnet/aci","schema_version":1,"values":{"annotation":"ORCHESTRATOR:TERRAFORM","description":"Associated with Maintenance Group ODD_Leaf_MNTGRP.","from_":"1109","name":"MaintGrpNodeBlk_1109","to_":"1109"},"sensitive_values":{}},{"address":"module.fabric-node-workflow.aci_maintenance_policy.localACIEvenLeafmaintMaintP","mode":"managed","type":"aci_maintenance_policy","name":"localACIEvenLeafmaintMaintP","provider_name":"registry.terraform.io/ciscodevnet/aci","schema_version":1,"values":{"admin_st":"triggered","annotation":"ORCHESTRATOR:TERRAFORM","description":"This Maintenance Policy Defines the Firmware/Software Version for Even Numbered Leaf","graceful":"yes","ignore_compat":"yes","name":"EVEN_Leaf_MNTPOL","notif_cond":"notifyNever","relation_maint_rs_pol_notif":null,"relation_maint_rs_pol_scheduler":"uni/fabric/schedp-EVEN_LF_SCHD","relation_trig_rs_triggerable":null,"run_mode":"pauseNever","version":"simsw-6.0(2h)","version_check_override":"untriggered"},"sensitive_values":{}},{"address":"module.fabric-node-workflow.aci_maintenance_policy.localACIEvenSpinesmaintMaintP","mode":"managed","type":"aci_maintenance_policy","name":"localACIEvenSpinesmaintMaintP","provider_name":"registry.terraform.io/ciscodevnet/aci","schema_version":1,"values":{"admin_st":"triggered","annotation":"ORCHESTRATOR:TERRAFORM","description":"This Maintenance Policy Defines the Firmware/Software Version for Even Numbered Spines","graceful":"yes","ignore_compat":"yes","name":"EVEN_SPINES_MNTPOL","notif_cond":"notifyNever","relation_maint_rs_pol_notif":null,"relation_maint_rs_pol_scheduler":"uni/fabric/schedp-EVEN_SPN_SCHD","relation_trig_rs_triggerable":null,"run_mode":"pauseNever","version":"simsw-6.0(2h)","version_check_override":"untriggered"},"sensitive_values":{}},{"address":"module.fabric-node-workflow.aci_maintenance_policy.localACIOddLeafmaintMaintP","mode":"managed","type":"aci_maintenance_policy","name":"localACIOddLeafmaintMaintP","provider_name":"registry.terraform.io/ciscodevnet/aci","schema_version":1,"values":{"admin_st":"triggered","annotation":"ORCHESTRATOR:TERRAFORM","description":"This Maintenance Policy Defines the Firmware/Software Version for Odd Numbered Leaf","graceful":"yes","ignore_compat":"yes","name":"ODD_Leaf_MNTPOL","notif_cond":"notifyNever","relation_maint_rs_pol_notif":null,"relation_maint_rs_pol_scheduler":"uni/fabric/schedp-ODD_LF_SCHD","relation_trig_rs_triggerable":null,"run_mode":"pauseNever","version":"simsw-6.0(2h)","version_check_override":"untriggered"},"sensitive_values":{}},{"address":"module.fabric-node-workflow.aci_maintenance_policy.localACIOddSpinesmaintMaintP","mode":"managed","type":"aci_maintenance_policy","name":"localACIOddSpinesmaintMaintP","provider_name":"registry.terraform.io/ciscodevnet/aci","schema_version":1,"values":{"admin_st":"triggered","annotation":"ORCHESTRATOR:TERRAFORM","description":"This Maintenance Policy Defines the Firmware/Software Version for Odd Numbered Spines","graceful":"yes","ignore_compat":"yes","name":"ODD_SPINES_MNTPOL","notif_cond":"notifyNever","relation_maint_rs_pol_notif":null,"relation_maint_rs_pol_scheduler":"uni/fabric/schedp-ODD_SPN_SCHD","relation_trig_rs_triggerable":null,"run_mode":"pauseNever","version":"simsw-6.0(2h)","version_check_override":"untriggered"},"sensitive_values":{}},{"address":"module.fabric-node-workflow.aci_node_mgmt_epg.localAciNodeMgmtOobEPG","mode":"managed","type":"aci_node_mgmt_epg","name":"localAciNodeMgmtOobEPG","provider_name":"registry.terraform.io/ciscodevnet/aci","schema_version":1,"values":{"annotation":"ORCHESTRATOR:TERRAFORM","description":"Author: Trevor Patch, Terraform Managed Node Out-of-Band Endpoint Group.","management_profile_dn":"uni/tn-mgmt/mgmtp-default","name":"TF_MGD_NODE_OOB_EPG","relation_fv_rs_cons":null,"relation_fv_rs_cons_if":null,"relation_fv_rs_cust_qos_pol":null,"relation_fv_rs_intra_epg":null,"relation_fv_rs_prot_by":null,"relation_fv_rs_prov":null,"relation_fv_rs_sec_inherited":null,"relation_mgmt_rs_in_b_st_node":null,"relation_mgmt_rs_mgmt_bd":null,"relation_mgmt_rs_oo_b_ctx":null,"relation_mgmt_rs_oo_b_prov":["uni/tn-mgmt/oobbrc-TF_MGD_NODE_OOB_CTR"],"relation_mgmt_rs_oo_b_st_node":null,"type":"out_of_band"},"sensitive_values":{"relation_mgmt_rs_oo_b_prov":[false]}},{"address":"module.fabric-node-workflow.aci_pod_maintenance_group.localACIEvenLeafmaintMaintGrp","mode":"managed","type":"aci_pod_maintenance_group","name":"localACIEvenLeafmaintMaintGrp","provider_name":"registry.terraform.io/ciscodevnet/aci","schema_version":1,"values":{"annotation":"ORCHESTRATOR:TERRAFORM","description":"Associated with Maintenance Policy EVEN_Leaf_MNTPOL.","fwtype":"switch","name":"EVEN_Leaf_MNTGRP","pod_maintenance_group_type":"range"},"sensitive_values":{}},{"address":"module.fabric-node-workflow.aci_pod_maintenance_group.localACIEvenSpinesmaintMaintGrp","mode":"managed","type":"aci_pod_maintenance_group","name":"localACIEvenSpinesmaintMaintGrp","provider_name":"registry.terraform.io/ciscodevnet/aci","schema_version":1,"values":{"annotation":"ORCHESTRATOR:TERRAFORM","description":"Associated with Maintenance Policy EVEN_SPINES_MNTPOL.","fwtype":"switch","name":"EVEN_SPINES_MNTGRP","pod_maintenance_group_type":"range"},"sensitive_values":{}},{"address":"module.fabric-node-workflow.aci_pod_maintenance_group.localACIOddLeafmaintMaintGrp","mode":"managed","type":"aci_pod_maintenance_group","name":"localACIOddLeafmaintMaintGrp","provider_name":"registry.terraform.io/ciscodevnet/aci","schema_version":1,"values":{"annotation":"ORCHESTRATOR:TERRAFORM","description":"Associated with Maintenance Policy ODD_Leaf_MNTPOL.","fwtype":"switch","name":"ODD_Leaf_MNTGRP","pod_maintenance_group_type":"range"},"sensitive_values":{}},{"address":"module.fabric-node-workflow.aci_pod_maintenance_group.localACIOddSpinesmaintMaintGrp","mode":"managed","type":"aci_pod_maintenance_group","name":"localACIOddSpinesmaintMaintGrp","provider_name":"registry.terraform.io/ciscodevnet/aci","schema_version":1,"values":{"annotation":"ORCHESTRATOR:TERRAFORM","description":"Associated with Maintenance Policy ODD_SPINES_MNTPOL.","fwtype":"switch","name":"ODD_SPINES_MNTGRP","pod_maintenance_group_type":"range"},"sensitive_values":{}},{"address":"module.fabric-node-workflow.aci_rest.localAciRestLeafSWPROFAssocSWPOLGRP[\"TEP-1101\"]","mode":"managed","type":"aci_rest","name":"localAciRestLeafSWPROFAssocSWPOLGRP","index":"TEP-1101","provider_name":"registry.terraform.io/ciscodevnet/aci","schema_version":1,"values":{"content":null,"path":"/api/node/mo/uni/infra/nprof-1101_SWPROF/leaves-1101_LFSEL-typ-range.json","payload":"{\n  \"infraLeafS\": {\n    \"attributes\": {\n      \"dn\": \"uni/infra/nprof-1101_SWPROF/leaves-1101_LFSEL-typ-range\"\n    },\n    \"children\": [\n      {\n        \"infraRsAccNodePGrp\": {\n          \"attributes\": {\n            \"tDn\": \"uni/infra/funcprof/accnodepgrp-1101_SWPOLGRP\",\n            \"status\": \"created\"\n          },\n          \"children\": []\n        }\n      }\n    ]\n  }\n}\n"},"sensitive_values":{}},{"address":"module.fabric-node-workflow.aci_rest.localAciRestLeafSWPROFAssocSWPOLGRP[\"TEP-1102\"]","mode":"managed","type":"aci_rest","name":"localAciRestLeafSWPROFAssocSWPOLGRP","index":"TEP-1102","provider_name":"registry.terraform.io/ciscodevnet/aci","schema_version":1,"values":{"content":null,"path":"/api/node/mo/uni/infra/nprof-1102_SWPROF/leaves-1102_LFSEL-typ-range.json","payload":"{\n  \"infraLeafS\": {\n    \"attributes\": {\n      \"dn\": \"uni/infra/nprof-1102_SWPROF/leaves-1102_LFSEL-typ-range\"\n    },\n    \"children\": [\n      {\n        \"infraRsAccNodePGrp\": {\n          \"attributes\": {\n            \"tDn\": \"uni/infra/funcprof/accnodepgrp-1102_SWPOLGRP\",\n            \"status\": \"created\"\n          },\n          \"children\": []\n        }\n      }\n    ]\n  }\n}\n"},"sensitive_values":{}},{"address":"module.fabric-node-workflow.aci_rest.localAciRestLeafSWPROFAssocSWPOLGRP[\"TEP-1103\"]","mode":"managed","type":"aci_rest","name":"localAciRestLeafSWPROFAssocSWPOLGRP","index":"TEP-1103","provider_name":"registry.terraform.io/ciscodevnet/aci","schema_version":1,"values":{"content":null,"path":"/api/node/mo/uni/infra/nprof-1103_SWPROF/leaves-1103_LFSEL-typ-range.json","payload":"{\n  \"infraLeafS\": {\n    \"attributes\": {\n      \"dn\": \"uni/infra/nprof-1103_SWPROF/leaves-1103_LFSEL-typ-range\"\n    },\n    \"children\": [\n      {\n        \"infraRsAccNodePGrp\": {\n          \"attributes\": {\n            \"tDn\": \"uni/infra/funcprof/accnodepgrp-1103_SWPOLGRP\",\n            \"status\": \"created\"\n          },\n          \"children\": []\n        }\n      }\n    ]\n  }\n}\n"},"sensitive_values":{}},{"address":"module.fabric-node-workflow.aci_rest.localAciRestLeafSWPROFAssocSWPOLGRP[\"TEP-1104\"]","mode":"managed","type":"aci_rest","name":"localAciRestLeafSWPROFAssocSWPOLGRP","index":"TEP-1104","provider_name":"registry.terraform.io/ciscodevnet/aci","schema_version":1,"values":{"content":null,"path":"/api/node/mo/uni/infra/nprof-1104_SWPROF/leaves-1104_LFSEL-typ-range.json","payload":"{\n  \"infraLeafS\": {\n    \"attributes\": {\n      \"dn\": \"uni/infra/nprof-1104_SWPROF/leaves-1104_LFSEL-typ-range\"\n    },\n    \"children\": [\n      {\n        \"infraRsAccNodePGrp\": {\n          \"attributes\": {\n            \"tDn\": \"uni/infra/funcprof/accnodepgrp-1104_SWPOLGRP\",\n            \"status\": \"created\"\n          },\n          \"children\": []\n        }\n      }\n    ]\n  }\n}\n"},"sensitive_values":{}},{"address":"module.fabric-node-workflow.aci_rest.localAciRestLeafSWPROFAssocSWPOLGRP[\"TEP-1105\"]","mode":"managed","type":"aci_rest","name":"localAciRestLeafSWPROFAssocSWPOLGRP","index":"TEP-1105","provider_name":"registry.terraform.io/ciscodevnet/aci","schema_version":1,"values":{"content":null,"path":"/api/node/mo/uni/infra/nprof-1105_SWPROF/leaves-1105_LFSEL-typ-range.json","payload":"{\n  \"infraLeafS\": {\n    \"attributes\": {\n      \"dn\": \"uni/infra/nprof-1105_SWPROF/leaves-1105_LFSEL-typ-range\"\n    },\n    \"children\": [\n      {\n        \"infraRsAccNodePGrp\": {\n          \"attributes\": {\n            \"tDn\": \"uni/infra/funcprof/accnodepgrp-1105_SWPOLGRP\",\n            \"status\": \"created\"\n          },\n          \"children\": []\n        }\n      }\n    ]\n  }\n}\n"},"sensitive_values":{}},{"address":"module.fabric-node-workflow.aci_rest.localAciRestLeafSWPROFAssocSWPOLGRP[\"TEP-1106\"]","mode":"managed","type":"aci_rest","name":"localAciRestLeafSWPROFAssocSWPOLGRP","index":"TEP-1106","provider_name":"registry.terraform.io/ciscodevnet/aci","schema_version":1,"values":{"content":null,"path":"/api/node/mo/uni/infra/nprof-1106_SWPROF/leaves-1106_LFSEL-typ-range.json","payload":"{\n  \"infraLeafS\": {\n    \"attributes\": {\n      \"dn\": \"uni/infra/nprof-1106_SWPROF/leaves-1106_LFSEL-typ-range\"\n    },\n    \"children\": [\n      {\n        \"infraRsAccNodePGrp\": {\n          \"attributes\": {\n            \"tDn\": \"uni/infra/funcprof/accnodepgrp-1106_SWPOLGRP\",\n            \"status\": \"created\"\n          },\n          \"children\": []\n        }\n      }\n    ]\n  }\n}\n"},"sensitive_values":{}},{"address":"module.fabric-node-workflow.aci_rest.localAciRestLeafSWPROFAssocSWPOLGRP[\"TEP-1107\"]","mode":"managed","type":"aci_rest","name":"localAciRestLeafSWPROFAssocSWPOLGRP","index":"TEP-1107","provider_name":"registry.terraform.io/ciscodevnet/aci","schema_version":1,"values":{"content":null,"path":"/api/node/mo/uni/infra/nprof-1107_SWPROF/leaves-1107_LFSEL-typ-range.json","payload":"{\n  \"infraLeafS\": {\n    \"attributes\": {\n      \"dn\": \"uni/infra/nprof-1107_SWPROF/leaves-1107_LFSEL-typ-range\"\n    },\n    \"children\": [\n      {\n        \"infraRsAccNodePGrp\": {\n          \"attributes\": {\n            \"tDn\": \"uni/infra/funcprof/accnodepgrp-1107_SWPOLGRP\",\n            \"status\": \"created\"\n          },\n          \"children\": []\n        }\n      }\n    ]\n  }\n}\n"},"sensitive_values":{}},{"address":"module.fabric-node-workflow.aci_rest.localAciRestLeafSWPROFAssocSWPOLGRP[\"TEP-1108\"]","mode":"managed","type":"aci_rest","name":"localAciRestLeafSWPROFAssocSWPOLGRP","index":"TEP-1108","provider_name":"registry.terraform.io/ciscodevnet/aci","schema_version":1,"values":{"content":null,"path":"/api/node/mo/uni/infra/nprof-1108_SWPROF/leaves-1108_LFSEL-typ-range.json","payload":"{\n  \"infraLeafS\": {\n    \"attributes\": {\n      \"dn\": \"uni/infra/nprof-1108_SWPROF/leaves-1108_LFSEL-typ-range\"\n    },\n    \"children\": [\n      {\n        \"infraRsAccNodePGrp\": {\n          \"attributes\": {\n            \"tDn\": \"uni/infra/funcprof/accnodepgrp-1108_SWPOLGRP\",\n            \"status\": \"created\"\n          },\n          \"children\": []\n        }\n      }\n    ]\n  }\n}\n"},"sensitive_values":{}},{"address":"module.fabric-node-workflow.aci_rest.localAciRestLeafSWPROFAssocSWPOLGRP[\"TEP-1109\"]","mode":"managed","type":"aci_rest","name":"localAciRestLeafSWPROFAssocSWPOLGRP","index":"TEP-1109","provider_name":"registry.terraform.io/ciscodevnet/aci","schema_version":1,"values":{"content":null,"path":"/api/node/mo/uni/infra/nprof-1109_SWPROF/leaves-1109_LFSEL-typ-range.json","payload":"{\n  \"infraLeafS\": {\n    \"attributes\": {\n      \"dn\": \"uni/infra/nprof-1109_SWPROF/leaves-1109_LFSEL-typ-range\"\n    },\n    \"children\": [\n      {\n        \"infraRsAccNodePGrp\": {\n          \"attributes\": {\n            \"tDn\": \"uni/infra/funcprof/accnodepgrp-1109_SWPOLGRP\",\n            \"status\": \"created\"\n          },\n          \"children\": []\n        }\n      }\n    ]\n  }\n}\n"},"sensitive_values":{}},{"address":"module.fabric-node-workflow.aci_rest.localAciRestLeafSWPROFAssocSWPOLGRP[\"TEP-1110\"]","mode":"managed","type":"aci_rest","name":"localAciRestLeafSWPROFAssocSWPOLGRP","index":"TEP-1110","provider_name":"registry.terraform.io/ciscodevnet/aci","schema_version":1,"values":{"content":null,"path":"/api/node/mo/uni/infra/nprof-1110_SWPROF/leaves-1110_LFSEL-typ-range.json","payload":"{\n  \"infraLeafS\": {\n    \"attributes\": {\n      \"dn\": \"uni/infra/nprof-1110_SWPROF/leaves-1110_LFSEL-typ-range\"\n    },\n    \"children\": [\n      {\n        \"infraRsAccNodePGrp\": {\n          \"attributes\": {\n            \"tDn\": \"uni/infra/funcprof/accnodepgrp-1110_SWPOLGRP\",\n            \"status\": \"created\"\n          },\n          \"children\": []\n        }\n      }\n    ]\n  }\n}\n"},"sensitive_values":{}},{"address":"module.fabric-node-workflow.aci_rest_managed.localACIEvenLeaftrigSchedP","mode":"managed","type":"aci_rest_managed","name":"localACIEvenLeaftrigSchedP","provider_name":"registry.terraform.io/ciscodevnet/aci","schema_version":0,"values":{"annotation":"orchestrator:terraform","child":[{"class_name":"trigAbsWindowP","rn":"abswinp-EVEN_LF_TRIG"}],"class_name":"trigSchedP","content":{"name":"EVEN_LF_SCHD","status":"created,modified"},"dn":"uni/fabric/schedp-EVEN_LF_SCHD"},"sensitive_values":{"child":[{"content":{}}],"content":{}}},{"address":"module.fabric-node-workflow.aci_rest_managed.localACIEvenSpinestrigSchedP","mode":"managed","type":"aci_rest_managed","name":"localACIEvenSpinestrigSchedP","provider_name":"registry.terraform.io/ciscodevnet/aci","schema_version":0,"values":{"annotation":"orchestrator:terraform","child":[{"class_name":"trigAbsWindowP","rn":"abswinp-EVEN_SPN_TRIG"}],"class_name":"trigSchedP","content":{"name":"EVEN_SPN_SCHD","status":"created,modified"},"dn":"uni/fabric/schedp-EVEN_SPN_SCHD"},"sensitive_values":{"child":[{"content":{}}],"content":{}}},{"address":"module.fabric-node-workflow.aci_rest_managed.localACIOddLeaftrigSchedP","mode":"managed","type":"aci_rest_managed","name":"localACIOddLeaftrigSchedP","provider_name":"registry.terraform.io/ciscodevnet/aci","schema_version":0,"values":{"annotation":"orchestrator:terraform","child":[{"class_name":"trigAbsWindowP","rn":"abswinp-ODD_LF_TRIG"}],"class_name":"trigSchedP","content":{"name":"ODD_LF_SCHD","status":"created,modified"},"dn":"uni/fabric/schedp-ODD_LF_SCHD"},"sensitive_values":{"child":[{"content":{}}],"content":{}}},{"address":"module.fabric-node-workflow.aci_rest_managed.localACIOddSpinestrigSchedP","mode":"managed","type":"aci_rest_managed","name":"localACIOddSpinestrigSchedP","provider_name":"registry.terraform.io/ciscodevnet/aci","schema_version":0,"values":{"annotation":"orchestrator:terraform","child":[{"class_name":"trigAbsWindowP","rn":"abswinp-ODD_SPN_TRIG"}],"class_name":"trigSchedP","content":{"name":"ODD_SPN_SCHD","status":"created,modified"},"dn":"uni/fabric/schedp-ODD_SPN_SCHD"},"sensitive_values":{"child":[{"content":{}}],"content":{}}},{"address":"module.fabric-node-workflow.aci_rest_managed.localAciNodeMgmtOobCtr","mode":"managed","type":"aci_rest_managed","name":"localAciNodeMgmtOobCtr","provider_name":"registry.terraform.io/ciscodevnet/aci","schema_version":0,"values":{"annotation":"orchestrator:terraform","child":[],"class_name":"vzOOBBrCP","content":{"descr":"Author: Trevor Patch, Terraform Managed Node Out-of-Band Interface Contract.","intent":"install","name":"TF_MGD_NODE_OOB_CTR","prio":"unspecified","scope":"context","targetDscp":"unspecified"},"dn":"uni/tn-mgmt/oobbrc-TF_MGD_NODE_OOB_CTR"},"sensitive_values":{"child":[],"content":{}}},{"address":"module.fabric-node-workflow.aci_static_node_mgmt_address.localAciStaticNodeMgmtAddrIteration[\"TEP-1101\"]","mode":"managed","type":"aci_static_node_mgmt_address","name":"localAciStaticNodeMgmtAddrIteration","index":"TEP-1101","provider_name":"registry.terraform.io/ciscodevnet/aci","schema_version":1,"values":{"addr":"10.10.10.101/24","annotation":"ORCHESTRATOR:TERRAFORM","description":"CHG123","gw":"10.10.10.1","t_dn":"topology/pod-1/node-1101","type":"out_of_band"},"sensitive_values":{}},{"address":"module.fabric-node-workflow.aci_static_node_mgmt_address.localAciStaticNodeMgmtAddrIteration[\"TEP-1102\"]","mode":"managed","type":"aci_static_node_mgmt_address","name":"localAciStaticNodeMgmtAddrIteration","index":"TEP-1102","provider_name":"registry.terraform.io/ciscodevnet/aci","schema_version":1,"values":{"addr":"10.10.10.102/24","annotation":"ORCHESTRATOR:TERRAFORM","description":"CHG456","gw":"10.10.10.1","t_dn":"topology/pod-1/node-1102","type":"out_of_band"},"sensitive_values":{}},{"address":"module.fabric-node-workflow.aci_static_node_mgmt_address.localAciStaticNodeMgmtAddrIteration[\"TEP-1103\"]","mode":"managed","type":"aci_static_node_mgmt_address","name":"localAciStaticNodeMgmtAddrIteration","index":"TEP-1103","provider_name":"registry.terraform.io/ciscodevnet/aci","schema_version":1,"values":{"addr":"10.10.10.103/24","annotation":"ORCHESTRATOR:TERRAFORM","description":"CHG123","gw":"10.10.10.1","t_dn":"topology/pod-1/node-1103","type":"out_of_band"},"sensitive_values":{}},{"address":"module.fabric-node-workflow.aci_static_node_mgmt_address.localAciStaticNodeMgmtAddrIteration[\"TEP-1104\"]","mode":"managed","type":"aci_static_node_mgmt_address","name":"localAciStaticNodeMgmtAddrIteration","index":"TEP-1104","provider_name":"registry.terraform.io/ciscodevnet/aci","schema_version":1,"values":{"addr":"10.10.10.104/24","annotation":"ORCHESTRATOR:TERRAFORM","description":"CHG456","gw":"10.10.10.1","t_dn":"topology/pod-1/node-1104","type":"out_of_band"},"sensitive_values":{}},{"address":"module.fabric-node-workflow.aci_static_node_mgmt_address.localAciStaticNodeMgmtAddrIteration[\"TEP-1105\"]","mode":"managed","type":"aci_static_node_mgmt_address","name":"localAciStaticNodeMgmtAddrIteration","index":"TEP-1105","provider_name":"registry.terraform.io/ciscodevnet/aci","schema_version":1,"values":{"addr":"10.10.10.105/24","annotation":"ORCHESTRATOR:TERRAFORM","description":"CHG123","gw":"10.10.10.1","t_dn":"topology/pod-1/node-1105","type":"out_of_band"},"sensitive_values":{}},{"address":"module.fabric-node-workflow.aci_static_node_mgmt_address.localAciStaticNodeMgmtAddrIteration[\"TEP-1106\"]","mode":"managed","type":"aci_static_node_mgmt_address","name":"localAciStaticNodeMgmtAddrIteration","index":"TEP-1106","provider_name":"registry.terraform.io/ciscodevnet/aci","schema_version":1,"values":{"addr":"10.10.10.106/24","annotation":"ORCHESTRATOR:TERRAFORM","description":"CHG456","gw":"10.10.10.1","t_dn":"topology/pod-1/node-1106","type":"out_of_band"},"sensitive_values":{}},{"address":"module.fabric-node-workflow.aci_static_node_mgmt_address.localAciStaticNodeMgmtAddrIteration[\"TEP-1107\"]","mode":"managed","type":"aci_static_node_mgmt_address","name":"localAciStaticNodeMgmtAddrIteration","index":"TEP-1107","provider_name":"registry.terraform.io/ciscodevnet/aci","schema_version":1,"values":{"addr":"10.10.10.107/24","annotation":"ORCHESTRATOR:TERRAFORM","description":"CHG123","gw":"10.10.10.1","t_dn":"topology/pod-1/node-1107","type":"out_of_band"},"sensitive_values":{}},{"address":"module.fabric-node-workflow.aci_static_node_mgmt_address.localAciStaticNodeMgmtAddrIteration[\"TEP-1108\"]","mode":"managed","type":"aci_static_node_mgmt_address","name":"localAciStaticNodeMgmtAddrIteration","index":"TEP-1108","provider_name":"registry.terraform.io/ciscodevnet/aci","schema_version":1,"values":{"addr":"10.10.10.108/24","annotation":"ORCHESTRATOR:TERRAFORM","description":"CHG456","gw":"10.10.10.1","t_dn":"topology/pod-1/node-1108","type":"out_of_band"},"sensitive_values":{}},{"address":"module.fabric-node-workflow.aci_static_node_mgmt_address.localAciStaticNodeMgmtAddrIteration[\"TEP-1109\"]","mode":"managed","type":"aci_static_node_mgmt_address","name":"localAciStaticNodeMgmtAddrIteration","index":"TEP-1109","provider_name":"registry.terraform.io/ciscodevnet/aci","schema_version":1,"values":{"addr":"10.10.10.109/24","annotation":"ORCHESTRATOR:TERRAFORM","description":"CHG123","gw":"10.10.10.1","t_dn":"topology/pod-1/node-1109","type":"out_of_band"},"sensitive_values":{}},{"address":"module.fabric-node-workflow.aci_static_node_mgmt_address.localAciStaticNodeMgmtAddrIteration[\"TEP-1110\"]","mode":"managed","type":"aci_static_node_mgmt_address","name":"localAciStaticNodeMgmtAddrIteration","index":"TEP-1110","provider_name":"registry.terraform.io/ciscodevnet/aci","schema_version":1,"values":{"addr":"10.10.10.110/24","annotation":"ORCHESTRATOR:TERRAFORM","description":"CHG456","gw":"10.10.10.1","t_dn":"topology/pod-1/node-1110","type":"out_of_band"},"sensitive_values":{}},{"address":"module.fabric-node-workflow.aci_vpc_domain_policy.localAciVpcDomainPolicyIteration[\"1101-1102\"]","mode":"managed","type":"aci_vpc_domain_policy","name":"localAciVpcDomainPolicyIteration","index":"1101-1102","provider_name":"registry.terraform.io/ciscodevnet/aci","schema_version":1,"values":{"annotation":"ORCHESTRATOR:TERRAFORM","dead_intvl":"200","name":"1101-1102_VDP"},"sensitive_values":{}},{"address":"module.fabric-node-workflow.aci_vpc_domain_policy.localAciVpcDomainPolicyIteration[\"1103-1104\"]","mode":"managed","type":"aci_vpc_domain_policy","name":"localAciVpcDomainPolicyIteration","index":"1103-1104","provider_name":"registry.terraform.io/ciscodevnet/aci","schema_version":1,"values":{"annotation":"ORCHESTRATOR:TERRAFORM","dead_intvl":"200","name":"1103-1104_VDP"},"sensitive_values":{}},{"address":"module.fabric-node-workflow.aci_vpc_domain_policy.localAciVpcDomainPolicyIteration[\"1105-1106\"]","mode":"managed","type":"aci_vpc_domain_policy","name":"localAciVpcDomainPolicyIteration","index":"1105-1106","provider_name":"registry.terraform.io/ciscodevnet/aci","schema_version":1,"values":{"annotation":"ORCHESTRATOR:TERRAFORM","dead_intvl":"200","name":"1105-1106_VDP"},"sensitive_values":{}},{"address":"module.fabric-node-workflow.aci_vpc_domain_policy.localAciVpcDomainPolicyIteration[\"1107-1108\"]","mode":"managed","type":"aci_vpc_domain_policy","name":"localAciVpcDomainPolicyIteration","index":"1107-1108","provider_name":"registry.terraform.io/ciscodevnet/aci","schema_version":1,"values":{"annotation":"ORCHESTRATOR:TERRAFORM","dead_intvl":"200","name":"1107-1108_VDP"},"sensitive_values":{}},{"address":"module.fabric-node-workflow.aci_vpc_domain_policy.localAciVpcDomainPolicyIteration[\"1109-1110\"]","mode":"managed","type":"aci_vpc_domain_policy","name":"localAciVpcDomainPolicyIteration","index":"1109-1110","provider_name":"registry.terraform.io/ciscodevnet/aci","schema_version":1,"values":{"annotation":"ORCHESTRATOR:TERRAFORM","dead_intvl":"200","name":"1109-1110_VDP"},"sensitive_values":{}},{"address":"module.fabric-node-workflow.aci_vpc_explicit_protection_group.localAciVpcExplictProtectionGroupIteration[\"1101-1102\"]","mode":"managed","type":"aci_vpc_explicit_protection_group","name":"localAciVpcExplictProtectionGroupIteration","index":"1101-1102","provider_name":"registry.terraform.io/ciscodevnet/aci","schema_version":1,"values":{"annotation":"ORCHESTRATOR:TERRAFORM","name":"1101-1102_VEPG","switch1":"1101","switch2":"1102","vpc_domain_policy":"1101-1102_VDP","vpc_explicit_protection_group_id":"1"},"sensitive_values":{}},{"address":"module.fabric-node-workflow.aci_vpc_explicit_protection_group.localAciVpcExplictProtectionGroupIteration[\"1103-1104\"]","mode":"managed","type":"aci_vpc_explicit_protection_group","name":"localAciVpcExplictProtectionGroupIteration","index":"1103-1104","provider_name":"registry.terraform.io/ciscodevnet/aci","schema_version":1,"values":{"annotation":"ORCHESTRATOR:TERRAFORM","name":"1103-1104_VEPG","switch1":"1103","switch2":"1104","vpc_domain_policy":"1103-1104_VDP","vpc_explicit_protection_group_id":"2"},"sensitive_values":{}},{"address":"module.fabric-node-workflow.aci_vpc_explicit_protection_group.localAciVpcExplictProtectionGroupIteration[\"1105-1106\"]","mode":"managed","type":"aci_vpc_explicit_protection_group","name":"localAciVpcExplictProtectionGroupIteration","index":"1105-1106","provider_name":"registry.terraform.io/ciscodevnet/aci","schema_version":1,"values":{"annotation":"ORCHESTRATOR:TERRAFORM","name":"1105-1106_VEPG","switch1":"1105","switch2":"1106","vpc_domain_policy":"1105-1106_VDP","vpc_explicit_protection_group_id":"3"},"sensitive_values":{}},{"address":"module.fabric-node-workflow.aci_vpc_explicit_protection_group.localAciVpcExplictProtectionGroupIteration[\"1107-1108\"]","mode":"managed","type":"aci_vpc_explicit_protection_group","name":"localAciVpcExplictProtectionGroupIteration","index":"1107-1108","provider_name":"registry.terraform.io/ciscodevnet/aci","schema_version":1,"values":{"annotation":"ORCHESTRATOR:TERRAFORM","name":"1107-1108_VEPG","switch1":"1107","switch2":"1108","vpc_domain_policy":"1107-1108_VDP","vpc_explicit_protection_group_id":"4"},"sensitive_values":{}},{"address":"module.fabric-node-workflow.aci_vpc_explicit_protection_group.localAciVpcExplictProtectionGroupIteration[\"1109-1110\"]","mode":"managed","type":"aci_vpc_explicit_protection_group","name":"localAciVpcExplictProtectionGroupIteration","index":"1109-1110","provider_name":"registry.terraform.io/ciscodevnet/aci","schema_version":1,"values":{"annotation":"ORCHESTRATOR:TERRAFORM","name":"1109-1110_VEPG","switch1":"1109","switch2":"1110","vpc_domain_policy":"1109-1110_VDP","vpc_explicit_protection_group_id":"5"},"sensitive_values":{}},{"address":"module.fabric-node-workflow.null_resource.localAciEvenLeafNodeStageFirmware[\"TEP-1102\"]","mode":"managed","type":"null_resource","name":"localAciEvenLeafNodeStageFirmware","index":"TEP-1102","provider_name":"registry.terraform.io/hashicorp/null","schema_version":0,"values":{"triggers":null},"sensitive_values":{}},{"address":"module.fabric-node-workflow.null_resource.localAciEvenLeafNodeStageFirmware[\"TEP-1104\"]","mode":"managed","type":"null_resource","name":"localAciEvenLeafNodeStageFirmware","index":"TEP-1104","provider_name":"registry.terraform.io/hashicorp/null","schema_version":0,"values":{"triggers":null},"sensitive_values":{}},{"address":"module.fabric-node-workflow.null_resource.localAciEvenLeafNodeStageFirmware[\"TEP-1106\"]","mode":"managed","type":"null_resource","name":"localAciEvenLeafNodeStageFirmware","index":"TEP-1106","provider_name":"registry.terraform.io/hashicorp/null","schema_version":0,"values":{"triggers":null},"sensitive_values":{}},{"address":"module.fabric-node-workflow.null_resource.localAciEvenLeafNodeStageFirmware[\"TEP-1108\"]","mode":"managed","type":"null_resource","name":"localAciEvenLeafNodeStageFirmware","index":"TEP-1108","provider_name":"registry.terraform.io/hashicorp/null","schema_version":0,"values":{"triggers":null},"sensitive_values":{}},{"address":"module.fabric-node-workflow.null_resource.localAciEvenLeafNodeStageFirmware[\"TEP-1110\"]","mode":"managed","type":"null_resource","name":"localAciEvenLeafNodeStageFirmware","index":"TEP-1110","provider_name":"registry.terraform.io/hashicorp/null","schema_version":0,"values":{"triggers":null},"sensitive_values":{}},{"address":"module.fabric-node-workflow.null_resource.localAciOddLeafNodeStageFirmware[\"TEP-1101\"]","mode":"managed","type":"null_resource","name":"localAciOddLeafNodeStageFirmware","index":"TEP-1101","provider_name":"registry.terraform.io/hashicorp/null","schema_version":0,"values":{"triggers":null},"sensitive_values":{}},{"address":"module.fabric-node-workflow.null_resource.localAciOddLeafNodeStageFirmware[\"TEP-1103\"]","mode":"managed","type":"null_resource","name":"localAciOddLeafNodeStageFirmware","index":"TEP-1103","provider_name":"registry.terraform.io/hashicorp/null","schema_version":0,"values":{"triggers":null},"sensitive_values":{}},{"address":"module.fabric-node-workflow.null_resource.localAciOddLeafNodeStageFirmware[\"TEP-1105\"]","mode":"managed","type":"null_resource","name":"localAciOddLeafNodeStageFirmware","index":"TEP-1105","provider_name":"registry.terraform.io/hashicorp/null","schema_version":0,"values":{"triggers":null},"sensitive_values":{}},{"address":"module.fabric-node-workflow.null_resource.localAciOddLeafNodeStageFirmware[\"TEP-1107\"]","mode":"managed","type":"null_resource","name":"localAciOddLeafNodeStageFirmware","index":"TEP-1107","provider_name":"registry.terraform.io/hashicorp/null","schema_version":0,"values":{"triggers":null},"sensitive_values":{}},{"address":"module.fabric-node-workflow.null_resource.localAciOddLeafNodeStageFirmware[\"TEP-1109\"]","mode":"managed","type":"null_resource","name":"localAciOddLeafNodeStageFirmware","index":"TEP-1109","provider_name":"registry.terraform.io/hashicorp/null","schema_version":0,"values":{"triggers":null},"sensitive_values":{}}],"address":"module.fabric-node-workflow"}]}},"resource_changes":[{"address":"module.fabric-interface-blacklist-workflow.aci_interface_blacklist.localAciFabricFexInterfaceBlacklist[\"101.111.eth1/20\"]","module_address":"module.fabric-interface-blacklist-workflow","mode":"managed","type":"aci_interface_blacklist","name":"localAciFabricFexInterfaceBlacklist","index":"101.111.eth1/20","provider_name":"registry.terraform.io/ciscodevnet/aci","change":{"actions":["create"],"before":null,"after":{"annotation":"ORCHESTRATOR:TERRAFORM","fex_id":111,"interface":"eth1/20","node_id":101,"pod_id":1},"after_unknown":{"description":true,"id":true},"before_sensitive":false,"after_sensitive":{}}},{"address":"module.fabric-interface-blacklist-workflow.aci_interface_blacklist.localAciFabricFexInterfaceBlacklist[\"101.111.eth1/21\"]","module_address":"module.fabric-interface-blacklist-workflow","mode":"managed","type":"aci_interface_blacklist","name":"localAciFabricFexInterfaceBlacklist","index":"101.111.eth1/21","provider_name":"registry.terraform.io/ciscodevnet/aci","change":{"actions":["create"],"before":null,"after":{"annotation":"ORCHESTRATOR:TERRAFORM","fex_id":111,"interface":"eth1/21","node_id":101,"pod_id":1},"after_unknown":{"description":true,"id":true},"before_sensitive":false,"after_sensitive":{}}},{"address":"module.fabric-interface-blacklist-workflow.aci_interface_blacklist.localAciFabricFexInterfaceBlacklist[\"102.112.eth1/20\"]","module_address":"module.fabric-interface-blacklist-workflow","mode":"managed","type":"aci_interface_blacklist","name":"localAciFabricFexInterfaceBlacklist","index":"102.112.eth1/20","provider_name":"registry.terraform.io/ciscodevnet/aci","change":{"actions":["create"],"before":null,"after":{"annotation":"ORCHESTRATOR:TERRAFORM","fex_id":112,"interface":"eth1/20","node_id":102,"pod_id":1},"after_unknown":{"description":true,"id":true},"before_sensitive":false,"after_sensitive":{}}},{"address":"module.fabric-interface-blacklist-workflow.aci_interface_blacklist.localAciFabricFexInterfaceBlacklist[\"102.112.eth1/21\"]","module_address":"module.fabric-interface-blacklist-workflow","mode":"managed","type":"aci_interface_blacklist","name":"localAciFabricFexInterfaceBlacklist","index":"102.112.eth1/21","provider_name":"registry.terraform.io/ciscodevnet/aci","change":{"actions":["create"],"before":null,"after":{"annotation":"ORCHESTRATOR:TERRAFORM","fex_id":112,"interface":"eth1/21","node_id":102,"pod_id":1},"after_unknown":{"description":true,"id":true},"before_sensitive":false,"after_sensitive":{}}},{"address":"module.fabric-interface-blacklist-workflow.aci_interface_blacklist.localAciFabricInterfaceBlacklist[\"101.0.eth1/10\"]","module_address":"module.fabric-interface-blacklist-workflow","mode":"managed","type":"aci_interface_blacklist","name":"localAciFabricInterfaceBlacklist","index":"101.0.eth1/10","provider_name":"registry.terraform.io/ciscodevnet/aci","change":{"actions":["create"],"before":null,"after":{"annotation":"ORCHESTRATOR:TERRAFORM","fex_id":null,"interface":"eth1/10","node_id":101,"pod_id":1},"after_unknown":{"description":true,"id":true},"before_sensitive":false,"after_sensitive":{}}},{"address":"module.fabric-interface-blacklist-workflow.aci_interface_blacklist.localAciFabricInterfaceBlacklist[\"101.0.eth1/11\"]","module_address":"module.fabric-interface-blacklist-workflow","mode":"managed","type":"aci_interface_blacklist","name":"localAciFabricInterfaceBlacklist","index":"101.0.eth1/11","provider_name":"registry.terraform.io/ciscodevnet/aci","change":{"actions":["create"],"before":null,"after":{"annotation":"ORCHESTRATOR:TERRAFORM","fex_id":null,"interface":"eth1/11","node_id":101,"pod_id":1},"after_unknown":{"description":true,"id":true},"before_sensitive":false,"after_sensitive":{}}},{"address":"module.fabric-interface-blacklist-workflow.aci_interface_blacklist.localAciFabricInterfaceBlacklist[\"102.0.eth1/10\"]","module_address":"module.fabric-interface-blacklist-workflow","mode":"managed","type":"aci_interface_blacklist","name":"localAciFabricInterfaceBlacklist","index":"102.0.eth1/10","provider_name":"registry.terraform.io/ciscodevnet/aci","change":{"actions":["create"],"before":null,"after":{"annotation":"ORCHESTRATOR:TERRAFORM","fex_id":null,"interface":"eth1/10","node_id":102,"pod_id":1},"after_unknown":{"description":true,"id":true},"before_sensitive":false,"after_sensitive":{}}},{"address":"module.fabric-interface-blacklist-workflow.aci_interface_blacklist.localAciFabricInterfaceBlacklist[\"102.0.eth1/11\"]","module_address":"module.fabric-interface-blacklist-workflow","mode":"managed","type":"aci_interface_blacklist","name":"localAciFabricInterfaceBlacklist","index":"102.0.eth1/11","provider_name":"registry.terraform.io/ciscodevnet/aci","change":{"actions":["create"],"before":null,"after":{"annotation":"ORCHESTRATOR:TERRAFORM","fex_id":null,"interface":"eth1/11","node_id":102,"pod_id":1},"after_unknown":{"description":true,"id":true},"before_sensitive":false,"after_sensitive":{}}},{"address":"module.fabric-node-workflow.aci_access_switch_policy_group.localAciFabricAccessLeafSwitchPolicyGroupIteration[\"TEP-1101\"]","module_address":"module.fabric-node-workflow","mode":"managed","type":"aci_access_switch_policy_group","name":"localAciFabricAccessLeafSwitchPolicyGroupIteration","index":"TEP-1101","provider_name":"registry.terraform.io/ciscodevnet/aci","change":{"actions":["create"],"before":null,"after":{"annotation":"ORCHESTRATOR:TERRAFORM","description":"CHG123","name":"1101_SWPOLGRP","relation_infra_rs_bfd_ipv4_inst_pol":"uni/infra/bfdIpv4Inst-default","relation_infra_rs_bfd_ipv6_inst_pol":"uni/infra/bfdIpv6Inst-default","relation_infra_rs_bfd_mh_ipv4_inst_pol":"uni/infra/bfdMhIpv4Inst-default","relation_infra_rs_bfd_mh_ipv6_inst_pol":"uni/infra/bfdMhIpv6Inst-default","relation_infra_rs_equipment_flash_config_pol":"uni/infra/flashconfigpol-default","relation_infra_rs_fc_fabric_pol":"uni/infra/fcfabricpol-default","relation_infra_rs_fc_inst_pol":"uni/infra/fcinstpol-default","relation_infra_rs_iacl_leaf_profile":"uni/infra/iaclleafp-default","relation_infra_rs_l2_node_auth_pol":"uni/infra/nodeauthpol-default","relation_infra_rs_leaf_copp_profile":"uni/infra/coppleafp-default","relation_infra_rs_leaf_p_grp_to_cdp_if_pol":"uni/infra/cdpIfP-default","relation_infra_rs_leaf_p_grp_to_lldp_if_pol":"uni/infra/lldpIfP-default","relation_infra_rs_mon_node_infra_pol":"uni/infra/moninfra-default","relation_infra_rs_mst_inst_pol":"uni/infra/mstpInstPol-default","relation_infra_rs_netflow_node_pol":null,"relation_infra_rs_poe_inst_pol":"uni/infra/poeInstP-default","relation_infra_rs_topoctrl_fast_link_failover_inst_pol":"uni/infra/fastlinkfailoverinstpol-default","relation_infra_rs_topoctrl_fwd_scale_prof_pol":"uni/infra/fwdscalepol-default"},"after_unknown":{"id":true,"name_alias":true},"before_sensitive":false,"after_sensitive":{}}},{"address":"module.fabric-node-workflow.aci_access_switch_policy_group.localAciFabricAccessLeafSwitchPolicyGroupIteration[\"TEP-1102\"]","module_address":"module.fabric-node-workflow","mode":"managed","type":"aci_access_switch_policy_group","name":"localAciFabricAccessLeafSwitchPolicyGroupIteration","index":"TEP-1102","provider_name":"registry.terraform.io/ciscodevnet/aci","change":{"actions":["create"],"before":null,"after":{"annotation":"ORCHESTRATOR:TERRAFORM","description":"CHG456","name":"1102_SWPOLGRP","relation_infra_rs_bfd_ipv4_inst_pol":"uni/infra/bfdIpv4Inst-default","relation_infra_rs_bfd_ipv6_inst_pol":"uni/infra/bfdIpv6Inst-default","relation_infra_rs_bfd_mh_ipv4_inst_pol":"uni/infra/bfdMhIpv4Inst-default","relation_infra_rs_bfd_mh_ipv6_inst_pol":"uni/infra/bfdMhIpv6Inst-default","relation_infra_rs_equipment_flash_config_pol":"uni/infra/flashconfigpol-default","relation_infra_rs_fc_fabric_pol":"uni/infra/fcfabricpol-default","relation_infra_rs_fc_inst_pol":"uni/infra/fcinstpol-default","relation_infra_rs_iacl_leaf_profile":"uni/infra/iaclleafp-default","relation_infra_rs_l2_node_auth_pol":"uni/infra/nodeauthpol-default","relation_infra_rs_leaf_copp_profile":"uni/infra/coppleafp-default","relation_infra_rs_leaf_p_grp_to_cdp_if_pol":"uni/infra/cdpIfP-default","relation_infra_rs_leaf_p_grp_to_lldp_if_pol":"uni/infra/lldpIfP-default","relation_infra_rs_mon_node_infra_pol":"uni/infra/moninfra-default","relation_infra_rs_mst_inst_pol":"uni/infra/mstpInstPol-default","relation_infra_rs_netflow_node_pol":null,"relation_infra_rs_poe_inst_pol":"uni/infra/poeInstP-default","relation_infra_rs_topoctrl_fast_link_failover_inst_pol":"uni/infra/fastlinkfailoverinstpol-default","relation_infra_rs_topoctrl_fwd_scale_prof_pol":"uni/infra/fwdscalepol-default"},"after_unknown":{"id":true,"name_alias":true},"before_sensitive":false,"after_sensitive":{}}},{"address":"module.fabric-node-workflow.aci_access_switch_policy_group.localAciFabricAccessLeafSwitchPolicyGroupIteration[\"TEP-1103\"]","module_address":"module.fabric-node-workflow","mode":"managed","type":"aci_access_switch_policy_group","name":"localAciFabricAccessLeafSwitchPolicyGroupIteration","index":"TEP-1103","provider_name":"registry.terraform.io/ciscodevnet/aci","change":{"actions":["create"],"before":null,"after":{"annotation":"ORCHESTRATOR:TERRAFORM","description":"CHG123","name":"1103_SWPOLGRP","relation_infra_rs_bfd_ipv4_inst_pol":"uni/infra/bfdIpv4Inst-default","relation_infra_rs_bfd_ipv6_inst_pol":"uni/infra/bfdIpv6Inst-default","relation_infra_rs_bfd_mh_ipv4_inst_pol":"uni/infra/bfdMhIpv4Inst-default","relation_infra_rs_bfd_mh_ipv6_inst_pol":"uni/infra/bfdMhIpv6Inst-default","relation_infra_rs_equipment_flash_config_pol":"uni/infra/flashconfigpol-default","relation_infra_rs_fc_fabric_pol":"uni/infra/fcfabricpol-default","relation_infra_rs_fc_inst_pol":"uni/infra/fcinstpol-default","relation_infra_rs_iacl_leaf_profile":"uni/infra/iaclleafp-default","relation_infra_rs_l2_node_auth_pol":"uni/infra/nodeauthpol-default","relation_infra_rs_leaf_copp_profile":"uni/infra/coppleafp-default","relation_infra_rs_leaf_p_grp_to_cdp_if_pol":"uni/infra/cdpIfP-default","relation_infra_rs_leaf_p_grp_to_lldp_if_pol":"uni/infra/lldpIfP-default","relation_infra_rs_mon_node_infra_pol":"uni/infra/moninfra-default","relation_infra_rs_mst_inst_pol":"uni/infra/mstpInstPol-default","relation_infra_rs_netflow_node_pol":null,"relation_infra_rs_poe_inst_pol":"uni/infra/poeInstP-default","relation_infra_rs_topoctrl_fast_link_failover_inst_pol":"uni/infra/fastlinkfailoverinstpol-default","relation_infra_rs_topoctrl_fwd_scale_prof_pol":"uni/infra/fwdscalepol-default"},"after_unknown":{"id":true,"name_alias":true},"before_sensitive":false,"after_sensitive":{}}},{"address":"module.fabric-node-workflow.aci_access_switch_policy_group.localAciFabricAccessLeafSwitchPolicyGroupIteration[\"TEP-1104\"]","module_address":"module.fabric-node-workflow","mode":"managed","type":"aci_access_switch_policy_group","name":"localAciFabricAccessLeafSwitchPolicyGroupIteration","index":"TEP-1104","provider_name":"registry.terraform.io/ciscodevnet/aci","change":{"actions":["create"],"before":null,"after":{"annotation":"ORCHESTRATOR:TERRAFORM","description":"CHG456","name":"1104_SWPOLGRP","relation_infra_rs_bfd_ipv4_inst_pol":"uni/infra/bfdIpv4Inst-default","relation_infra_rs_bfd_ipv6_inst_pol":"uni/infra/bfdIpv6Inst-default","relation_infra_rs_bfd_mh_ipv4_inst_pol":"uni/infra/bfdMhIpv4Inst-default","relation_infra_rs_bfd_mh_ipv6_inst_pol":"uni/infra/bfdMhIpv6Inst-default","relation_infra_rs_equipment_flash_config_pol":"uni/infra/flashconfigpol-default","relation_infra_rs_fc_fabric_pol":"uni/infra/fcfabricpol-default","relation_infra_rs_fc_inst_pol":"uni/infra/fcinstpol-default","relation_infra_rs_iacl_leaf_profile":"uni/infra/iaclleafp-default","relation_infra_rs_l2_node_auth_pol":"uni/infra/nodeauthpol-default","relation_infra_rs_leaf_copp_profile":"uni/infra/coppleafp-default","relation_infra_rs_leaf_p_grp_to_cdp_if_pol":"uni/infra/cdpIfP-default","relation_infra_rs_leaf_p_grp_to_lldp_if_pol":"uni/infra/lldpIfP-default","relation_infra_rs_mon_node_infra_pol":"uni/infra/moninfra-default","relation_infra_rs_mst_inst_pol":"uni/infra/mstpInstPol-default","relation_infra_rs_netflow_node_pol":null,"relation_infra_rs_poe_inst_pol":"uni/infra/poeInstP-default","relation_infra_rs_topoctrl_fast_link_failover_inst_pol":"uni/infra/fastlinkfailoverinstpol-default","relation_infra_rs_topoctrl_fwd_scale_prof_pol":"uni/infra/fwdscalepol-default"},"after_unknown":{"id":true,"name_alias":true},"before_sensitive":false,"after_sensitive":{}}},{"address":"module.fabric-node-workflow.aci_access_switch_policy_group.localAciFabricAccessLeafSwitchPolicyGroupIteration[\"TEP-1105\"]","module_address":"module.fabric-node-workflow","mode":"managed","type":"aci_access_switch_policy_group","name":"localAciFabricAccessLeafSwitchPolicyGroupIteration","index":"TEP-1105","provider_name":"registry.terraform.io/ciscodevnet/aci","change":{"actions":["create"],"before":null,"after":{"annotation":"ORCHESTRATOR:TERRAFORM","description":"CHG123","name":"1105_SWPOLGRP","relation_infra_rs_bfd_ipv4_inst_pol":"uni/infra/bfdIpv4Inst-default","relation_infra_rs_bfd_ipv6_inst_pol":"uni/infra/bfdIpv6Inst-default","relation_infra_rs_bfd_mh_ipv4_inst_pol":"uni/infra/bfdMhIpv4Inst-default","relation_infra_rs_bfd_mh_ipv6_inst_pol":"uni/infra/bfdMhIpv6Inst-default","relation_infra_rs_equipment_flash_config_pol":"uni/infra/flashconfigpol-default","relation_infra_rs_fc_fabric_pol":"uni/infra/fcfabricpol-default","relation_infra_rs_fc_inst_pol":"uni/infra/fcinstpol-default","relation_infra_rs_iacl_leaf_profile":"uni/infra/iaclleafp-default","relation_infra_rs_l2_node_auth_pol":"uni/infra/nodeauthpol-default","relation_infra_rs_leaf_copp_profile":"uni/infra/coppleafp-default","relation_infra_rs_leaf_p_grp_to_cdp_if_pol":"uni/infra/cdpIfP-default","relation_infra_rs_leaf_p_grp_to_lldp_if_pol":"uni/infra/lldpIfP-default","relation_infra_rs_mon_node_infra_pol":"uni/infra/moninfra-default","relation_infra_rs_mst_inst_pol":"uni/infra/mstpInstPol-default","relation_infra_rs_netflow_node_pol":null,"relation_infra_rs_poe_inst_pol":"uni/infra/poeInstP-default","relation_infra_rs_topoctrl_fast_link_failover_inst_pol":"uni/infra/fastlinkfailoverinstpol-default","relation_infra_rs_topoctrl_fwd_scale_prof_pol":"uni/infra/fwdscalepol-default"},"after_unknown":{"id":true,"name_alias":true},"before_sensitive":false,"after_sensitive":{}}},{"address":"module.fabric-node-workflow.aci_access_switch_policy_group.localAciFabricAccessLeafSwitchPolicyGroupIteration[\"TEP-1106\"]","module_address":"module.fabric-node-workflow","mode":"managed","type":"aci_access_switch_policy_group","name":"localAciFabricAccessLeafSwitchPolicyGroupIteration","index":"TEP-1106","provider_name":"registry.terraform.io/ciscodevnet/aci","change":{"actions":["create"],"before":null,"after":{"annotation":"ORCHESTRATOR:TERRAFORM","description":"CHG456","name":"1106_SWPOLGRP","relation_infra_rs_bfd_ipv4_inst_pol":"uni/infra/bfdIpv4Inst-default","relation_infra_rs_bfd_ipv6_inst_pol":"uni/infra/bfdIpv6Inst-default","relation_infra_rs_bfd_mh_ipv4_inst_pol":"uni/infra/bfdMhIpv4Inst-default","relation_infra_rs_bfd_mh_ipv6_inst_pol":"uni/infra/bfdMhIpv6Inst-default","relation_infra_rs_equipment_flash_config_pol":"uni/infra/flashconfigpol-default","relation_infra_rs_fc_fabric_pol":"uni/infra/fcfabricpol-default","relation_infra_rs_fc_inst_pol":"uni/infra/fcinstpol-default","relation_infra_rs_iacl_leaf_profile":"uni/infra/iaclleafp-default","relation_infra_rs_l2_node_auth_pol":"uni/infra/nodeauthpol-default","relation_infra_rs_leaf_copp_profile":"uni/infra/coppleafp-default","relation_infra_rs_leaf_p_grp_to_cdp_if_pol":"uni/infra/cdpIfP-default","relation_infra_rs_leaf_p_grp_to_lldp_if_pol":"uni/infra/lldpIfP-default","relation_infra_rs_mon_node_infra_pol":"uni/infra/moninfra-default","relation_infra_rs_mst_inst_pol":"uni/infra/mstpInstPol-default","relation_infra_rs_netflow_node_pol":null,"relation_infra_rs_poe_inst_pol":"uni/infra/poeInstP-default","relation_infra_rs_topoctrl_fast_link_failover_inst_pol":"uni/infra/fastlinkfailoverinstpol-default","relation_infra_rs_topoctrl_fwd_scale_prof_pol":"uni/infra/fwdscalepol-default"},"after_unknown":{"id":true,"name_alias":true},"before_sensitive":false,"after_sensitive":{}}},{"address":"module.fabric-node-workflow.aci_access_switch_policy_group.localAciFabricAccessLeafSwitchPolicyGroupIteration[\"TEP-1107\"]","module_address":"module.fabric-node-workflow","mode":"managed","type":"aci_access_switch_policy_group","name":"localAciFabricAccessLeafSwitchPolicyGroupIteration","index":"TEP-1107","provider_name":"registry.terraform.io/ciscodevnet/aci","change":{"actions":["create"],"before":null,"after":{"annotation":"ORCHESTRATOR:TERRAFORM","description":"CHG123","name":"1107_SWPOLGRP","relation_infra_rs_bfd_ipv4_inst_pol":"uni/infra/bfdIpv4Inst-default","relation_infra_rs_bfd_ipv6_inst_pol":"uni/infra/bfdIpv6Inst-default","relation_infra_rs_bfd_mh_ipv4_inst_pol":"uni/infra/bfdMhIpv4Inst-default","relation_infra_rs_bfd_mh_ipv6_inst_pol":"uni/infra/bfdMhIpv6Inst-default","relation_infra_rs_equipment_flash_config_pol":"uni/infra/flashconfigpol-default","relation_infra_rs_fc_fabric_pol":"uni/infra/fcfabricpol-default","relation_infra_rs_fc_inst_pol":"uni/infra/fcinstpol-default","relation_infra_rs_iacl_leaf_profile":"uni/infra/iaclleafp-default","relation_infra_rs_l2_node_auth_pol":"uni/infra/nodeauthpol-default","relation_infra_rs_leaf_copp_profile":"uni/infra/coppleafp-default","relation_infra_rs_leaf_p_grp_to_cdp_if_pol":"uni/infra/cdpIfP-default","relation_infra_rs_leaf_p_grp_to_lldp_if_pol":"uni/infra/lldpIfP-default","relation_infra_rs_mon_node_infra_pol":"uni/infra/moninfra-default","relation_infra_rs_mst_inst_pol":"uni/infra/mstpInstPol-default","relation_infra_rs_netflow_node_pol":null,"relation_infra_rs_poe_inst_pol":"uni/infra/poeInstP-default","relation_infra_rs_topoctrl_fast_link_failover_inst_pol":"uni/infra/fastlinkfailoverinstpol-default","relation_infra_rs_topoctrl_fwd_scale_prof_pol":"uni/infra/fwdscalepol-default"},"after_unknown":{"id":true,"name_alias":true},"before_sensitive":false,"after_sensitive":{}}},{"address":"module.fabric-node-workflow.aci_access_switch_policy_group.localAciFabricAccessLeafSwitchPolicyGroupIteration[\"TEP-1108\"]","module_address":"module.fabric-node-workflow","mode":"managed","type":"aci_access_switch_policy_group","name":"localAciFabricAccessLeafSwitchPolicyGroupIteration","index":"TEP-1108","provider_name":"registry.terraform.io/ciscodevnet/aci","change":{"actions":["create"],"before":null,"after":{"annotation":"ORCHESTRATOR:TERRAFORM","description":"CHG456","name":"1108_SWPOLGRP","relation_infra_rs_bfd_ipv4_inst_pol":"uni/infra/bfdIpv4Inst-default","relation_infra_rs_bfd_ipv6_inst_pol":"uni/infra/bfdIpv6Inst-default","relation_infra_rs_bfd_mh_ipv4_inst_pol":"uni/infra/bfdMhIpv4Inst-default","relation_infra_rs_bfd_mh_ipv6_inst_pol":"uni/infra/bfdMhIpv6Inst-default","relation_infra_rs_equipment_flash_config_pol":"uni/infra/flashconfigpol-default","relation_infra_rs_fc_fabric_pol":"uni/infra/fcfabricpol-default","relation_infra_rs_fc_inst_pol":"uni/infra/fcinstpol-default","relation_infra_rs_iacl_leaf_profile":"uni/infra/iaclleafp-default","relation_infra_rs_l2_node_auth_pol":"uni/infra/nodeauthpol-default","relation_infra_rs_leaf_copp_profile":"uni/infra/coppleafp-default","relation_infra_rs_leaf_p_grp_to_cdp_if_pol":"uni/infra/cdpIfP-default","relation_infra_rs_leaf_p_grp_to_lldp_if_pol":"uni/infra/lldpIfP-default","relation_infra_rs_mon_node_infra_pol":"uni/infra/moninfra-default","relation_infra_rs_mst_inst_pol":"uni/infra/mstpInstPol-default","relation_infra_rs_netflow_node_pol":null,"relation_infra_rs_poe_inst_pol":"uni/infra/poeInstP-default","relation_infra_rs_topoctrl_fast_link_failover_inst_pol":"uni/infra/fastlinkfailoverinstpol-default","relation_infra_rs_topoctrl_fwd_scale_prof_pol":"uni/infra/fwdscalepol-default"},"after_unknown":{"id":true,"name_alias":true},"before_sensitive":false,"after_sensitive":{}}},{"address":"module.fabric-node-workflow.aci_access_switch_policy_group.localAciFabricAccessLeafSwitchPolicyGroupIteration[\"TEP-1109\"]","module_address":"module.fabric-node-workflow","mode":"managed","type":"aci_access_switch_policy_group","name":"localAciFabricAccessLeafSwitchPolicyGroupIteration","index":"TEP-1109","provider_name":"registry.terraform.io/ciscodevnet/aci","change":{"actions":["create"],"before":null,"after":{"annotation":"ORCHESTRATOR:TERRAFORM","description":"CHG123","name":"1109_SWPOLGRP","relation_infra_rs_bfd_ipv4_inst_pol":"uni/infra/bfdIpv4Inst-default","relation_infra_rs_bfd_ipv6_inst_pol":"uni/infra/bfdIpv6Inst-default","relation_infra_rs_bfd_mh_ipv4_inst_pol":"uni/infra/bfdMhIpv4Inst-default","relation_infra_rs_bfd_mh_ipv6_inst_pol":"uni/infra/bfdMhIpv6Inst-default","relation_infra_rs_equipment_flash_config_pol":"uni/infra/flashconfigpol-default","relation_infra_rs_fc_fabric_pol":"uni/infra/fcfabricpol-default","relation_infra_rs_fc_inst_pol":"uni/infra/fcinstpol-default","relation_infra_rs_iacl_leaf_profile":"uni/infra/iaclleafp-default","relation_infra_rs_l2_node_auth_pol":"uni/infra/nodeauthpol-default","relation_infra_rs_leaf_copp_profile":"uni/infra/coppleafp-default","relation_infra_rs_leaf_p_grp_to_cdp_if_pol":"uni/infra/cdpIfP-default","relation_infra_rs_leaf_p_grp_to_lldp_if_pol":"uni/infra/lldpIfP-default","relation_infra_rs_mon_node_infra_pol":"uni/infra/moninfra-default","relation_infra_rs_mst_inst_pol":"uni/infra/mstpInstPol-default","relation_infra_rs_netflow_node_pol":null,"relation_infra_rs_poe_inst_pol":"uni/infra/poeInstP-default","relation_infra_rs_topoctrl_fast_link_failover_inst_pol":"uni/infra/fastlinkfailoverinstpol-default","relation_infra_rs_topoctrl_fwd_scale_prof_pol":"uni/infra/fwdscalepol-default"},"after_unknown":{"id":true,"name_alias":true},"before_sensitive":false,"after_sensitive":{}}},{"address":"module.fabric-node-workflow.aci_access_switch_policy_group.localAciFabricAccessLeafSwitchPolicyGroupIteration[\"TEP-1110\"]","module_address":"module.fabric-node-workflow","mode":"managed","type":"aci_access_switch_policy_group","name":"localAciFabricAccessLeafSwitchPolicyGroupIteration","index":"TEP-1110","provider_name":"registry.terraform.io/ciscodevnet/aci","change":{"actions":["create"],"before":null,"after":{"annotation":"ORCHESTRATOR:TERRAFORM","description":"CHG456","name":"1110_SWPOLGRP","relation_infra_rs_bfd_ipv4_inst_pol":"uni/infra/bfdIpv4Inst-default","relation_infra_rs_bfd_ipv6_inst_pol":"uni/infra/bfdIpv6Inst-default","relation_infra_rs_bfd_mh_ipv4_inst_pol":"uni/infra/bfdMhIpv4Inst-default","relation_infra_rs_bfd_mh_ipv6_inst_pol":"uni/infra/bfdMhIpv6Inst-default","relation_infra_rs_equipment_flash_config_pol":"uni/infra/flashconfigpol-default","relation_infra_rs_fc_fabric_pol":"uni/infra/fcfabricpol-default","relation_infra_rs_fc_inst_pol":"uni/infra/fcinstpol-default","relation_infra_rs_iacl_leaf_profile":"uni/infra/iaclleafp-default","relation_infra_rs_l2_node_auth_pol":"uni/infra/nodeauthpol-default","relation_infra_rs_leaf_copp_profile":"uni/infra/coppleafp-default","relation_infra_rs_leaf_p_grp_to_cdp_if_pol":"uni/infra/cdpIfP-default","relation_infra_rs_leaf_p_grp_to_lldp_if_pol":"uni/infra/lldpIfP-default","relation_infra_rs_mon_node_infra_pol":"uni/infra/moninfra-default","relation_infra_rs_mst_inst_pol":"uni/infra/mstpInstPol-default","relation_infra_rs_netflow_node_pol":null,"relation_infra_rs_poe_inst_pol":"uni/infra/poeInstP-default","relation_infra_rs_topoctrl_fast_link_failover_inst_pol":"uni/infra/fastlinkfailoverinstpol-default","relation_infra_rs_topoctrl_fwd_scale_prof_pol":"uni/infra/fwdscalepol-default"},"after_unknown":{"id":true,"name_alias":true},"before_sensitive":false,"after_sensitive":{}}},{"address":"module.fabric-node-workflow.aci_contract_subject.localAciNodeMgmtOobCtrSubj","module_address":"module.fabric-node-workflow","mode":"managed","type":"aci_contract_subject","name":"localAciNodeMgmtOobCtrSubj","provider_name":"registry.terraform.io/ciscodevnet/aci","change":{"actions":["create"],"before":null,"after":{"annotation":"ORCHESTRATOR:TERRAFORM","apply_both_directions":"yes","consumer_to_provider":[],"description":"Author: Trevor Patch, Terraform Managed Node Out-of-Band Interface Contract Subject.","name":"TF_MGD_NODE_OOB_CTR_SUBJ","provider_to_consumer":[],"relation_vz_rs_subj_filt_att":null,"rev_flt_ports":"yes"},"after_unknown":{"cons_match_t":true,"consumer_to_provider":[],"contract_dn":true,"id":true,"name_alias":true,"prio":true,"prov_match_t":true,"provider_to_consumer":[],"relation_vz_rs_sdwan_pol":true,"relation_vz_rs_subj_graph_att":true,"target_dscp":true},"before_sensitive":false,"after_sensitive":{"consumer_to_provider":[],"provider_to_consumer":[]}}},{"address":"module.fabric-node-workflow.aci_contract_subject_filter.localAciNodeMgmtOobCtrSubjFiltAssoc","module_address":"module.fabric-node-workflow","mode":"managed","type":"aci_contract_subject_filter","name":"localAciNodeMgmtOobCtrSubjFiltAssoc","provider_name":"registry.terraform.io/ciscodevnet/aci","change":{"actions":["create"],"before":null,"after":{"action":"permit","annotation":"orchestrator:terraform","directives":["log"],"priority_override":"default"},"after_unknown":{"contract_subject_dn":true,"description":true,"directives":[false],"filter_dn":true,"id":true},"before_sensitive":false,"after_sensitive":{"directives":[false]}}},{"address":"module.fabric-node-workflow.aci_fabric_node_member.localAciFabricNodeMemberIteration[\"TEP-1101\"]","module_address":"module.fabric-node-workflow","mode":"managed","type":"aci_fabric_node_member","name":"localAciFabricNodeMemberIteration","index":"TEP-1101","provider_name":"registry.terraform.io/ciscodevnet/aci","change":{"actions":["create"],"before":null,"after":{"annotation":"ORCHESTRATOR:TERRAFORM","description":"CHG123","ext_pool_id":"0","fabric_id":"1","name":"DC-TEP-1101","node_id":"1101","node_type":"unspecified","pod_id":"1","role":"leaf","serial":"TEP-1101"},"after_unknown":{"id":true,"name_alias":true},"before_sensitive":false,"after_sensitive":{}}},{"address":"module.fabric-node-workflow.aci_fabric_node_member.localAciFabricNodeMemberIteration[\"TEP-1102\"]","module_address":"module.fabric-node-workflow","mode":"managed","type":"aci_fabric_node_member","name":"localAciFabricNodeMemberIteration","index":"TEP-1102","provider_name":"registry.terraform.io/ciscodevnet/aci","change":{"actions":["create"],"before":null,"after":{"annotation":"ORCHESTRATOR:TERRAFORM","description":"CHG456","ext_pool_id":"0","fabric_id":"1","name":"DC-TEP-1102","node_id":"1102","node_type":"unspecified","pod_id":"1","role":"leaf","serial":"TEP-1102"},"after_unknown":{"id":true,"name_alias":true},"before_sensitive":false,"after_sensitive":{}}},{"address":"module.fabric-node-workflow.aci_fabric_node_member.localAciFabricNodeMemberIteration[\"TEP-1103\"]","module_address":"module.fabric-node-workflow","mode":"managed","type":"aci_fabric_node_member","name":"localAciFabricNodeMemberIteration","index":"TEP-1103","provider_name":"registry.terraform.io/ciscodevnet/aci","change":{"actions":["create"],"before":null,"after":{"annotation":"ORCHESTRATOR:TERRAFORM","description":"CHG123","ext_pool_id":"0","fabric_id":"1","name":"DC-TEP-1103","node_id":"1103","node_type":"unspecified","pod_id":"1","role":"leaf","serial":"TEP-1103"},"after_unknown":{"id":true,"name_alias":true},"before_sensitive":false,"after_sensitive":{}}},{"address":"module.fabric-node-workflow.aci_fabric_node_member.localAciFabricNodeMemberIteration[\"TEP-1104\"]","module_address":"module.fabric-node-workflow","mode":"managed","type":"aci_fabric_node_member","name":"localAciFabricNodeMemberIteration","index":"TEP-1104","provider_name":"registry.terraform.io/ciscodevnet/aci","change":{"actions":["create"],"before":null,"after":{"annotation":"ORCHESTRATOR:TERRAFORM","description":"CHG456","ext_pool_id":"0","fabric_id":"1","name":"DC-TEP-1104","node_id":"1104","node_type":"unspecified","pod_id":"1","role":"leaf","serial":"TEP-1104"},"after_unknown":{"id":true,"name_alias":true},"before_sensitive":false,"after_sensitive":{}}},{"address":"module.fabric-node-workflow.aci_fabric_node_member.localAciFabricNodeMemberIteration[\"TEP-1105\"]","module_address":"module.fabric-node-workflow","mode":"managed","type":"aci_fabric_node_member","name":"localAciFabricNodeMemberIteration","index":"TEP-1105","provider_name":"registry.terraform.io/ciscodevnet/aci","change":{"actions":["create"],"before":null,"after":{"annotation":"ORCHESTRATOR:TERRAFORM","description":"CHG123","ext_pool_id":"0","fabric_id":"1","name":"DC-TEP-1105","node_id":"1105","node_type":"unspecified","pod_id":"1","role":"leaf","serial":"TEP-1105"},"after_unknown":{"id":true,"name_alias":true},"before_sensitive":false,"after_sensitive":{}}},{"address":"module.fabric-node-workflow.aci_fabric_node_member.localAciFabricNodeMemberIteration[\"TEP-1106\"]","module_address":"module.fabric-node-workflow","mode":"managed","type":"aci_fabric_node_member","name":"localAciFabricNodeMemberIteration","index":"TEP-1106","provider_name":"registry.terraform.io/ciscodevnet/aci","change":{"actions":["create"],"before":null,"after":{"annotation":"ORCHESTRATOR:TERRAFORM","description":"CHG456","ext_pool_id":"0","fabric_id":"1","name":"DC-TEP-1106","node_id":"1106","node_type":"unspecified","pod_id":"1","role":"leaf","serial":"TEP-1106"},"after_unknown":{"id":true,"name_alias":true},"before_sensitive":false,"after_sensitive":{}}},{"address":"module.fabric-node-workflow.aci_fabric_node_member.localAciFabricNodeMemberIteration[\"TEP-1107\"]","module_address":"module.fabric-node-workflow","mode":"managed","type":"aci_fabric_node_member","name":"localAciFabricNodeMemberIteration","index":"TEP-1107","provider_name":"registry.terraform.io/ciscodevnet/aci","change":{"actions":["create"],"before":null,"after":{"annotation":"ORCHESTRATOR:TERRAFORM","description":"CHG123","ext_pool_id":"0","fabric_id":"1","name":"DC-TEP-1107","node_id":"1107","node_type":"unspecified","pod_id":"1","role":"leaf","serial":"TEP-1107"},"after_unknown":{"id":true,"name_alias":true},"before_sensitive":false,"after_sensitive":{}}},{"address":"module.fabric-node-workflow.aci_fabric_node_member.localAciFabricNodeMemberIteration[\"TEP-1108\"]","module_address":"module.fabric-node-workflow","mode":"managed","type":"aci_fabric_node_member","name":"localAciFabricNodeMemberIteration","index":"TEP-1108","provider_name":"registry.terraform.io/ciscodevnet/aci","change":{"actions":["create"],"before":null,"after":{"annotation":"ORCHESTRATOR:TERRAFORM","description":"CHG456","ext_pool_id":"0","fabric_id":"1","name":"DC-TEP-1108","node_id":"1108","node_type":"unspecified","pod_id":"1","role":"leaf","serial":"TEP-1108"},"after_unknown":{"id":true,"name_alias":true},"before_sensitive":false,"after_sensitive":{}}},{"address":"module.fabric-node-workflow.aci_fabric_node_member.localAciFabricNodeMemberIteration[\"TEP-1109\"]","module_address":"module.fabric-node-workflow","mode":"managed","type":"aci_fabric_node_member","name":"localAciFabricNodeMemberIteration","index":"TEP-1109","provider_name":"registry.terraform.io/ciscodevnet/aci","change":{"actions":["create"],"before":null,"after":{"annotation":"ORCHESTRATOR:TERRAFORM","description":"CHG123","ext_pool_id":"0","fabric_id":"1","name":"DC-TEP-1109","node_id":"1109","node_type":"unspecified","pod_id":"1","role":"leaf","serial":"TEP-1109"},"after_unknown":{"id":true,"name_alias":true},"before_sensitive":false,"after_sensitive":{}}},{"address":"module.fabric-node-workflow.aci_fabric_node_member.localAciFabricNodeMemberIteration[\"TEP-1110\"]","module_address":"module.fabric-node-workflow","mode":"managed","type":"aci_fabric_node_member","name":"localAciFabricNodeMemberIteration","index":"TEP-1110","provider_name":"registry.terraform.io/ciscodevnet/aci","change":{"actions":["create"],"before":null,"after":{"annotation":"ORCHESTRATOR:TERRAFORM","description":"CHG456","ext_pool_id":"0","fabric_id":"1","name":"DC-TEP-1110","node_id":"1110","node_type":"unspecified","pod_id":"1","role":"leaf","serial":"TEP-1110"},"after_unknown":{"id":true,"name_alias":true},"before_sensitive":false,"after_sensitive":{}}},{"address":"module.fabric-node-workflow.aci_filter.localAciNodeMgmtOobCtrSubjFilt","module_address":"module.fabric-node-workflow","mode":"managed","type":"aci_filter","name":"localAciNodeMgmtOobCtrSubjFilt","provider_name":"registry.terraform.io/ciscodevnet/aci","change":{"actions":["create"],"before":null,"after":{"annotation":"ORCHESTRATOR:TERRAFORM","description":"Author: Trevor Patch, Terraform Managed Node Out-of-Band Interface Contract Subject Filter.","name":"TF_MGD_NODE_OOB_CTR_SUBJ_FILT","tenant_dn":"uni/tn-mgmt"},"after_unknown":{"id":true,"name_alias":true,"relation_vz_rs_filt_graph_att":true,"relation_vz_rs_fwd_r_flt_p_att":true,"relation_vz_rs_rev_r_flt_p_att":true},"before_sensitive":false,"after_sensitive":{}}},{"address":"module.fabric-node-workflow.aci_filter_entry.localAciNodeMgmtOobCtrSubjFiltAllowArpReply","module_address":"module.fabric-node-workflow","mode":"managed","type":"aci_filter_entry","name":"localAciNodeMgmtOobCtrSubjFiltAllowArpReply","provider_name":"registry.terraform.io/ciscodevnet/aci","change":{"actions":["create"],"before":null,"after":{"annotation":"orchestrator:terraform","arp_opc":"reply","description":"Allows ARP Replies to/from the Terraform Managed Node Out-Of-Band Management Interface.","ether_t":"arp","name":"allow-arp-reply"},"after_unknown":{"apply_to_frag":true,"d_from_port":true,"d_to_port":true,"filter_dn":true,"icmpv4_t":true,"icmpv6_t":true,"id":true,"match_dscp":true,"name_alias":true,"prot":true,"s_from_port":true,"s_to_port":true,"stateful":true,"tcp_rules":true},"before_sensitive":false,"after_sensitive":{"tcp_rules":[]}}},{"address":"module.fabric-node-workflow.aci_filter_entry.localAciNodeMgmtOobCtrSubjFiltAllowArpReq","module_address":"module.fabric-node-workflow","mode":"managed","type":"aci_filter_entry","name":"localAciNodeMgmtOobCtrSubjFiltAllowArpReq","provider_name":"registry.terraform.io/ciscodevnet/aci","change":{"actions":["create"],"before":null,"after":{"annotation":"orchestrator:terraform","arp_opc":"req","description":"Allows ARP Requests to/from the Terraform Managed Node Out-Of-Band Management Interface.","ether_t":"arp","name":"allow-arp-request"},"after_unknown":{"apply_to_frag":true,"d_from_port":true,"d_to_port":true,"filter_dn":true,"icmpv4_t":true,"icmpv6_t":true,"id":true,"match_dscp":true,"name_alias":true,"prot":true,"s_from_port":true,"s_to_port":true,"stateful":true,"tcp_rules":true},"before_sensitive":false,"after_sensitive":{"tcp_rules":[]}}},{"address":"module.fabric-node-workflow.aci_filter_entry.localAciNodeMgmtOobCtrSubjFiltProtocolIcmpIteration[\"allow-icmp\"]","module_address":"module.fabric-node-workflow","mode":"managed","type":"aci_filter_entry","name":"localAciNodeMgmtOobCtrSubjFiltProtocolIcmpIteration","index":"allow-icmp","provider_name":"registry.terraform.io/ciscodevnet/aci","change":{"actions":["create"],"before":null,"after":{"annotation":"orchestrator:terraform","description":"CHG123 - Allows icmp to/from the Terraform Managed Node Out-Of-Band Management Interface.","ether_t":"ipv4","name":"allow-icmp","prot":"icmp","stateful":"yes"},"after_unknown":{"apply_to_frag":true,"arp_opc":true,"d_from_port":true,"d_to_port":true,"filter_dn":true,"icmpv4_t":true,"icmpv6_t":true,"id":true,"match_dscp":true,"name_alias":true,"s_from_port":true,"s_to_port":true,"tcp_rules":true},"before_sensitive":false,"after_sensitive":{"tcp_rules":[]}}},{"address":"module.fabric-node-workflow.aci_filter_entry.localAciNodeMgmtOobCtrSubjFiltProtocolTcpUdpIteration[\"allow-snmp\"]","module_address":"module.fabric-node-workflow","mode":"managed","type":"aci_filter_entry","name":"localAciNodeMgmtOobCtrSubjFiltProtocolTcpUdpIteration","index":"allow-snmp","provider_name":"registry.terraform.io/ciscodevnet/aci","change":{"actions":["create"],"before":null,"after":{"annotation":"orchestrator:terraform","d_from_port":"161","d_to_port":"161","description":"CHG789 - Allows udp_161 to/from the Terraform Managed Node Out-Of-Band Management Interface.","ether_t":"ipv4","name":"allow-snmp","prot":"udp","stateful":"yes"},"after_unknown":{"apply_to_frag":true,"arp_opc":true,"filter_dn":true,"icmpv4_t":true,"icmpv6_t":true,"id":true,"match_dscp":true,"name_alias":true,"s_from_port":true,"s_to_port":true,"tcp_rules":true},"before_sensitive":false,"after_sensitive":{"tcp_rules":[]}}},{"address":"module.fabric-node-workflow.aci_filter_entry.localAciNodeMgmtOobCtrSubjFiltProtocolTcpUdpIteration[\"allow-ssh\"]","module_address":"module.fabric-node-workflow","mode":"managed","type":"aci_filter_entry","name":"localAciNodeMgmtOobCtrSubjFiltProtocolTcpUdpIteration","index":"allow-ssh","provider_name":"registry.terraform.io/ciscodevnet/aci","change":{"actions":["create"],"before":null,"after":{"annotation":"orchestrator:terraform","d_from_port":"22","d_to_port":"22","description":"CHG456 - Allows tcp_22 to/from the Terraform Managed Node Out-Of-Band Management Interface.","ether_t":"ipv4","name":"allow-ssh","prot":"tcp","stateful":"yes"},"after_unknown":{"apply_to_frag":true,"arp_opc":true,"filter_dn":true,"icmpv4_t":true,"icmpv6_t":true,"id":true,"match_dscp":true,"name_alias":true,"s_from_port":true,"s_to_port":true,"tcp_rules":true},"before_sensitive":false,"after_sensitive":{"tcp_rules":[]}}},{"address":"module.fabric-node-workflow.aci_filter_entry.localAciNodeMgmtOobCtrSubjFiltProtocolTcpUdpIteration[\"allow-syslog\"]","module_address":"module.fabric-node-workflow","mode":"managed","type":"aci_filter_entry","name":"localAciNodeMgmtOobCtrSubjFiltProtocolTcpUdpIteration","index":"allow-syslog","provider_name":"registry.terraform.io/ciscodevnet/aci","change":{"actions":["create"],"before":null,"after":{"annotation":"orchestrator:terraform","d_from_port":"514","d_to_port":"514","description":"CHG789 - Allows udp_514 to/from the Terraform Managed Node Out-Of-Band Management Interface.","ether_t":"ipv4","name":"allow-syslog","prot":"udp","stateful":"yes"},"after_unknown":{"apply_to_frag":true,"arp_opc":true,"filter_dn":true,"icmpv4_t":true,"icmpv6_t":true,"id":true,"match_dscp":true,"name_alias":true,"s_from_port":true,"s_to_port":true,"tcp_rules":true},"before_sensitive":false,"after_sensitive":{"tcp_rules":[]}}},{"address":"module.fabric-node-workflow.aci_leaf_interface_profile.localAciFabricAccessLeafInterfaceProfileIteration[\"TEP-1101\"]","module_address":"module.fabric-node-workflow","mode":"managed","type":"aci_leaf_interface_profile","name":"localAciFabricAccessLeafInterfaceProfileIteration","index":"TEP-1101","provider_name":"registry.terraform.io/ciscodevnet/aci","change":{"actions":["create"],"before":null,"after":{"annotation":"ORCHESTRATOR:TERRAFORM","description":"CHG123","name":"1101_INTPROF"},"after_unknown":{"id":true,"name_alias":true},"before_sensitive":false,"after_sensitive":{}}},{"address":"module.fabric-node-workflow.aci_leaf_interface_profile.localAciFabricAccessLeafInterfaceProfileIteration[\"TEP-1102\"]","module_address":"module.fabric-node-workflow","mode":"managed","type":"aci_leaf_interface_profile","name":"localAciFabricAccessLeafInterfaceProfileIteration","index":"TEP-1102","provider_name":"registry.terraform.io/ciscodevnet/aci","change":{"actions":["create"],"before":null,"after":{"annotation":"ORCHESTRATOR:TERRAFORM","description":"CHG456","name":"1102_INTPROF"},"after_unknown":{"id":true,"name_alias":true},"before_sensitive":false,"after_sensitive":{}}},{"address":"module.fabric-node-workflow.aci_leaf_interface_profile.localAciFabricAccessLeafInterfaceProfileIteration[\"TEP-1103\"]","module_address":"module.fabric-node-workflow","mode":"managed","type":"aci_leaf_interface_profile","name":"localAciFabricAccessLeafInterfaceProfileIteration","index":"TEP-1103","provider_name":"registry.terraform.io/ciscodevnet/aci","change":{"actions":["create"],"before":null,"after":{"annotation":"ORCHESTRATOR:TERRAFORM","description":"CHG123","name":"1103_INTPROF"},"after_unknown":{"id":true,"name_alias":true},"before_sensitive":false,"after_sensitive":{}}},{"address":"module.fabric-node-workflow.aci_leaf_interface_profile.localAciFabricAccessLeafInterfaceProfileIteration[\"TEP-1104\"]","module_address":"module.fabric-node-workflow","mode":"managed","type":"aci_leaf_interface_profile","name":"localAciFabricAccessLeafInterfaceProfileIteration","index":"TEP-1104","provider_name":"registry.terraform.io/ciscodevnet/aci","change":{"actions":["create"],"before":null,"after":{"annotation":"ORCHESTRATOR:TERRAFORM","description":"CHG456","name":"1104_INTPROF"},"after_unknown":{"id":true,"name_alias":true},"before_sensitive":false,"after_sensitive":{}}},{"address":"module.fabric-node-workflow.aci_leaf_interface_profile.localAciFabricAccessLeafInterfaceProfileIteration[\"TEP-1105\"]","module_address":"module.fabric-node-workflow","mode":"managed","type":"aci_leaf_interface_profile","name":"localAciFabricAccessLeafInterfaceProfileIteration","index":"TEP-1105","provider_name":"registry.terraform.io/ciscodevnet/aci","change":{"actions":["create"],"before":null,"after":{"annotation":"ORCHESTRATOR:TERRAFORM","description":"CHG123","name":"1105_INTPROF"},"after_unknown":{"id":true,"name_alias":true},"before_sensitive":false,"after_sensitive":{}}},{"address":"module.fabric-node-workflow.aci_leaf_interface_profile.localAciFabricAccessLeafInterfaceProfileIteration[\"TEP-1106\"]","module_address":"module.fabric-node-workflow","mode":"managed","type":"aci_leaf_interface_profile","name":"localAciFabricAccessLeafInterfaceProfileIteration","index":"TEP-1106","provider_name":"registry.terraform.io/ciscodevnet/aci","change":{"actions":["create"],"before":null,"after":{"annotation":"ORCHESTRATOR:TERRAFORM","description":"CHG456","name":"1106_INTPROF"},"after_unknown":{"id":true,"name_alias":true},"before_sensitive":false,"after_sensitive":{}}},{"address":"module.fabric-node-workflow.aci_leaf_interface_profile.localAciFabricAccessLeafInterfaceProfileIteration[\"TEP-1107\"]","module_address":"module.fabric-node-workflow","mode":"managed","type":"aci_leaf_interface_profile","name":"localAciFabricAccessLeafInterfaceProfileIteration","index":"TEP-1107","provider_name":"registry.terraform.io/ciscodevnet/aci","change":{"actions":["create"],"before":null,"after":{"annotation":"ORCHESTRATOR:TERRAFORM","description":"CHG123","name":"1107_INTPROF"},"after_unknown":{"id":true,"name_alias":true},"before_sensitive":false,"after_sensitive":{}}},{"address":"module.fabric-node-workflow.aci_leaf_interface_profile.localAciFabricAccessLeafInterfaceProfileIteration[\"TEP-1108\"]","module_address":"module.fabric-node-workflow","mode":"managed","type":"aci_leaf_interface_profile","name":"localAciFabricAccessLeafInterfaceProfileIteration","index":"TEP-1108","provider_name":"registry.terraform.io/ciscodevnet/aci","change":{"actions":["create"],"before":null,"after":{"annotation":"ORCHESTRATOR:TERRAFORM","description":"CHG456","name":"1108_INTPROF"},"after_unknown":{"id":true,"name_alias":true},"before_sensitive":false,"after_sensitive":{}}},{"address":"module.fabric-node-workflow.aci_leaf_interface_profile.localAciFabricAccessLeafInterfaceProfileIteration[\"TEP-1109\"]","module_address":"module.fabric-node-workflow","mode":"managed","type":"aci_leaf_interface_profile","name":"localAciFabricAccessLeafInterfaceProfileIteration","index":"TEP-1109","provider_name":"registry.terraform.io/ciscodevnet/aci","change":{"actions":["create"],"before":null,"after":{"annotation":"ORCHESTRATOR:TERRAFORM","description":"CHG123","name":"1109_INTPROF"},"after_unknown":{"id":true,"name_alias":true},"before_sensitive":false,"after_sensitive":{}}},{"address":"module.fabric-node-workflow.aci_leaf_interface_profile.localAciFabricAccessLeafInterfaceProfileIteration[\"TEP-1110\"]","module_address":"module.fabric-node-workflow","mode":"managed","type":"aci_leaf_interface_profile","name":"localAciFabricAccessLeafInterfaceProfileIteration","index":"TEP-1110","provider_name":"registry.terraform.io/ciscodevnet/aci","change":{"actions":["create"],"before":null,"after":{"annotation":"ORCHESTRATOR:TERRAFORM","description":"CHG456","name":"1110_INTPROF"},"after_unknown":{"id":true,"name_alias":true},"before_sensitive":false,"after_sensitive":{}}},{"address":"module.fabric-node-workflow.aci_leaf_profile.localAciFabricAccessLeafSwitchProfileIteration[\"TEP-1101\"]","module_address":"module.fabric-node-workflow","mode":"managed","type":"aci_leaf_profile","name":"localAciFabricAccessLeafSwitchProfileIteration","index":"TEP-1101","provider_name":"registry.terraform.io/ciscodevnet/aci","change":{"actions":["create"],"before":null,"after":{"annotation":"ORCHESTRATOR:TERRAFORM","description":"CHG123","leaf_selector":[{"name":"1101_LFSEL","node_block":[{"from_":"1101","name":"blk_1101","to_":"1101"}],"switch_association_type":"range"}],"name":"1101_SWPROF","relation_infra_rs_acc_card_p":null},"after_unknown":{"id":true,"leaf_selector":[{"description":true,"id":true,"node_block":[{"description":true,"id":true}]}],"leaf_selector_ids":true,"name_alias":true,"node_block_ids":true,"relation_infra_rs_acc_port_p":true},"before_sensitive":false,"after_sensitive":{"leaf_selector":[{"node_block":[{}]}],"leaf_selector_ids":[],"node_block_ids":[],"relation_infra_rs_acc_port_p":[]}}},{"address":"module.fabric-node-workflow.aci_leaf_profile.localAciFabricAccessLeafSwitchProfileIteration[\"TEP-1102\"]","module_address":"module.fabric-node-workflow","mode":"managed","type":"aci_leaf_profile","name":"localAciFabricAccessLeafSwitchProfileIteration","index":"TEP-1102","provider_name":"registry.terraform.io/ciscodevnet/aci","change":{"actions":["create"],"before":null,"after":{"annotation":"ORCHESTRATOR:TERRAFORM","description":"CHG456","leaf_selector":[{"name":"1102_LFSEL","node_block":[{"from_":"1102","name":"blk_1102","to_":"1102"}],"switch_association_type":"range"}],"name":"1102_SWPROF","relation_infra_rs_acc_card_p":null},"after_unknown":{"id":true,"leaf_selector":[{"description":true,"id":true,"node_block":[{"description":true,"id":true}]}],"leaf_selector_ids":true,"name_alias":true,"node_block_ids":true,"relation_infra_rs_acc_port_p":true},"before_sensitive":false,"after_sensitive":{"leaf_selector":[{"node_block":[{}]}],"leaf_selector_ids":[],"node_block_ids":[],"relation_infra_rs_acc_port_p":[]}}},{"address":"module.fabric-node-workflow.aci_leaf_profile.localAciFabricAccessLeafSwitchProfileIteration[\"TEP-1103\"]","module_address":"module.fabric-node-workflow","mode":"managed","type":"aci_leaf_profile","name":"localAciFabricAccessLeafSwitchProfileIteration","index":"TEP-1103","provider_name":"registry.terraform.io/ciscodevnet/aci","change":{"actions":["create"],"before":null,"after":{"annotation":"ORCHESTRATOR:TERRAFORM","description":"CHG123","leaf_selector":[{"name":"1103_LFSEL","node_block":[{"from_":"1103","name":"blk_1103","to_":"1103"}],"switch_association_type":"range"}],"name":"1103_SWPROF","relation_infra_rs_acc_card_p":null},"after_unknown":{"id":true,"leaf_selector":[{"description":true,"id":true,"node_block":[{"description":true,"id":true}]}],"leaf_selector_ids":true,"name_alias":true,"node_block_ids":true,"relation_infra_rs_acc_port_p":true},"before_sensitive":false,"after_sensitive":{"leaf_selector":[{"node_block":[{}]}],"leaf_selector_ids":[],"node_block_ids":[],"relation_infra_rs_acc_port_p":[]}}},{"address":"module.fabric-node-workflow.aci_leaf_profile.localAciFabricAccessLeafSwitchProfileIteration[\"TEP-1104\"]","module_address":"module.fabric-node-workflow","mode":"managed","type":"aci_leaf_profile","name":"localAciFabricAccessLeafSwitchProfileIteration","index":"TEP-1104","provider_name":"registry.terraform.io/ciscodevnet/aci","change":{"actions":["create"],"before":null,"after":{"annotation":"ORCHESTRATOR:TERRAFORM","description":"CHG456","leaf_selector":[{"name":"1104_LFSEL","node_block":[{"from_":"1104","name":"blk_1104","to_":"1104"}],"switch_association_type":"range"}],"name":"1104_SWPROF","relation_infra_rs_acc_card_p":null},"after_unknown":{"id":true,"leaf_selector":[{"description":true,"id":true,"node_block":[{"description":true,"id":true}]}],"leaf_selector_ids":true,"name_alias":true,"node_block_ids":true,"relation_infra_rs_acc_port_p":true},"before_sensitive":false,"after_sensitive":{"leaf_selector":[{"node_block":[{}]}],"leaf_selector_ids":[],"node_block_ids":[],"relation_infra_rs_acc_port_p":[]}}},{"address":"module.fabric-node-workflow.aci_leaf_profile.localAciFabricAccessLeafSwitchProfileIteration[\"TEP-1105\"]","module_address":"module.fabric-node-workflow","mode":"managed","type":"aci_leaf_profile","name":"localAciFabricAccessLeafSwitchProfileIteration","index":"TEP-1105","provider_name":"registry.terraform.io/ciscodevnet/aci","change":{"actions":["create"],"before":null,"after":{"annotation":"ORCHESTRATOR:TERRAFORM","description":"CHG123","leaf_selector":[{"name":"1105_LFSEL","node_block":[{"from_":"1105","name":"blk_1105","to_":"1105"}],"switch_association_type":"range"}],"name":"1105_SWPROF","relation_infra_rs_acc_card_p":null},"after_unknown":{"id":true,"leaf_selector":[{"description":true,"id":true,"node_block":[{"description":true,"id":true}]}],"leaf_selector_ids":true,"name_alias":true,"node_block_ids":true,"relation_infra_rs_acc_port_p":true},"before_sensitive":false,"after_sensitive":{"leaf_selector":[{"node_block":[{}]}],"leaf_selector_ids":[],"node_block_ids":[],"relation_infra_rs_acc_port_p":[]}}},{"address":"module.fabric-node-workflow.aci_leaf_profile.localAciFabricAccessLeafSwitchProfileIteration[\"TEP-1106\"]","module_address":"module.fabric-node-workflow","mode":"managed","type":"aci_leaf_profile","name":"localAciFabricAccessLeafSwitchProfileIteration","index":"TEP-1106","provider_name":"registry.terraform.io/ciscodevnet/aci","change":{"actions":["create"],"before":null,"after":{"annotation":"ORCHESTRATOR:TERRAFORM","description":"CHG456","leaf_selector":[{"name":"1106_LFSEL","node_block":[{"from_":"1106","name":"blk_1106","to_":"1106"}],"switch_association_type":"range"}],"name":"1106_SWPROF","relation_infra_rs_acc_card_p":null},"after_unknown":{"id":true,"leaf_selector":[{"description":true,"id":true,"node_block":[{"description":true,"id":true}]}],"leaf_selector_ids":true,"name_alias":true,"node_block_ids":true,"relation_infra_rs_acc_port_p":true},"before_sensitive":false,"after_sensitive":{"leaf_selector":[{"node_block":[{}]}],"leaf_selector_ids":[],"node_block_ids":[],"relation_infra_rs_acc_port_p":[]}}},{"address":"module.fabric-node-workflow.aci_leaf_profile.localAciFabricAccessLeafSwitchProfileIteration[\"TEP-1107\"]","module_address":"module.fabric-node-workflow","mode":"managed","type":"aci_leaf_profile","name":"localAciFabricAccessLeafSwitchProfileIteration","index":"TEP-1107","provider_name":"registry.terraform.io/ciscodevnet/aci","change":{"actions":["create"],"before":null,"after":{"annotation":"ORCHESTRATOR:TERRAFORM","description":"CHG123","leaf_selector":[{"name":"1107_LFSEL","node_block":[{"from_":"1107","name":"blk_1107","to_":"1107"}],"switch_association_type":"range"}],"name":"1107_SWPROF","relation_infra_rs_acc_card_p":null},"after_unknown":{"id":true,"leaf_selector":[{"description":true,"id":true,"node_block":[{"description":true,"id":true}]}],"leaf_selector_ids":true,"name_alias":true,"node_block_ids":true,"relation_infra_rs_acc_port_p":true},"before_sensitive":false,"after_sensitive":{"leaf_selector":[{"node_block":[{}]}],"leaf_selector_ids":[],"node_block_ids":[],"relation_infra_rs_acc_port_p":[]}}},{"address":"module.fabric-node-workflow.aci_leaf_profile.localAciFabricAccessLeafSwitchProfileIteration[\"TEP-1108\"]","module_address":"module.fabric-node-workflow","mode":"managed","type":"aci_leaf_profile","name":"localAciFabricAccessLeafSwitchProfileIteration","index":"TEP-1108","provider_name":"registry.terraform.io/ciscodevnet/aci","change":{"actions":["create"],"before":null,"after":{"annotation":"ORCHESTRATOR:TERRAFORM","description":"CHG456","leaf_selector":[{"name":"1108_LFSEL","node_block":[{"from_":"1108","name":"blk_1108","to_":"1108"}],"switch_association_type":"range"}],"name":"1108_SWPROF","relation_infra_rs_acc_card_p":null},"after_unknown":{"id":true,"leaf_selector":[{"description":true,"id":true,"node_block":[{"description":true,"id":true}]}],"leaf_selector_ids":true,"name_alias":true,"node_block_ids":true,"relation_infra_rs_acc_port_p":true},"before_sensitive":false,"after_sensitive":{"leaf_selector":[{"node_block":[{}]}],"leaf_selector_ids":[],"node_block_ids":[],"relation_infra_rs_acc_port_p":[]}}},{"address":"module.fabric-node-workflow.aci_leaf_profile.localAciFabricAccessLeafSwitchProfileIteration[\"TEP-1109\"]","module_address":"module.fabric-node-workflow","mode":"managed","type":"aci_leaf_profile","name":"localAciFabricAccessLeafSwitchProfileIteration","index":"TEP-1109","provider_name":"registry.terraform.io/ciscodevnet/aci","change":{"actions":["create"],"before":null,"after":{"annotation":"ORCHESTRATOR:TERRAFORM","description":"CHG123","leaf_selector":[{"name":"1109_LFSEL","node_block":[{"from_":"1109","name":"blk_1109","to_":"1109"}],"switch_association_type":"range"}],"name":"1109_SWPROF","relation_infra_rs_acc_card_p":null},"after_unknown":{"id":true,"leaf_selector":[{"description":true,"id":true,"node_block":[{"description":true,"id":true}]}],"leaf_selector_ids":true,"name_alias":true,"node_block_ids":true,"relation_infra_rs_acc_port_p":true},"before_sensitive":false,"after_sensitive":{"leaf_selector":[{"node_block":[{}]}],"leaf_selector_ids":[],"node_block_ids":[],"relation_infra_rs_acc_port_p":[]}}},{"address":"module.fabric-node-workflow.aci_leaf_profile.localAciFabricAccessLeafSwitchProfileIteration[\"TEP-1110\"]","module_address":"module.fabric-node-workflow","mode":"managed","type":"aci_leaf_profile","name":"localAciFabricAccessLeafSwitchProfileIteration","index":"TEP-1110","provider_name":"registry.terraform.io/ciscodevnet/aci","change":{"actions":["create"],"before":null,"after":{"annotation":"ORCHESTRATOR:TERRAFORM","description":"CHG456","leaf_selector":[{"name":"1110_LFSEL","node_block":[{"from_":"1110","name":"blk_1110","to_":"1110"}],"switch_association_type":"range"}],"name":"1110_SWPROF","relation_infra_rs_acc_card_p":null},"after_unknown":{"id":true,"leaf_selector":[{"description":true,"id":true,"node_block":[{"description":true,"id":true}]}],"leaf_selector_ids":true,"name_alias":true,"node_block_ids":true,"relation_infra_rs_acc_port_p":true},"before_sensitive":false,"after_sensitive":{"leaf_selector":[{"node_block":[{}]}],"leaf_selector_ids":[],"node_block_ids":[],"relation_infra_rs_acc_port_p":[]}}},{"address":"module.fabric-node-workflow.aci_maintenance_group_node.localACIEvenLeafmaintMaintGrpNodeBlkIteration[\"TEP-1102\"]","module_address":"module.fabric-node-workflow","mode":"managed","type":"aci_maintenance_group_node","name":"localACIEvenLeafmaintMaintGrpNodeBlkIteration","index":"TEP-1102","provider_name":"registry.terraform.io/ciscodevnet/aci","change":{"actions":["create"],"before":null,"after":{"annotation":"ORCHESTRATOR:TERRAFORM","description":"Associated with Maintenance Group EVEN_Leaf_MNTGRP.","from_":"1102","name":"MaintGrpNodeBlk_1102","to_":"1102"},"after_unknown":{"id":true,"name_alias":true,"pod_maintenance_group_dn":true},"before_sensitive":false,"after_sensitive":{}}},{"address":"module.fabric-node-workflow.aci_maintenance_group_node.localACIEvenLeafmaintMaintGrpNodeBlkIteration[\"TEP-1104\"]","module_address":"module.fabric-node-workflow","mode":"managed","type":"aci_maintenance_group_node","name":"localACIEvenLeafmaintMaintGrpNodeBlkIteration","index":"TEP-1104","provider_name":"registry.terraform.io/ciscodevnet/aci","change":{"actions":["create"],"before":null,"after":{"annotation":"ORCHESTRATOR:TERRAFORM","description":"Associated with Maintenance Group EVEN_Leaf_MNTGRP.","from_":"1104","name":"MaintGrpNodeBlk_1104","to_":"1104"},"after_unknown":{"id":true,"name_alias":true,"pod_maintenance_group_dn":true},"before_sensitive":false,"after_sensitive":{}}},{"address":"module.fabric-node-workflow.aci_maintenance_group_node.localACIEvenLeafmaintMaintGrpNodeBlkIteration[\"TEP-1106\"]","module_address":"module.fabric-node-workflow","mode":"managed","type":"aci_maintenance_group_node","name":"localACIEvenLeafmaintMaintGrpNodeBlkIteration","index":"TEP-1106","provider_name":"registry.terraform.io/ciscodevnet/aci","change":{"actions":["create"],"before":null,"after":{"annotation":"ORCHESTRATOR:TERRAFORM","description":"Associated with Maintenance Group EVEN_Leaf_MNTGRP.","from_":"1106","name":"MaintGrpNodeBlk_1106","to_":"1106"},"after_unknown":{"id":true,"name_alias":true,"pod_maintenance_group_dn":true},"before_sensitive":false,"after_sensitive":{}}},{"address":"module.fabric-node-workflow.aci_maintenance_group_node.localACIEvenLeafmaintMaintGrpNodeBlkIteration[\"TEP-1108\"]","module_address":"module.fabric-node-workflow","mode":"managed","type":"aci_maintenance_group_node","name":"localACIEvenLeafmaintMaintGrpNodeBlkIteration","index":"TEP-1108","provider_name":"registry.terraform.io/ciscodevnet/aci","change":{"actions":["create"],"before":null,"after":{"annotation":"ORCHESTRATOR:TERRAFORM","description":"Associated with Maintenance Group EVEN_Leaf_MNTGRP.","from_":"1108","name":"MaintGrpNodeBlk_1108","to_":"1108"},"after_unknown":{"id":true,"name_alias":true,"pod_maintenance_group_dn":true},"before_sensitive":false,"after_sensitive":{}}},{"address":"module.fabric-node-workflow.aci_maintenance_group_node.localACIEvenLeafmaintMaintGrpNodeBlkIteration[\"TEP-1110\"]","module_address":"module.fabric-node-workflow","mode":"managed","type":"aci_maintenance_group_node","name":"localACIEvenLeafmaintMaintGrpNodeBlkIteration","index":"TEP-1110","provider_name":"registry.terraform.io/ciscodevnet/aci","change":{"actions":["create"],"before":null,"after":{"annotation":"ORCHESTRATOR:TERRAFORM","description":"Associated with Maintenance Group EVEN_Leaf_MNTGRP.","from_":"1110","name":"MaintGrpNodeBlk_1110","to_":"1110"},"after_unknown":{"id":true,"name_alias":true,"pod_maintenance_group_dn":true},"before_sensitive":false,"after_sensitive":{}}},{"address":"module.fabric-node-workflow.aci_maintenance_group_node.localACIOddLeafmaintMaintGrpNodeBlkIteration[\"TEP-1101\"]","module_address":"module.fabric-node-workflow","mode":"managed","type":"aci_maintenance_group_node","name":"localACIOddLeafmaintMaintGrpNodeBlkIteration","index":"TEP-1101","provider_name":"registry.terraform.io/ciscodevnet/aci","change":{"actions":["create"],"before":null,"after":{"annotation":"ORCHESTRATOR:TERRAFORM","description":"Associated with Maintenance Group ODD_Leaf_MNTGRP.","from_":"1101","name":"MaintGrpNodeBlk_1101","to_":"1101"},"after_unknown":{"id":true,"name_alias":true,"pod_maintenance_group_dn":true},"before_sensitive":false,"after_sensitive":{}}},{"address":"module.fabric-node-workflow.aci_maintenance_group_node.localACIOddLeafmaintMaintGrpNodeBlkIteration[\"TEP-1103\"]","module_address":"module.fabric-node-workflow","mode":"managed","type":"aci_maintenance_group_node","name":"localACIOddLeafmaintMaintGrpNodeBlkIteration","index":"TEP-1103","provider_name":"registry.terraform.io/ciscodevnet/aci","change":{"actions":["create"],"before":null,"after":{"annotation":"ORCHESTRATOR:TERRAFORM","description":"Associated with Maintenance Group ODD_Leaf_MNTGRP.","from_":"1103","name":"MaintGrpNodeBlk_1103","to_":"1103"},"after_unknown":{"id":true,"name_alias":true,"pod_maintenance_group_dn":true},"before_sensitive":false,"after_sensitive":{}}},{"address":"module.fabric-node-workflow.aci_maintenance_group_node.localACIOddLeafmaintMaintGrpNodeBlkIteration[\"TEP-1105\"]","module_address":"module.fabric-node-workflow","mode":"managed","type":"aci_maintenance_group_node","name":"localACIOddLeafmaintMaintGrpNodeBlkIteration","index":"TEP-1105","provider_name":"registry.terraform.io/ciscodevnet/aci","change":{"actions":["create"],"before":null,"after":{"annotation":"ORCHESTRATOR:TERRAFORM","description":"Associated with Maintenance Group ODD_Leaf_MNTGRP.","from_":"1105","name":"MaintGrpNodeBlk_1105","to_":"1105"},"after_unknown":{"id":true,"name_alias":true,"pod_maintenance_group_dn":true},"before_sensitive":false,"after_sensitive":{}}},{"address":"module.fabric-node-workflow.aci_maintenance_group_node.localACIOddLeafmaintMaintGrpNodeBlkIteration[\"TEP-1107\"]","module_address":"module.fabric-node-workflow","mode":"managed","type":"aci_maintenance_group_node","name":"localACIOddLeafmaintMaintGrpNodeBlkIteration","index":"TEP-1107","provider_name":"registry.terraform.io/ciscodevnet/aci","change":{"actions":["create"],"before":null,"after":{"annotation":"ORCHESTRATOR:TERRAFORM","description":"Associated with Maintenance Group ODD_Leaf_MNTGRP.","from_":"1107","name":"MaintGrpNodeBlk_1107","to_":"1107"},"after_unknown":{"id":true,"name_alias":true,"pod_maintenance_group_dn":true},"before_sensitive":false,"after_sensitive":{}}},{"address":"module.fabric-node-workflow.aci_maintenance_group_node.localACIOddLeafmaintMaintGrpNodeBlkIteration[\"TEP-1109\"]","module_address":"module.fabric-node-workflow","mode":"managed","type":"aci_maintenance_group_node","name":"localACIOddLeafmaintMaintGrpNodeBlkIteration","index":"TEP-1109","provider_name":"registry.terraform.io/ciscodevnet/aci","change":{"actions":["create"],"before":null,"after":{"annotation":"ORCHESTRATOR:TERRAFORM","description":"Associated with Maintenance Group ODD_Leaf_MNTGRP.","from_":"1109","name":"MaintGrpNodeBlk_1109","to_":"1109"},"after_unknown":{"id":true,"name_alias":true,"pod_maintenance_group_dn":true},"before_sensitive":false,"after_sensitive":{}}},{"address":"module.fabric-node-workflow.aci_maintenance_policy.localACIEvenLeafmaintMaintP","module_address":"module.fabric-node-workflow","mode":"managed","type":"aci_maintenance_policy","name":"localACIEvenLeafmaintMaintP","provider_name":"registry.terraform.io/ciscodevnet/aci","change":{"actions":["create"],"before":null,"after":{"admin_st":"triggered","annotation":"ORCHESTRATOR:TERRAFORM","description":"This Maintenance Policy Defines the Firmware/Software Version for Even Numbered Leaf","graceful":"yes","ignore_compat":"yes","name":"EVEN_Leaf_MNTPOL","notif_cond":"notifyNever","relation_maint_rs_pol_notif":null,"relation_maint_rs_pol_scheduler":"uni/fabric/schedp-EVEN_LF_SCHD","relation_trig_rs_triggerable":null,"run_mode":"pauseNever","version":"simsw-6.0(2h)","version_check_override":"untriggered"},"after_unknown":{"id":true,"internal_label":true,"name_alias":true},"before_sensitive":false,"after_sensitive":{}}},{"address":"module.fabric-node-workflow.aci_maintenance_policy.localACIEvenSpinesmaintMaintP","module_address":"module.fabric-node-workflow","mode":"managed","type":"aci_maintenance_policy","name":"localACIEvenSpinesmaintMaintP","provider_name":"registry.terraform.io/ciscodevnet/aci","change":{"actions":["create"],"before":null,"after":{"admin_st":"triggered","annotation":"ORCHESTRATOR:TERRAFORM","description":"This Maintenance Policy Defines the Firmware/Software Version for Even Numbered Spines","graceful":"yes","ignore_compat":"yes","name":"EVEN_SPINES_MNTPOL","notif_cond":"notifyNever","relation_maint_rs_pol_notif":null,"relation_maint_rs_pol_scheduler":"uni/fabric/schedp-EVEN_SPN_SCHD","relation_trig_rs_triggerable":null,"run_mode":"pauseNever","version":"simsw-6.0(2h)","version_check_override":"untriggered"},"after_unknown":{"id":true,"internal_label":true,"name_alias":true},"before_sensitive":false,"after_sensitive":{}}},{"address":"module.fabric-node-workflow.aci_maintenance_policy.localACIOddLeafmaintMaintP","module_address":"module.fabric-node-workflow","mode":"managed","type":"aci_maintenance_policy","name":"localACIOddLeafmaintMaintP","provider_name":"registry.terraform.io/ciscodevnet/aci","change":{"actions":["create"],"before":null,"after":{"admin_st":"triggered","annotation":"ORCHESTRATOR:TERRAFORM","description":"This Maintenance Policy Defines the Firmware/Software Version for Odd Numbered Leaf","graceful":"yes","ignore_compat":"yes","name":"ODD_Leaf_MNTPOL","notif_cond":"notifyNever","relation_maint_rs_pol_notif":null,"relation_maint_rs_pol_scheduler":"uni/fabric/schedp-ODD_LF_SCHD","relation_trig_rs_triggerable":null,"run_mode":"pauseNever","version":"simsw-6.0(2h)","version_check_override":"untriggered"},"after_unknown":{"id":true,"internal_label":true,"name_alias":true},"before_sensitive":false,"after_sensitive":{}}},{"address":"module.fabric-node-workflow.aci_maintenance_policy.localACIOddSpinesmaintMaintP","module_address":"module.fabric-node-workflow","mode":"managed","type":"aci_maintenance_policy","name":"localACIOddSpinesmaintMaintP","provider_name":"registry.terraform.io/ciscodevnet/aci","change":{"actions":["create"],"before":null,"after":{"admin_st":"triggered","annotation":"ORCHESTRATOR:TERRAFORM","description":"This Maintenance Policy Defines the Firmware/Software Version for Odd Numbered Spines","graceful":"yes","ignore_compat":"yes","name":"ODD_SPINES_MNTPOL","notif_cond":"notifyNever","relation_maint_rs_pol_notif":null,"relation_maint_rs_pol_scheduler":"uni/fabric/schedp-ODD_SPN_SCHD","relation_trig_rs_triggerable":null,"run_mode":"pauseNever","version":"simsw-6.0(2h)","version_check_override":"untriggered"},"after_unknown":{"id":true,"internal_label":true,"name_alias":true},"before_sensitive":false,"after_sensitive":{}}},{"address":"module.fabric-node-workflow.aci_node_mgmt_epg.localAciNodeMgmtOobEPG","module_address":"module.fabric-node-workflow","mode":"managed","type":"aci_node_mgmt_epg","name":"localAciNodeMgmtOobEPG","provider_name":"registry.terraform.io/ciscodevnet/aci","change":{"actions":["create"],"before":null,"after":{"annotation":"ORCHESTRATOR:TERRAFORM","description":"Author: Trevor Patch, Terraform Managed Node Out-of-Band Endpoint Group.","management_profile_dn":"uni/tn-mgmt/mgmtp-default","name":"TF_MGD_NODE_OOB_EPG","relation_fv_rs_cons":null,"relation_fv_rs_cons_if":null,"relation_fv_rs_cust_qos_pol":null,"relation_fv_rs_intra_epg":null,"relation_fv_rs_prot_by":null,"relation_fv_rs_prov":null,"relation_fv_rs_sec_inherited":null,"relation_mgmt_rs_in_b_st_node":null,"relation_mgmt_rs_mgmt_bd":null,"relation_mgmt_rs_oo_b_ctx":null,"relation_mgmt_rs_oo_b_prov":["uni/tn-mgmt/oobbrc-TF_MGD_NODE_OOB_CTR"],"relation_mgmt_rs_oo_b_st_node":null,"type":"out_of_band"},"after_unknown":{"encap":true,"exception_tag":true,"flood_on_encap":true,"id":true,"match_t":true,"name_alias":true,"pref_gr_memb":true,"prio":true,"relation_mgmt_rs_oo_b_prov":[false]},"before_sensitive":false,"after_sensitive":{"relation_mgmt_rs_oo_b_prov":[false]}}},{"address":"module.fabric-node-workflow.aci_pod_maintenance_group.localACIEvenLeafmaintMaintGrp","module_address":"module.fabric-node-workflow","mode":"managed","type":"aci_pod_maintenance_group","name":"localACIEvenLeafmaintMaintGrp","provider_name":"registry.terraform.io/ciscodevnet/aci","change":{"actions":["create"],"before":null,"after":{"annotation":"ORCHESTRATOR:TERRAFORM","description":"Associated with Maintenance Policy EVEN_Leaf_MNTPOL.","fwtype":"switch","name":"EVEN_Leaf_MNTGRP","pod_maintenance_group_type":"range"},"after_unknown":{"id":true,"name_alias":true,"relation_maint_rs_mgrpp":true},"before_sensitive":false,"after_sensitive":{}}},{"address":"module.fabric-node-workflow.aci_pod_maintenance_group.localACIEvenSpinesmaintMaintGrp","module_address":"module.fabric-node-workflow","mode":"managed","type":"aci_pod_maintenance_group","name":"localACIEvenSpinesmaintMaintGrp","provider_name":"registry.terraform.io/ciscodevnet/aci","change":{"actions":["create"],"before":null,"after":{"annotation":"ORCHESTRATOR:TERRAFORM","description":"Associated with Maintenance Policy EVEN_SPINES_MNTPOL.","fwtype":"switch","name":"EVEN_SPINES_MNTGRP","pod_maintenance_group_type":"range"},"after_unknown":{"id":true,"name_alias":true,"relation_maint_rs_mgrpp":true},"before_sensitive":false,"after_sensitive":{}}},{"address":"module.fabric-node-workflow.aci_pod_maintenance_group.localACIOddLeafmaintMaintGrp","module_address":"module.fabric-node-workflow","mode":"managed","type":"aci_pod_maintenance_group","name":"localACIOddLeafmaintMaintGrp","provider_name":"registry.terraform.io/ciscodevnet/aci","change":{"actions":["create"],"before":null,"after":{"annotation":"ORCHESTRATOR:TERRAFORM","description":"Associated with Maintenance Policy ODD_Leaf_MNTPOL.","fwtype":"switch","name":"ODD_Leaf_MNTGRP","pod_maintenance_group_type":"range"},"after_unknown":{"id":true,"name_alias":true,"relation_maint_rs_mgrpp":true},"before_sensitive":false,"after_sensitive":{}}},{"address":"module.fabric-node-workflow.aci_pod_maintenance_group.localACIOddSpinesmaintMaintGrp","module_address":"module.fabric-node-workflow","mode":"managed","type":"aci_pod_maintenance_group","name":"localACIOddSpinesmaintMaintGrp","provider_name":"registry.terraform.io/ciscodevnet/aci","change":{"actions":["create"],"before":null,"after":{"annotation":"ORCHESTRATOR:TERRAFORM","description":"Associated with Maintenance Policy ODD_SPINES_MNTPOL.","fwtype":"switch","name":"ODD_SPINES_MNTGRP","pod_maintenance_group_type":"range"},"after_unknown":{"id":true,"name_alias":true,"relation_maint_rs_mgrpp":true},"before_sensitive":false,"after_sensitive":{}}},{"address":"module.fabric-node-workflow.aci_rest.localAciRestLeafSWPROFAssocSWPOLGRP[\"TEP-1101\"]","module_address":"module.fabric-node-workflow","mode":"managed","type":"aci_rest","name":"localAciRestLeafSWPROFAssocSWPOLGRP","index":"TEP-1101","provider_name":"registry.terraform.io/ciscodevnet/aci","change":{"actions":["create"],"before":null,"after":{"content":null,"path":"/api/node/mo/uni/infra/nprof-1101_SWPROF/leaves-1101_LFSEL-typ-range.json","payload":"{\n  \"infraLeafS\": {\n    \"attributes\": {\n      \"dn\": \"uni/infra/nprof-1101_SWPROF/leaves-1101_LFSEL-typ-range\"\n    },\n    \"children\": [\n      {\n        \"infraRsAccNodePGrp\": {\n          \"attributes\": {\n            \"tDn\": \"uni/infra/funcprof/accnodepgrp-1101_SWPOLGRP\",\n            \"status\": \"created\"\n          },\n          \"children\": []\n        }\n      }\n    ]\n  }\n}\n"},"after_unknown":{"class_name":true,"dn":true,"id":true},"before_sensitive":false,"after_sensitive":{}}},{"address":"module.fabric-node-workflow.aci_rest.localAciRestLeafSWPROFAssocSWPOLGRP[\"TEP-1102\"]","module_address":"module.fabric-node-workflow","mode":"managed","type":"aci_rest","name":"localAciRestLeafSWPROFAssocSWPOLGRP","index":"TEP-1102","provider_name":"registry.terraform.io/ciscodevnet/aci","change":{"actions":["create"],"before":null,"after":{"content":null,"path":"/api/node/mo/uni/infra/nprof-1102_SWPROF/leaves-1102_LFSEL-typ-range.json","payload":"{\n  \"infraLeafS\": {\n    \"attributes\": {\n      \"dn\": \"uni/infra/nprof-1102_SWPROF/leaves-1102_LFSEL-typ-range\"\n    },\n    \"children\": [\n      {\n        \"infraRsAccNodePGrp\": {\n          \"attributes\": {\n            \"tDn\": \"uni/infra/funcprof/accnodepgrp-1102_SWPOLGRP\",\n            \"status\": \"created\"\n          },\n          \"children\": []\n        }\n      }\n    ]\n  }\n}\n"},"after_unknown":{"class_name":true,"dn":true,"id":true},"before_sensitive":false,"after_sensitive":{}}},{"address":"module.fabric-node-workflow.aci_rest.localAciRestLeafSWPROFAssocSWPOLGRP[\"TEP-1103\"]","module_address":"module.fabric-node-workflow","mode":"managed","type":"aci_rest","name":"localAciRestLeafSWPROFAssocSWPOLGRP","index":"TEP-1103","provider_name":"registry.terraform.io/ciscodevnet/aci","change":{"actions":["create"],"before":null,"after":{"content":null,"path":"/api/node/mo/uni/infra/nprof-1103_SWPROF/leaves-1103_LFSEL-typ-range.json","payload":"{\n  \"infraLeafS\": {\n    \"attributes\": {\n      \"dn\": \"uni/infra/nprof-1103_SWPROF/leaves-1103_LFSEL-typ-range\"\n    },\n    \"children\": [\n      {\n        \"infraRsAccNodePGrp\": {\n          \"attributes\": {\n            \"tDn\": \"uni/infra/funcprof/accnodepgrp-1103_SWPOLGRP\",\n            \"status\": \"created\"\n          },\n          \"children\": []\n        }\n      }\n    ]\n  }\n}\n"},"after_unknown":{"class_name":true,"dn":true,"id":true},"before_sensitive":false,"after_sensitive":{}}},{"address":"module.fabric-node-workflow.aci_rest.localAciRestLeafSWPROFAssocSWPOLGRP[\"TEP-1104\"]","module_address":"module.fabric-node-workflow","mode":"managed","type":"aci_rest","name":"localAciRestLeafSWPROFAssocSWPOLGRP","index":"TEP-1104","provider_name":"registry.terraform.io/ciscodevnet/aci","change":{"actions":["create"],"before":null,"after":{"content":null,"path":"/api/node/mo/uni/infra/nprof-1104_SWPROF/leaves-1104_LFSEL-typ-range.json","payload":"{\n  \"infraLeafS\": {\n    \"attributes\": {\n      \"dn\": \"uni/infra/nprof-1104_SWPROF/leaves-1104_LFSEL-typ-range\"\n    },\n    \"children\": [\n      {\n        \"infraRsAccNodePGrp\": {\n          \"attributes\": {\n            \"tDn\": \"uni/infra/funcprof/accnodepgrp-1104_SWPOLGRP\",\n            \"status\": \"created\"\n          },\n          \"children\": []\n        }\n      }\n    ]\n  }\n}\n"},"after_unknown":{"class_name":true,"dn":true,"id":true},"before_sensitive":false,"after_sensitive":{}}},{"address":"module.fabric-node-workflow.aci_rest.localAciRestLeafSWPROFAssocSWPOLGRP[\"TEP-1105\"]","module_address":"module.fabric-node-workflow","mode":"managed","type":"aci_rest","name":"localAciRestLeafSWPROFAssocSWPOLGRP","index":"TEP-1105","provider_name":"registry.terraform.io/ciscodevnet/aci","change":{"actions":["create"],"before":null,"after":{"content":null,"path":"/api/node/mo/uni/infra/nprof-1105_SWPROF/leaves-1105_LFSEL-typ-range.json","payload":"{\n  \"infraLeafS\": {\n    \"attributes\": {\n      \"dn\": \"uni/infra/nprof-1105_SWPROF/leaves-1105_LFSEL-typ-range\"\n    },\n    \"children\": [\n      {\n        \"infraRsAccNodePGrp\": {\n          \"attributes\": {\n            \"tDn\": \"uni/infra/funcprof/accnodepgrp-1105_SWPOLGRP\",\n            \"status\": \"created\"\n          },\n          \"children\": []\n        }\n      }\n    ]\n  }\n}\n"},"after_unknown":{"class_name":true,"dn":true,"id":true},"before_sensitive":false,"after_sensitive":{}}},{"address":"module.fabric-node-workflow.aci_rest.localAciRestLeafSWPROFAssocSWPOLGRP[\"TEP-1106\"]","module_address":"module.fabric-node-workflow","mode":"managed","type":"aci_rest","name":"localAciRestLeafSWPROFAssocSWPOLGRP","index":"TEP-1106","provider_name":"registry.terraform.io/ciscodevnet/aci","change":{"actions":["create"],"before":null,"after":{"content":null,"path":"/api/node/mo/uni/infra/nprof-1106_SWPROF/leaves-1106_LFSEL-typ-range.json","payload":"{\n  \"infraLeafS\": {\n    \"attributes\": {\n      \"dn\": \"uni/infra/nprof-1106_SWPROF/leaves-1106_LFSEL-typ-range\"\n    },\n    \"children\": [\n      {\n        \"infraRsAccNodePGrp\": {\n          \"attributes\": {\n            \"tDn\": \"uni/infra/funcprof/accnodepgrp-1106_SWPOLGRP\",\n            \"status\": \"created\"\n          },\n          \"children\": []\n        }\n      }\n    ]\n  }\n}\n"},"after_unknown":{"class_name":true,"dn":true,"id":true},"before_sensitive":false,"after_sensitive":{}}},{"address":"module.fabric-node-workflow.aci_rest.localAciRestLeafSWPROFAssocSWPOLGRP[\"TEP-1107\"]","module_address":"module.fabric-node-workflow","mode":"managed","type":"aci_rest","name":"localAciRestLeafSWPROFAssocSWPOLGRP","index":"TEP-1107","provider_name":"registry.terraform.io/ciscodevnet/aci","change":{"actions":["create"],"before":null,"after":{"content":null,"path":"/api/node/mo/uni/infra/nprof-1107_SWPROF/leaves-1107_LFSEL-typ-range.json","payload":"{\n  \"infraLeafS\": {\n    \"attributes\": {\n      \"dn\": \"uni/infra/nprof-1107_SWPROF/leaves-1107_LFSEL-typ-range\"\n    },\n    \"children\": [\n      {\n        \"infraRsAccNodePGrp\": {\n          \"attributes\": {\n            \"tDn\": \"uni/infra/funcprof/accnodepgrp-1107_SWPOLGRP\",\n            \"status\": \"created\"\n          },\n          \"children\": []\n        }\n      }\n    ]\n  }\n}\n"},"after_unknown":{"class_name":true,"dn":true,"id":true},"before_sensitive":false,"after_sensitive":{}}},{"address":"module.fabric-node-workflow.aci_rest.localAciRestLeafSWPROFAssocSWPOLGRP[\"TEP-1108\"]","module_address":"module.fabric-node-workflow","mode":"managed","type":"aci_rest","name":"localAciRestLeafSWPROFAssocSWPOLGRP","index":"TEP-1108","provider_name":"registry.terraform.io/ciscodevnet/aci","change":{"actions":["create"],"before":null,"after":{"content":null,"path":"/api/node/mo/uni/infra/nprof-1108_SWPROF/leaves-1108_LFSEL-typ-range.json","payload":"{\n  \"infraLeafS\": {\n    \"attributes\": {\n      \"dn\": \"uni/infra/nprof-1108_SWPROF/leaves-1108_LFSEL-typ-range\"\n    },\n    \"children\": [\n      {\n        \"infraRsAccNodePGrp\": {\n          \"attributes\": {\n            \"tDn\": \"uni/infra/funcprof/accnodepgrp-1108_SWPOLGRP\",\n            \"status\": \"created\"\n          },\n          \"children\": []\n        }\n      }\n    ]\n  }\n}\n"},"after_unknown":{"class_name":true,"dn":true,"id":true},"before_sensitive":false,"after_sensitive":{}}},{"address":"module.fabric-node-workflow.aci_rest.localAciRestLeafSWPROFAssocSWPOLGRP[\"TEP-1109\"]","module_address":"module.fabric-node-workflow","mode":"managed","type":"aci_rest","name":"localAciRestLeafSWPROFAssocSWPOLGRP","index":"TEP-1109","provider_name":"registry.terraform.io/ciscodevnet/aci","change":{"actions":["create"],"before":null,"after":{"content":null,"path":"/api/node/mo/uni/infra/nprof-1109_SWPROF/leaves-1109_LFSEL-typ-range.json","payload":"{\n  \"infraLeafS\": {\n    \"attributes\": {\n      \"dn\": \"uni/infra/nprof-1109_SWPROF/leaves-1109_LFSEL-typ-range\"\n    },\n    \"children\": [\n      {\n        \"infraRsAccNodePGrp\": {\n          \"attributes\": {\n            \"tDn\": \"uni/infra/funcprof/accnodepgrp-1109_SWPOLGRP\",\n            \"status\": \"created\"\n          },\n          \"children\": []\n        }\n      }\n    ]\n  }\n}\n"},"after_unknown":{"class_name":true,"dn":true,"id":true},"before_sensitive":false,"after_sensitive":{}}},{"address":"module.fabric-node-workflow.aci_rest.localAciRestLeafSWPROFAssocSWPOLGRP[\"TEP-1110\"]","module_address":"module.fabric-node-workflow","mode":"managed","type":"aci_rest","name":"localAciRestLeafSWPROFAssocSWPOLGRP","index":"TEP-1110","provider_name":"registry.terraform.io/ciscodevnet/aci","change":{"actions":["create"],"before":null,"after":{"content":null,"path":"/api/node/mo/uni/infra/nprof-1110_SWPROF/leaves-1110_LFSEL-typ-range.json","payload":"{\n  \"infraLeafS\": {\n    \"attributes\": {\n      \"dn\": \"uni/infra/nprof-1110_SWPROF/leaves-1110_LFSEL-typ-range\"\n    },\n    \"children\": [\n      {\n        \"infraRsAccNodePGrp\": {\n          \"attributes\": {\n            \"tDn\": \"uni/infra/funcprof/accnodepgrp-1110_SWPOLGRP\",\n            \"status\": \"created\"\n          },\n          \"children\": []\n        }\n      }\n    ]\n  }\n}\n"},"after_unknown":{"class_name":true,"dn":true,"id":true},"before_sensitive":false,"after_sensitive":{}}},{"address":"module.fabric-node-workflow.aci_rest_managed.localACIEvenLeaftrigSchedP","module_address":"module.fabric-node-workflow","mode":"managed","type":"aci_rest_managed","name":"localACIEvenLeaftrigSchedP","provider_name":"registry.terraform.io/ciscodevnet/aci","change":{"actions":["create"],"before":null,"after":{"annotation":"orchestrator:terraform","child":[{"class_name":"trigAbsWindowP","rn":"abswinp-EVEN_LF_TRIG"}],"class_name":"trigSchedP","content":{"name":"EVEN_LF_SCHD","status":"created,modified"},"dn":"uni/fabric/schedp-EVEN_LF_SCHD"},"after_unknown":{"child":[{"content":true}],"content":{},"id":true},"before_sensitive":false,"after_sensitive":{"child":[{"content":{}}],"content":{}}}},{"address":"module.fabric-node-workflow.aci_rest_managed.localACIEvenSpinestrigSchedP","module_address":"module.fabric-node-workflow","mode":"managed","type":"aci_rest_managed","name":"localACIEvenSpinestrigSchedP","provider_name":"registry.terraform.io/ciscodevnet/aci","change":{"actions":["create"],"before":null,"after":{"annotation":"orchestrator:terraform","child":[{"class_name":"trigAbsWindowP","rn":"abswinp-EVEN_SPN_TRIG"}],"class_name":"trigSchedP","content":{"name":"EVEN_SPN_SCHD","status":"created,modified"},"dn":"uni/fabric/schedp-EVEN_SPN_SCHD"},"after_unknown":{"child":[{"content":true}],"content":{},"id":true},"before_sensitive":false,"after_sensitive":{"child":[{"content":{}}],"content":{}}}},{"address":"module.fabric-node-workflow.aci_rest_managed.localACIOddLeaftrigSchedP","module_address":"module.fabric-node-workflow","mode":"managed","type":"aci_rest_managed","name":"localACIOddLeaftrigSchedP","provider_name":"registry.terraform.io/ciscodevnet/aci","change":{"actions":["create"],"before":null,"after":{"annotation":"orchestrator:terraform","child":[{"class_name":"trigAbsWindowP","rn":"abswinp-ODD_LF_TRIG"}],"class_name":"trigSchedP","content":{"name":"ODD_LF_SCHD","status":"created,modified"},"dn":"uni/fabric/schedp-ODD_LF_SCHD"},"after_unknown":{"child":[{"content":true}],"content":{},"id":true},"before_sensitive":false,"after_sensitive":{"child":[{"content":{}}],"content":{}}}},{"address":"module.fabric-node-workflow.aci_rest_managed.localACIOddSpinestrigSchedP","module_address":"module.fabric-node-workflow","mode":"managed","type":"aci_rest_managed","name":"localACIOddSpinestrigSchedP","provider_name":"registry.terraform.io/ciscodevnet/aci","change":{"actions":["create"],"before":null,"after":{"annotation":"orchestrator:terraform","child":[{"class_name":"trigAbsWindowP","rn":"abswinp-ODD_SPN_TRIG"}],"class_name":"trigSchedP","content":{"name":"ODD_SPN_SCHD","status":"created,modified"},"dn":"uni/fabric/schedp-ODD_SPN_SCHD"},"after_unknown":{"child":[{"content":true}],"content":{},"id":true},"before_sensitive":false,"after_sensitive":{"child":[{"content":{}}],"content":{}}}},{"address":"module.fabric-node-workflow.aci_rest_managed.localAciNodeMgmtOobCtr","module_address":"module.fabric-node-workflow","mode":"managed","type":"aci_rest_managed","name":"localAciNodeMgmtOobCtr","provider_name":"registry.terraform.io/ciscodevnet/aci","change":{"actions":["create"],"before":null,"after":{"annotation":"orchestrator:terraform","child":[],"class_name":"vzOOBBrCP","content":{"descr":"Author: Trevor Patch, Terraform Managed Node Out-of-Band Interface Contract.","intent":"install","name":"TF_MGD_NODE_OOB_CTR","prio":"unspecified","scope":"context","targetDscp":"unspecified"},"dn":"uni/tn-mgmt/oobbrc-TF_MGD_NODE_OOB_CTR"},"after_unknown":{"child":[],"content":{},"id":true},"before_sensitive":false,"after_sensitive":{"child":[],"content":{}}}},{"address":"module.fabric-node-workflow.aci_static_node_mgmt_address.localAciStaticNodeMgmtAddrIteration[\"TEP-1101\"]","module_address":"module.fabric-node-workflow","mode":"managed","type":"aci_static_node_mgmt_address","name":"localAciStaticNodeMgmtAddrIteration","index":"TEP-1101","provider_name":"registry.terraform.io/ciscodevnet/aci","change":{"actions":["create"],"before":null,"after":{"addr":"10.10.10.101/24","annotation":"ORCHESTRATOR:TERRAFORM","description":"CHG123","gw":"10.10.10.1","t_dn":"topology/pod-1/node-1101","type":"out_of_band"},"after_unknown":{"id":true,"management_epg_dn":true,"v6_addr":true,"v6_gw":true},"before_sensitive":false,"after_sensitive":{}}},{"address":"module.fabric-node-workflow.aci_static_node_mgmt_address.localAciStaticNodeMgmtAddrIteration[\"TEP-1102\"]","module_address":"module.fabric-node-workflow","mode":"managed","type":"aci_static_node_mgmt_address","name":"localAciStaticNodeMgmtAddrIteration","index":"TEP-1102","provider_name":"registry.terraform.io/ciscodevnet/aci","change":{"actions":["create"],"before":null,"after":{"addr":"10.10.10.102/24","annotation":"ORCHESTRATOR:TERRAFORM","description":"CHG456","gw":"10.10.10.1","t_dn":"topology/pod-1/node-1102","type":"out_of_band"},"after_unknown":{"id":true,"management_epg_dn":true,"v6_addr":true,"v6_gw":true},"before_sensitive":false,"after_sensitive":{}}},{"address":"module.fabric-node-workflow.aci_static_node_mgmt_address.localAciStaticNodeMgmtAddrIteration[\"TEP-1103\"]","module_address":"module.fabric-node-workflow","mode":"managed","type":"aci_static_node_mgmt_address","name":"localAciStaticNodeMgmtAddrIteration","index":"TEP-1103","provider_name":"registry.terraform.io/ciscodevnet/aci","change":{"actions":["create"],"before":null,"after":{"addr":"10.10.10.103/24","annotation":"ORCHESTRATOR:TERRAFORM","description":"CHG123","gw":"10.10.10.1","t_dn":"topology/pod-1/node-1103","type":"out_of_band"},"after_unknown":{"id":true,"management_epg_dn":true,"v6_addr":true,"v6_gw":true},"before_sensitive":false,"after_sensitive":{}}},{"address":"module.fabric-node-workflow.aci_static_node_mgmt_address.localAciStaticNodeMgmtAddrIteration[\"TEP-1104\"]","module_address":"module.fabric-node-workflow","mode":"managed","type":"aci_static_node_mgmt_address","name":"localAciStaticNodeMgmtAddrIteration","index":"TEP-1104","provider_name":"registry.terraform.io/ciscodevnet/aci","change":{"actions":["create"],"before":null,"after":{"addr":"10.10.10.104/24","annotation":"ORCHESTRATOR:TERRAFORM","description":"CHG456","gw":"10.10.10.1","t_dn":"topology/pod-1/node-1104","type":"out_of_band"},"after_unknown":{"id":true,"management_epg_dn":true,"v6_addr":true,"v6_gw":true},"before_sensitive":false,"after_sensitive":{}}},{"address":"module.fabric-node-workflow.aci_static_node_mgmt_address.localAciStaticNodeMgmtAddrIteration[\"TEP-1105\"]","module_address":"module.fabric-node-workflow","mode":"managed","type":"aci_static_node_mgmt_address","name":"localAciStaticNodeMgmtAddrIteration","index":"TEP-1105","provider_name":"registry.terraform.io/ciscodevnet/aci","change":{"actions":["create"],"before":null,"after":{"addr":"10.10.10.105/24","annotation":"ORCHESTRATOR:TERRAFORM","description":"CHG123","gw":"10.10.10.1","t_dn":"topology/pod-1/node-1105","type":"out_of_band"},"after_unknown":{"id":true,"management_epg_dn":true,"v6_addr":true,"v6_gw":true},"before_sensitive":false,"after_sensitive":{}}},{"address":"module.fabric-node-workflow.aci_static_node_mgmt_address.localAciStaticNodeMgmtAddrIteration[\"TEP-1106\"]","module_address":"module.fabric-node-workflow","mode":"managed","type":"aci_static_node_mgmt_address","name":"localAciStaticNodeMgmtAddrIteration","index":"TEP-1106","provider_name":"registry.terraform.io/ciscodevnet/aci","change":{"actions":["create"],"before":null,"after":{"addr":"10.10.10.106/24","annotation":"ORCHESTRATOR:TERRAFORM","description":"CHG456","gw":"10.10.10.1","t_dn":"topology/pod-1/node-1106","type":"out_of_band"},"after_unknown":{"id":true,"management_epg_dn":true,"v6_addr":true,"v6_gw":true},"before_sensitive":false,"after_sensitive":{}}},{"address":"module.fabric-node-workflow.aci_static_node_mgmt_address.localAciStaticNodeMgmtAddrIteration[\"TEP-1107\"]","module_address":"module.fabric-node-workflow","mode":"managed","type":"aci_static_node_mgmt_address","name":"localAciStaticNodeMgmtAddrIteration","index":"TEP-1107","provider_name":"registry.terraform.io/ciscodevnet/aci","change":{"actions":["create"],"before":null,"after":{"addr":"10.10.10.107/24","annotation":"ORCHESTRATOR:TERRAFORM","description":"CHG123","gw":"10.10.10.1","t_dn":"topology/pod-1/node-1107","type":"out_of_band"},"after_unknown":{"id":true,"management_epg_dn":true,"v6_addr":true,"v6_gw":true},"before_sensitive":false,"after_sensitive":{}}},{"address":"module.fabric-node-workflow.aci_static_node_mgmt_address.localAciStaticNodeMgmtAddrIteration[\"TEP-1108\"]","module_address":"module.fabric-node-workflow","mode":"managed","type":"aci_static_node_mgmt_address","name":"localAciStaticNodeMgmtAddrIteration","index":"TEP-1108","provider_name":"registry.terraform.io/ciscodevnet/aci","change":{"actions":["create"],"before":null,"after":{"addr":"10.10.10.108/24","annotation":"ORCHESTRATOR:TERRAFORM","description":"CHG456","gw":"10.10.10.1","t_dn":"topology/pod-1/node-1108","type":"out_of_band"},"after_unknown":{"id":true,"management_epg_dn":true,"v6_addr":true,"v6_gw":true},"before_sensitive":false,"after_sensitive":{}}},{"address":"module.fabric-node-workflow.aci_static_node_mgmt_address.localAciStaticNodeMgmtAddrIteration[\"TEP-1109\"]","module_address":"module.fabric-node-workflow","mode":"managed","type":"aci_static_node_mgmt_address","name":"localAciStaticNodeMgmtAddrIteration","index":"TEP-1109","provider_name":"registry.terraform.io/ciscodevnet/aci","change":{"actions":["create"],"before":null,"after":{"addr":"10.10.10.109/24","annotation":"ORCHESTRATOR:TERRAFORM","description":"CHG123","gw":"10.10.10.1","t_dn":"topology/pod-1/node-1109","type":"out_of_band"},"after_unknown":{"id":true,"management_epg_dn":true,"v6_addr":true,"v6_gw":true},"before_sensitive":false,"after_sensitive":{}}},{"address":"module.fabric-node-workflow.aci_static_node_mgmt_address.localAciStaticNodeMgmtAddrIteration[\"TEP-1110\"]","module_address":"module.fabric-node-workflow","mode":"managed","type":"aci_static_node_mgmt_address","name":"localAciStaticNodeMgmtAddrIteration","index":"TEP-1110","provider_name":"registry.terraform.io/ciscodevnet/aci","change":{"actions":["create"],"before":null,"after":{"addr":"10.10.10.110/24","annotation":"ORCHESTRATOR:TERRAFORM","description":"CHG456","gw":"10.10.10.1","t_dn":"topology/pod-1/node-1110","type":"out_of_band"},"after_unknown":{"id":true,"management_epg_dn":true,"v6_addr":true,"v6_gw":true},"before_sensitive":false,"after_sensitive":{}}},{"address":"module.fabric-node-workflow.aci_vpc_domain_policy.localAciVpcDomainPolicyIteration[\"1101-1102\"]","module_address":"module.fabric-node-workflow","mode":"managed","type":"aci_vpc_domain_policy","name":"localAciVpcDomainPolicyIteration","index":"1101-1102","provider_name":"registry.terraform.io/ciscodevnet/aci","change":{"actions":["create"],"before":null,"after":{"annotation":"ORCHESTRATOR:TERRAFORM","dead_intvl":"200","name":"1101-1102_VDP"},"after_unknown":{"description":true,"id":true,"name_alias":true},"before_sensitive":false,"after_sensitive":{}}},{"address":"module.fabric-node-workflow.aci_vpc_domain_policy.localAciVpcDomainPolicyIteration[\"1103-1104\"]","module_address":"module.fabric-node-workflow","mode":"managed","type":"aci_vpc_domain_policy","name":"localAciVpcDomainPolicyIteration","index":"1103-1104","provider_name":"registry.terraform.io/ciscodevnet/aci","change":{"actions":["create"],"before":null,"after":{"annotation":"ORCHESTRATOR:TERRAFORM","dead_intvl":"200","name":"1103-1104_VDP"},"after_unknown":{"description":true,"id":true,"name_alias":true},"before_sensitive":false,"after_sensitive":{}}},{"address":"module.fabric-node-workflow.aci_vpc_domain_policy.localAciVpcDomainPolicyIteration[\"1105-1106\"]","module_address":"module.fabric-node-workflow","mode":"managed","type":"aci_vpc_domain_policy","name":"localAciVpcDomainPolicyIteration","index":"1105-1106","provider_name":"registry.terraform.io/ciscodevnet/aci","change":{"actions":["create"],"before":null,"after":{"annotation":"ORCHESTRATOR:TERRAFORM","dead_intvl":"200","name":"1105-1106_VDP"},"after_unknown":{"description":true,"id":true,"name_alias":true},"before_sensitive":false,"after_sensitive":{}}},{"address":"module.fabric-node-workflow.aci_vpc_domain_policy.localAciVpcDomainPolicyIteration[\"1107-1108\"]","module_address":"module.fabric-node-workflow","mode":"managed","type":"aci_vpc_domain_policy","name":"localAciVpcDomainPolicyIteration","index":"1107-1108","provider_name":"registry.terraform.io/ciscodevnet/aci","change":{"actions":["create"],"before":null,"after":{"annotation":"ORCHESTRATOR:TERRAFORM","dead_intvl":"200","name":"1107-1108_VDP"},"after_unknown":{"description":true,"id":true,"name_alias":true},"before_sensitive":false,"after_sensitive":{}}},{"address":"module.fabric-node-workflow.aci_vpc_domain_policy.localAciVpcDomainPolicyIteration[\"1109-1110\"]","module_address":"module.fabric-node-workflow","mode":"managed","type":"aci_vpc_domain_policy","name":"localAciVpcDomainPolicyIteration","index":"1109-1110","provider_name":"registry.terraform.io/ciscodevnet/aci","change":{"actions":["create"],"before":null,"after":{"annotation":"ORCHESTRATOR:TERRAFORM","dead_intvl":"200","name":"1109-1110_VDP"},"after_unknown":{"description":true,"id":true,"name_alias":true},"before_sensitive":false,"after_sensitive":{}}},{"address":"module.fabric-node-workflow.aci_vpc_explicit_protection_group.localAciVpcExplictProtectionGroupIteration[\"1101-1102\"]","module_address":"module.fabric-node-workflow","mode":"managed","type":"aci_vpc_explicit_protection_group","name":"localAciVpcExplictProtectionGroupIteration","index":"1101-1102","provider_name":"registry.terraform.io/ciscodevnet/aci","change":{"actions":["create"],"before":null,"after":{"annotation":"ORCHESTRATOR:TERRAFORM","name":"1101-1102_VEPG","switch1":"1101","switch2":"1102","vpc_domain_policy":"1101-1102_VDP","vpc_explicit_protection_group_id":"1"},"after_unknown":{"id":true},"before_sensitive":false,"after_sensitive":{}}},{"address":"module.fabric-node-workflow.aci_vpc_explicit_protection_group.localAciVpcExplictProtectionGroupIteration[\"1103-1104\"]","module_address":"module.fabric-node-workflow","mode":"managed","type":"aci_vpc_explicit_protection_group","name":"localAciVpcExplictProtectionGroupIteration","index":"1103-1104","provider_name":"registry.terraform.io/ciscodevnet/aci","change":{"actions":["create"],"before":null,"after":{"annotation":"ORCHESTRATOR:TERRAFORM","name":"1103-1104_VEPG","switch1":"1103","switch2":"1104","vpc_domain_policy":"1103-1104_VDP","vpc_explicit_protection_group_id":"2"},"after_unknown":{"id":true},"before_sensitive":false,"after_sensitive":{}}},{"address":"module.fabric-node-workflow.aci_vpc_explicit_protection_group.localAciVpcExplictProtectionGroupIteration[\"1105-1106\"]","module_address":"module.fabric-node-workflow","mode":"managed","type":"aci_vpc_explicit_protection_group","name":"localAciVpcExplictProtectionGroupIteration","index":"1105-1106","provider_name":"registry.terraform.io/ciscodevnet/aci","change":{"actions":["create"],"before":null,"after":{"annotation":"ORCHESTRATOR:TERRAFORM","name":"1105-1106_VEPG","switch1":"1105","switch2":"1106","vpc_domain_policy":"1105-1106_VDP","vpc_explicit_protection_group_id":"3"},"after_unknown":{"id":true},"before_sensitive":false,"after_sensitive":{}}},{"address":"module.fabric-node-workflow.aci_vpc_explicit_protection_group.localAciVpcExplictProtectionGroupIteration[\"1107-1108\"]","module_address":"module.fabric-node-workflow","mode":"managed","type":"aci_vpc_explicit_protection_group","name":"localAciVpcExplictProtectionGroupIteration","index":"1107-1108","provider_name":"registry.terraform.io/ciscodevnet/aci","change":{"actions":["create"],"before":null,"after":{"annotation":"ORCHESTRATOR:TERRAFORM","name":"1107-1108_VEPG","switch1":"1107","switch2":"1108","vpc_domain_policy":"1107-1108_VDP","vpc_explicit_protection_group_id":"4"},"after_unknown":{"id":true},"before_sensitive":false,"after_sensitive":{}}},{"address":"module.fabric-node-workflow.aci_vpc_explicit_protection_group.localAciVpcExplictProtectionGroupIteration[\"1109-1110\"]","module_address":"module.fabric-node-workflow","mode":"managed","type":"aci_vpc_explicit_protection_group","name":"localAciVpcExplictProtectionGroupIteration","index":"1109-1110","provider_name":"registry.terraform.io/ciscodevnet/aci","change":{"actions":["create"],"before":null,"after":{"annotation":"ORCHESTRATOR:TERRAFORM","name":"1109-1110_VEPG","switch1":"1109","switch2":"1110","vpc_domain_policy":"1109-1110_VDP","vpc_explicit_protection_group_id":"5"},"after_unknown":{"id":true},"before_sensitive":false,"after_sensitive":{}}},{"address":"module.fabric-node-workflow.null_resource.localAciEvenLeafNodeStageFirmware[\"TEP-1102\"]","module_address":"module.fabric-node-workflow","mode":"managed","type":"null_resource","name":"localAciEvenLeafNodeStageFirmware","index":"TEP-1102","provider_name":"registry.terraform.io/hashicorp/null","change":{"actions":["create"],"before":null,"after":{"triggers":null},"after_unknown":{"id":true},"before_sensitive":false,"after_sensitive":{}}},{"address":"module.fabric-node-workflow.null_resource.localAciEvenLeafNodeStageFirmware[\"TEP-1104\"]","module_address":"module.fabric-node-workflow","mode":"managed","type":"null_resource","name":"localAciEvenLeafNodeStageFirmware","index":"TEP-1104","provider_name":"registry.terraform.io/hashicorp/null","change":{"actions":["create"],"before":null,"after":{"triggers":null},"after_unknown":{"id":true},"before_sensitive":false,"after_sensitive":{}}},{"address":"module.fabric-node-workflow.null_resource.localAciEvenLeafNodeStageFirmware[\"TEP-1106\"]","module_address":"module.fabric-node-workflow","mode":"managed","type":"null_resource","name":"localAciEvenLeafNodeStageFirmware","index":"TEP-1106","provider_name":"registry.terraform.io/hashicorp/null","change":{"actions":["create"],"before":null,"after":{"triggers":null},"after_unknown":{"id":true},"before_sensitive":false,"after_sensitive":{}}},{"address":"module.fabric-node-workflow.null_resource.localAciEvenLeafNodeStageFirmware[\"TEP-1108\"]","module_address":"module.fabric-node-workflow","mode":"managed","type":"null_resource","name":"localAciEvenLeafNodeStageFirmware","index":"TEP-1108","provider_name":"registry.terraform.io/hashicorp/null","change":{"actions":["create"],"before":null,"after":{"triggers":null},"after_unknown":{"id":true},"before_sensitive":false,"after_sensitive":{}}},{"address":"module.fabric-node-workflow.null_resource.localAciEvenLeafNodeStageFirmware[\"TEP-1110\"]","module_address":"module.fabric-node-workflow","mode":"managed","type":"null_resource","name":"localAciEvenLeafNodeStageFirmware","index":"TEP-1110","provider_name":"registry.terraform.io/hashicorp/null","change":{"actions":["create"],"before":null,"after":{"triggers":null},"after_unknown":{"id":true},"before_sensitive":false,"after_sensitive":{}}},{"address":"module.fabric-node-workflow.null_resource.localAciOddLeafNodeStageFirmware[\"TEP-1101\"]","module_address":"module.fabric-node-workflow","mode":"managed","type":"null_resource","name":"localAciOddLeafNodeStageFirmware","index":"TEP-1101","provider_name":"registry.terraform.io/hashicorp/null","change":{"actions":["create"],"before":null,"after":{"triggers":null},"after_unknown":{"id":true},"before_sensitive":false,"after_sensitive":{}}},{"address":"module.fabric-node-workflow.null_resource.localAciOddLeafNodeStageFirmware[\"TEP-1103\"]","module_address":"module.fabric-node-workflow","mode":"managed","type":"null_resource","name":"localAciOddLeafNodeStageFirmware","index":"TEP-1103","provider_name":"registry.terraform.io/hashicorp/null","change":{"actions":["create"],"before":null,"after":{"triggers":null},"after_unknown":{"id":true},"before_sensitive":false,"after_sensitive":{}}},{"address":"module.fabric-node-workflow.null_resource.localAciOddLeafNodeStageFirmware[\"TEP-1105\"]","module_address":"module.fabric-node-workflow","mode":"managed","type":"null_resource","name":"localAciOddLeafNodeStageFirmware","index":"TEP-1105","provider_name":"registry.terraform.io/hashicorp/null","change":{"actions":["create"],"before":null,"after":{"triggers":null},"after_unknown":{"id":true},"before_sensitive":false,"after_sensitive":{}}},{"address":"module.fabric-node-workflow.null_resource.localAciOddLeafNodeStageFirmware[\"TEP-1107\"]","module_address":"module.fabric-node-workflow","mode":"managed","type":"null_resource","name":"localAciOddLeafNodeStageFirmware","index":"TEP-1107","provider_name":"registry.terraform.io/hashicorp/null","change":{"actions":["create"],"before":null,"after":{"triggers":null},"after_unknown":{"id":true},"before_sensitive":false,"after_sensitive":{}}},{"address":"module.fabric-node-workflow.null_resource.localAciOddLeafNodeStageFirmware[\"TEP-1109\"]","module_address":"module.fabric-node-workflow","mode":"managed","type":"null_resource","name":"localAciOddLeafNodeStageFirmware","index":"TEP-1109","provider_name":"registry.terraform.io/hashicorp/null","change":{"actions":["create"],"before":null,"after":{"triggers":null},"after_unknown":{"id":true},"before_sensitive":false,"after_sensitive":{}}}],"prior_state":{"format_version":"1.0","terraform_version":"1.6.6","values":{"root_module":{"child_modules":[{"resources":[{"address":"module.fabric-node-workflow.data.aci_tenant.dataLocalAciTenantMgmt","mode":"data","type":"aci_tenant","name":"dataLocalAciTenantMgmt","provider_name":"registry.terraform.io/ciscodevnet/aci","schema_version":0,"values":{"annotation":"","description":"","id":"uni/tn-mgmt","name":"mgmt","name_alias":""},"sensitive_values":{}}],"address":"module.fabric-node-workflow"}]}}},"configuration":{"provider_config":{"aci":{"name":"aci","full_name":"registry.terraform.io/ciscodevnet/aci","expressions":{"insecure":{"constant_value":true},"password":{"references":["var.CISCO_ACI_TERRAFORM_PASSWORD"]},"url":{"references":["var.CISCO_ACI_APIC_IP_ADDRESS"]},"username":{"references":["var.CISCO_ACI_TERRAFORM_USERNAME"]}}},"module.fabric-node-workflow:null":{"name":"null","full_name":"registry.terraform.io/hashicorp/null","module_address":"module.fabric-node-workflow"}},"root_module":{"module_calls":{"fabric-interface-blacklist-workflow":{"source":"./modules/fabric-interface-blacklist-workflow","module":{"resources":[{"address":"aci_interface_blacklist.localAciFabricFexInterfaceBlacklist","mode":"managed","type":"aci_interface_blacklist","name":"localAciFabricFexInterfaceBlacklist","provider_config_key":"aci","expressions":{"annotation":{"constant_value":"ORCHESTRATOR:TERRAFORM"},"fex_id":{"references":["each.value.SWITCH_FEX_ID","each.value"]},"interface":{"references":["each.value.SWITCH_INTERFACE_ID","each.value"]},"node_id":{"references":["each.value.SWITCH_NODE_ID","each.value"]},"pod_id":{"references":["each.value.SWITCH_POD_ID","each.value"]}},"schema_version":1,"for_each_expression":{"references":["local.FilteredAciFabricFexInterfaceBlacklist"]}},{"address":"aci_interface_blacklist.localAciFabricInterfaceBlacklist","mode":"managed","type":"aci_interface_blacklist","name":"localAciFabricInterfaceBlacklist","provider_config_key":"aci","expressions":{"annotation":{"constant_value":"ORCHESTRATOR:TERRAFORM"},"interface":{"references":["each.value.SWITCH_INTERFACE_ID","each.value"]},"node_id":{"references":["each.value.SWITCH_NODE_ID","each.value"]},"pod_id":{"references":["each.value.SWITCH_POD_ID","each.value"]}},"schema_version":1,"for_each_expression":{"references":["local.FilteredAciFabricInterfaceBlacklist"]}}]}},"fabric-node-workflow":{"source":"./modules/fabric-node-workflow","expressions":{"EVEN_LEAF_VERSION":{"references":["var.EVEN_LEAF_VERSION"]},"EVEN_SPINE_VERSION":{"references":["var.EVEN_SPINE_VERSION"]},"ODD_LEAF_VERSION":{"references":["var.ODD_LEAF_VERSION"]},"ODD_SPINE_VERSION":{"references":["var.ODD_SPINE_VERSION"]}},"module":{"resources":[{"address":"aci_access_switch_policy_group.localAciFabricAccessLeafSwitchPolicyGroupIteration","mode":"managed","type":"aci_access_switch_policy_group","name":"localAciFabricAccessLeafSwitchPolicyGroupIteration","provider_config_key":"aci","expressions":{"annotation":{"constant_value":"ORCHESTRATOR:TERRAFORM"},"description":{"references":["each.value.SNOW_RECORD","each.value"]},"name":{"references":["each.value.SWITCH_NODE_ID","each.value"]},"relation_infra_rs_bfd_ipv4_inst_pol":{"constant_value":"uni/infra/bfdIpv4Inst-default"},"relation_infra_rs_bfd_ipv6_inst_pol":{"constant_value":"uni/infra/bfdIpv6Inst-default"},"relation_infra_rs_bfd_mh_ipv4_inst_pol":{"constant_value":"uni/infra/bfdMhIpv4Inst-default"},"relation_infra_rs_bfd_mh_ipv6_inst_pol":{"constant_value":"uni/infra/bfdMhIpv6Inst-default"},"relation_infra_rs_equipment_flash_config_pol":{"constant_value":"uni/infra/flashconfigpol-default"},"relation_infra_rs_fc_fabric_pol":{"constant_value":"uni/infra/fcfabricpol-default"},"relation_infra_rs_fc_inst_pol":{"constant_value":"uni/infra/fcinstpol-default"},"relation_infra_rs_iacl_leaf_profile":{"constant_value":"uni/infra/iaclleafp-default"},"relation_infra_rs_l2_node_auth_pol":{"constant_value":"uni/infra/nodeauthpol-default"},"relation_infra_rs_leaf_copp_profile":{"constant_value":"uni/infra/coppleafp-default"},"relation_infra_rs_leaf_p_grp_to_cdp_if_pol":{"constant_value":"uni/infra/cdpIfP-default"},"relation_infra_rs_leaf_p_grp_to_lldp_if_pol":{"constant_value":"uni/infra/lldpIfP-default"},"relation_infra_rs_mon_node_infra_pol":{"constant_value":"uni/infra/moninfra-default"},"relation_infra_rs_mst_inst_pol":{"constant_value":"uni/infra/mstpInstPol-default"},"relation_infra_rs_poe_inst_pol":{"constant_value":"uni/infra/poeInstP-default"},"relation_infra_rs_topoctrl_fast_link_failover_inst_pol":{"constant_value":"uni/infra/fastlinkfailoverinstpol-default"},"relation_infra_rs_topoctrl_fwd_scale_prof_pol":{"constant_value":"uni/infra/fwdscalepol-default"}},"schema_version":1,"for_each_expression":{"references":["local.FilteredLeafRoleAciFabricNodeMembers"]}},{"address":"aci_contract_subject.localAciNodeMgmtOobCtrSubj","mode":"managed","type":"aci_contract_subject","name":"localAciNodeMgmtOobCtrSubj","provider_config_key":"aci","expressions":{"annotation":{"constant_value":"ORCHESTRATOR:TERRAFORM"},"contract_dn":{"references":["aci_rest_managed.localAciNodeMgmtOobCtr.id","aci_rest_managed.localAciNodeMgmtOobCtr"]},"description":{"constant_value":"Author: Trevor Patch, Terraform Managed Node Out-of-Band Interface Contract Subject."},"name":{"constant_value":"TF_MGD_NODE_OOB_CTR_SUBJ"},"rev_flt_ports":{"constant_value":"yes"}},"schema_version":1},{"address":"aci_contract_subject_filter.localAciNodeMgmtOobCtrSubjFiltAssoc","mode":"managed","type":"aci_contract_subject_filter","name":"localAciNodeMgmtOobCtrSubjFiltAssoc","provider_config_key":"aci","expressions":{"action":{"constant_value":"permit"},"contract_subject_dn":{"references":["aci_contract_subject.localAciNodeMgmtOobCtrSubj.id","aci_contract_subject.localAciNodeMgmtOobCtrSubj"]},"directives":{"constant_value":["log"]},"filter_dn":{"references":["aci_filter.localAciNodeMgmtOobCtrSubjFilt.id","aci_filter.localAciNodeMgmtOobCtrSubjFilt"]},"priority_override":{"constant_value":"default"}},"schema_version":1},{"address":"aci_fabric_node_member.localAciFabricNodeMemberIteration","mode":"managed","type":"aci_fabric_node_member","name":"localAciFabricNodeMemberIteration","provider_config_key":"aci","expressions":{"annotation":{"constant_value":"ORCHESTRATOR:TERRAFORM"},"description":{"references":["each.value.SNOW_RECORD","each.value"]},"ext_pool_id":{"constant_value":"0"},"fabric_id":{"constant_value":"1"},"name":{"references":["each.value.SWITCH_NAME","each.value"]},"node_id":{"references":["each.value.SWITCH_NODE_ID","each.value"]},"node_type":{"constant_value":"unspecified"},"pod_id":{"references":["each.value.SWITCH_POD_ID","each.value"]},"role":{"references":["each.value.SWITCH_ROLE","each.value"]},"serial":{"references":["each.value.SWITCH_SERIAL_NUMBER","each.value"]}},"schema_version":1,"for_each_expression":{"references":["local.FilteredSwitchRoleAciFabricNodeMembers"]}},{"address":"aci_filter.localAciNodeMgmtOobCtrSubjFilt","mode":"managed","type":"aci_filter","name":"localAciNodeMgmtOobCtrSubjFilt","provider_config_key":"aci","expressions":{"annotation":{"constant_value":"ORCHESTRATOR:TERRAFORM"},"description":{"constant_value":"Author: Trevor Patch, Terraform Managed Node Out-of-Band Interface Contract Subject Filter."},"name":{"constant_value":"TF_MGD_NODE_OOB_CTR_SUBJ_FILT"},"tenant_dn":{"references":["data.aci_tenant.dataLocalAciTenantMgmt.id","data.aci_tenant.dataLocalAciTenantMgmt"]}},"schema_version":1},{"address":"aci_filter_entry.localAciNodeMgmtOobCtrSubjFiltAllowArpReply","mode":"managed","type":"aci_filter_entry","name":"localAciNodeMgmtOobCtrSubjFiltAllowArpReply","provider_config_key":"aci","expressions":{"arp_opc":{"constant_value":"reply"},"description":{"constant_value":"Allows ARP Replies to/from the Terraform Managed Node Out-Of-Band Management Interface."},"ether_t":{"constant_value":"arp"},"filter_dn":{"references":["aci_filter.localAciNodeMgmtOobCtrSubjFilt.id","aci_filter.localAciNodeMgmtOobCtrSubjFilt"]},"name":{"constant_value":"allow-arp-reply"}},"schema_version":1},{"address":"aci_filter_entry.localAciNodeMgmtOobCtrSubjFiltAllowArpReq","mode":"managed","type":"aci_filter_entry","name":"localAciNodeMgmtOobCtrSubjFiltAllowArpReq","provider_config_key":"aci","expressions":{"arp_opc":{"constant_value":"req"},"description":{"constant_value":"Allows ARP Requests to/from the Terraform Managed Node Out-Of-Band Management Interface."},"ether_t":{"constant_value":"arp"},"filter_dn":{"references":["aci_filter.localAciNodeMgmtOobCtrSubjFilt.id","aci_filter.localAciNodeMgmtOobCtrSubjFilt"]},"name":{"constant_value":"allow-arp-request"}},"schema_version":1},{"address":"aci_filter_entry.localAciNodeMgmtOobCtrSubjFiltProtocolIcmpIteration","mode":"managed","type":"aci_filter_entry","name":"localAciNodeMgmtOobCtrSubjFiltProtocolIcmpIteration","provider_config_key":"aci","expressions":{"description":{"references":["each.value.SNOW_RECORD","each.value","each.value.PROTOCOL","each.value"]},"ether_t":{"constant_value":"ipv4"},"filter_dn":{"references":["aci_filter.localAciNodeMgmtOobCtrSubjFilt.id","aci_filter.localAciNodeMgmtOobCtrSubjFilt"]},"name":{"references":["each.value.RULE_NAME","each.value"]},"prot":{"references":["each.value.PROTOCOL","each.value"]},"stateful":{"constant_value":"yes"}},"schema_version":1,"for_each_expression":{"references":["local.FilteredProtocolIcmp"]}},{"address":"aci_filter_entry.localAciNodeMgmtOobCtrSubjFiltProtocolTcpUdpIteration","mode":"managed","type":"aci_filter_entry","name":"localAciNodeMgmtOobCtrSubjFiltProtocolTcpUdpIteration","provider_config_key":"aci","expressions":{"d_from_port":{"references":["each.value.PORT","each.value"]},"d_to_port":{"references":["each.value.PORT","each.value"]},"description":{"references":["each.value.SNOW_RECORD","each.value","each.value.PROTOCOL","each.value","each.value.PORT","each.value"]},"ether_t":{"constant_value":"ipv4"},"filter_dn":{"references":["aci_filter.localAciNodeMgmtOobCtrSubjFilt.id","aci_filter.localAciNodeMgmtOobCtrSubjFilt"]},"name":{"references":["each.value.RULE_NAME","each.value"]},"prot":{"references":["each.value.PROTOCOL","each.value"]},"stateful":{"constant_value":"yes"}},"schema_version":1,"for_each_expression":{"references":["local.FilteredProtocolTcpUdp"]}},{"address":"aci_leaf_interface_profile.localAciFabricAccessLeafInterfaceProfileIteration","mode":"managed","type":"aci_leaf_interface_profile","name":"localAciFabricAccessLeafInterfaceProfileIteration","provider_config_key":"aci","expressions":{"annotation":{"constant_value":"ORCHESTRATOR:TERRAFORM"},"description":{"references":["each.value.SNOW_RECORD","each.value"]},"name":{"references":["each.value.SWITCH_NODE_ID","each.value"]}},"schema_version":1,"for_each_expression":{"references":["local.FilteredLeafRoleAciFabricNodeMembers"]}},{"address":"aci_leaf_profile.localAciFabricAccessLeafSwitchProfileIteration","mode":"managed","type":"aci_leaf_profile","name":"localAciFabricAccessLeafSwitchProfileIteration","provider_config_key":"aci","expressions":{"annotation":{"constant_value":"ORCHESTRATOR:TERRAFORM"},"description":{"references":["each.value.SNOW_RECORD","each.value"]},"leaf_selector":[{"name":{"references":["each.value.SWITCH_NODE_ID","each.value"]},"node_block":[{"from_":{"references":["each.value.SWITCH_NODE_ID","each.value"]},"name":{"references":["each.value.SWITCH_NODE_ID","each.value"]},"to_":{"references":["each.value.SWITCH_NODE_ID","each.value"]}}],"switch_association_type":{"constant_value":"range"}}],"name":{"references":["each.value.SWITCH_NODE_ID","each.value"]},"relation_infra_rs_acc_port_p":{"references":["aci_leaf_interface_profile.localAciFabricAccessLeafInterfaceProfileIteration","each.key"]}},"schema_version":1,"for_each_expression":{"references":["local.FilteredLeafRoleAciFabricNodeMembers"]}},{"address":"aci_maintenance_group_node.localACIEvenLeafmaintMaintGrpNodeBlkIteration","mode":"managed","type":"aci_maintenance_group_node","name":"localACIEvenLeafmaintMaintGrpNodeBlkIteration","provider_config_key":"aci","expressions":{"annotation":{"constant_value":"ORCHESTRATOR:TERRAFORM"},"description":{"references":["aci_pod_maintenance_group.localACIEvenLeafmaintMaintGrp.name","aci_pod_maintenance_group.localACIEvenLeafmaintMaintGrp"]},"from_":{"references":["each.value.SWITCH_NODE_ID","each.value"]},"name":{"references":["each.value.SWITCH_NODE_ID","each.value"]},"pod_maintenance_group_dn":{"references":["aci_pod_maintenance_group.localACIEvenLeafmaintMaintGrp.id","aci_pod_maintenance_group.localACIEvenLeafmaintMaintGrp"]},"to_":{"references":["each.value.SWITCH_NODE_ID","each.value"]}},"schema_version":1,"for_each_expression":{"references":["local.FilteredEvenLeafs"]}},{"address":"aci_maintenance_group_node.localACIEvenSpinesmaintMaintGrpNodeBlkIteration","mode":"managed","type":"aci_maintenance_group_node","name":"localACIEvenSpinesmaintMaintGrpNodeBlkIteration","provider_config_key":"aci","expressions":{"annotation":{"constant_value":"ORCHESTRATOR:TERRAFORM"},"description":{"references":["aci_pod_maintenance_group.localACIEvenSpinesmaintMaintGrp.name","aci_pod_maintenance_group.localACIEvenSpinesmaintMaintGrp"]},"from_":{"references":["each.value.SWITCH_NODE_ID","each.value"]},"name":{"references":["each.value.SWITCH_NODE_ID","each.value"]},"pod_maintenance_group_dn":{"references":["aci_pod_maintenance_group.localACIEvenSpinesmaintMaintGrp.id","aci_pod_maintenance_group.localACIEvenSpinesmaintMaintGrp"]},"to_":{"references":["each.value.SWITCH_NODE_ID","each.value"]}},"schema_version":1,"for_each_expression":{"references":["local.FilteredEvenSpines"]}},{"address":"aci_maintenance_group_node.localACIOddLeafmaintMaintGrpNodeBlkIteration","mode":"managed","type":"aci_maintenance_group_node","name":"localACIOddLeafmaintMaintGrpNodeBlkIteration","provider_config_key":"aci","expressions":{"annotation":{"constant_value":"ORCHESTRATOR:TERRAFORM"},"description":{"references":["aci_pod_maintenance_group.localACIOddLeafmaintMaintGrp.name","aci_pod_maintenance_group.localACIOddLeafmaintMaintGrp"]},"from_":{"references":["each.value.SWITCH_NODE_ID","each.value"]},"name":{"references":["each.value.SWITCH_NODE_ID","each.value"]},"pod_maintenance_group_dn":{"references":["aci_pod_maintenance_group.localACIOddLeafmaintMaintGrp.id","aci_pod_maintenance_group.localACIOddLeafmaintMaintGrp"]},"to_":{"references":["each.value.SWITCH_NODE_ID","each.value"]}},"schema_version":1,"for_each_expression":{"references":["local.FilteredOddLeafs"]}},{"address":"aci_maintenance_group_node.localACIOddSpinesmaintMaintGrpNodeBlkIteration","mode":"managed","type":"aci_maintenance_group_node","name":"localACIOddSpinesmaintMaintGrpNodeBlkIteration","provider_config_key":"aci","expressions":{"annotation":{"constant_value":"ORCHESTRATOR:TERRAFORM"},"description":{"references":["aci_pod_maintenance_group.localACIOddSpinesmaintMaintGrp.name","aci_pod_maintenance_group.localACIOddSpinesmaintMaintGrp"]},"from_":{"references":["each.value.SWITCH_NODE_ID","each.value"]},"name":{"references":["each.value.SWITCH_NODE_ID","each.value"]},"pod_maintenance_group_dn":{"references":["aci_pod_maintenance_group.localACIOddSpinesmaintMaintGrp.id","aci_pod_maintenance_group.localACIOddSpinesmaintMaintGrp"]},"to_":{"references":["each.value.SWITCH_NODE_ID","each.value"]}},"schema_version":1,"for_each_expression":{"references":["local.FilteredOddSpines"]}},{"address":"aci_maintenance_policy.localACIEvenLeafmaintMaintP","mode":"managed","type":"aci_maintenance_policy","name":"localACIEvenLeafmaintMaintP","provider_config_key":"aci","expressions":{"admin_st":{"constant_value":"triggered"},"annotation":{"constant_value":"ORCHESTRATOR:TERRAFORM"},"description":{"constant_value":"This Maintenance Policy Defines the Firmware/Software Version for Even Numbered Leaf"},"graceful":{"constant_value":"yes"},"ignore_compat":{"constant_value":"yes"},"name":{"constant_value":"EVEN_Leaf_MNTPOL"},"notif_cond":{"constant_value":"notifyNever"},"relation_maint_rs_pol_scheduler":{"references":["aci_rest_managed.localACIEvenLeaftrigSchedP.dn","aci_rest_managed.localACIEvenLeaftrigSchedP"]},"run_mode":{"constant_value":"pauseNever"},"version":{"references":["var.EVEN_LEAF_VERSION"]},"version_check_override":{"constant_value":"untriggered"}},"schema_version":1},{"address":"aci_maintenance_policy.localACIEvenSpinesmaintMaintP","mode":"managed","type":"aci_maintenance_policy","name":"localACIEvenSpinesmaintMaintP","provider_config_key":"aci","expressions":{"admin_st":{"constant_value":"triggered"},"annotation":{"constant_value":"ORCHESTRATOR:TERRAFORM"},"description":{"constant_value":"This Maintenance Policy Defines the Firmware/Software Version for Even Numbered Spines"},"graceful":{"constant_value":"yes"},"ignore_compat":{"constant_value":"yes"},"name":{"constant_value":"EVEN_SPINES_MNTPOL"},"notif_cond":{"constant_value":"notifyNever"},"relation_maint_rs_pol_scheduler":{"references":["aci_rest_managed.localACIEvenSpinestrigSchedP.dn","aci_rest_managed.localACIEvenSpinestrigSchedP"]},"run_mode":{"constant_value":"pauseNever"},"version":{"references":["var.EVEN_SPINE_VERSION"]},"version_check_override":{"constant_value":"untriggered"}},"schema_version":1},{"address":"aci_maintenance_policy.localACIOddLeafmaintMaintP","mode":"managed","type":"aci_maintenance_policy","name":"localACIOddLeafmaintMaintP","provider_config_key":"aci","expressions":{"admin_st":{"constant_value":"triggered"},"annotation":{"constant_value":"ORCHESTRATOR:TERRAFORM"},"description":{"constant_value":"This Maintenance Policy Defines the Firmware/Software Version for Odd Numbered Leaf"},"graceful":{"constant_value":"yes"},"ignore_compat":{"constant_value":"yes"},"name":{"constant_value":"ODD_Leaf_MNTPOL"},"notif_cond":{"constant_value":"notifyNever"},"relation_maint_rs_pol_scheduler":{"references":["aci_rest_managed.localACIOddLeaftrigSchedP.dn","aci_rest_managed.localACIOddLeaftrigSchedP"]},"run_mode":{"constant_value":"pauseNever"},"version":{"references":["var.ODD_LEAF_VERSION"]},"version_check_override":{"constant_value":"untriggered"}},"schema_version":1},{"address":"aci_maintenance_policy.localACIOddSpinesmaintMaintP","mode":"managed","type":"aci_maintenance_policy","name":"localACIOddSpinesmaintMaintP","provider_config_key":"aci","expressions":{"admin_st":{"constant_value":"triggered"},"annotation":{"constant_value":"ORCHESTRATOR:TERRAFORM"},"description":{"constant_value":"This Maintenance Policy Defines the Firmware/Software Version for Odd Numbered Spines"},"graceful":{"constant_value":"yes"},"ignore_compat":{"constant_value":"yes"},"name":{"constant_value":"ODD_SPINES_MNTPOL"},"notif_cond":{"constant_value":"notifyNever"},"relation_maint_rs_pol_scheduler":{"references":["aci_rest_managed.localACIOddSpinestrigSchedP.dn","aci_rest_managed.localACIOddSpinestrigSchedP"]},"run_mode":{"constant_value":"pauseNever"},"version":{"references":["var.ODD_SPINE_VERSION"]},"version_check_override":{"constant_value":"untriggered"}},"schema_version":1},{"address":"aci_node_mgmt_epg.localAciNodeMgmtOobEPG","mode":"managed","type":"aci_node_mgmt_epg","name":"localAciNodeMgmtOobEPG","provider_config_key":"aci","expressions":{"annotation":{"constant_value":"ORCHESTRATOR:TERRAFORM"},"description":{"constant_value":"Author: Trevor Patch, Terraform Managed Node Out-of-Band Endpoint Group."},"management_profile_dn":{"constant_value":"uni/tn-mgmt/mgmtp-default"},"name":{"constant_value":"TF_MGD_NODE_OOB_EPG"},"relation_mgmt_rs_oo_b_prov":{"references":["aci_rest_managed.localAciNodeMgmtOobCtr.dn","aci_rest_managed.localAciNodeMgmtOobCtr"]},"type":{"constant_value":"out_of_band"}},"schema_version":1},{"address":"aci_pod_maintenance_group.localACIEvenLeafmaintMaintGrp","mode":"managed","type":"aci_pod_maintenance_group","name":"localACIEvenLeafmaintMaintGrp","provider_config_key":"aci","expressions":{"annotation":{"constant_value":"ORCHESTRATOR:TERRAFORM"},"description":{"references":["aci_maintenance_policy.localACIEvenLeafmaintMaintP.name","aci_maintenance_policy.localACIEvenLeafmaintMaintP"]},"fwtype":{"constant_value":"switch"},"name":{"constant_value":"EVEN_Leaf_MNTGRP"},"pod_maintenance_group_type":{"constant_value":"range"},"relation_maint_rs_mgrpp":{"references":["aci_maintenance_policy.localACIEvenLeafmaintMaintP.id","aci_maintenance_policy.localACIEvenLeafmaintMaintP"]}},"schema_version":1},{"address":"aci_pod_maintenance_group.localACIEvenSpinesmaintMaintGrp","mode":"managed","type":"aci_pod_maintenance_group","name":"localACIEvenSpinesmaintMaintGrp","provider_config_key":"aci","expressions":{"annotation":{"constant_value":"ORCHESTRATOR:TERRAFORM"},"description":{"references":["aci_maintenance_policy.localACIEvenSpinesmaintMaintP.name","aci_maintenance_policy.localACIEvenSpinesmaintMaintP"]},"fwtype":{"constant_value":"switch"},"name":{"constant_value":"EVEN_SPINES_MNTGRP"},"pod_maintenance_group_type":{"constant_value":"range"},"relation_maint_rs_mgrpp":{"references":["aci_maintenance_policy.localACIEvenSpinesmaintMaintP.id","aci_maintenance_policy.localACIEvenSpinesmaintMaintP"]}},"schema_version":1},{"address":"aci_pod_maintenance_group.localACIOddLeafmaintMaintGrp","mode":"managed","type":"aci_pod_maintenance_group","name":"localACIOddLeafmaintMaintGrp","provider_config_key":"aci","expressions":{"annotation":{"constant_value":"ORCHESTRATOR:TERRAFORM"},"description":{"references":["aci_maintenance_policy.localACIOddLeafmaintMaintP.name","aci_maintenance_policy.localACIOddLeafmaintMaintP"]},"fwtype":{"constant_value":"switch"},"name":{"constant_value":"ODD_Leaf_MNTGRP"},"pod_maintenance_group_type":{"constant_value":"range"},"relation_maint_rs_mgrpp":{"references":["aci_maintenance_policy.localACIOddLeafmaintMaintP.id","aci_maintenance_policy.localACIOddLeafmaintMaintP"]}},"schema_version":1},{"address":"aci_pod_maintenance_group.localACIOddSpinesmaintMaintGrp","mode":"managed","type":"aci_pod_maintenance_group","name":"localACIOddSpinesmaintMaintGrp","provider_config_key":"aci","expressions":{"annotation":{"constant_value":"ORCHESTRATOR:TERRAFORM"},"description":{"references":["aci_maintenance_policy.localACIOddSpinesmaintMaintP.name","aci_maintenance_policy.localACIOddSpinesmaintMaintP"]},"fwtype":{"constant_value":"switch"},"name":{"constant_value":"ODD_SPINES_MNTGRP"},"pod_maintenance_group_type":{"constant_value":"range"},"relation_maint_rs_mgrpp":{"references":["aci_maintenance_policy.localACIOddSpinesmaintMaintP.id","aci_maintenance_policy.localACIOddSpinesmaintMaintP"]}},"schema_version":1},{"address":"aci_rest.localAciRestLeafSWPROFAssocSWPOLGRP","mode":"managed","type":"aci_rest","name":"localAciRestLeafSWPROFAssocSWPOLGRP","provider_config_key":"aci","expressions":{"path":{"references":["each.value.SWITCH_NODE_ID","each.value","each.value.SWITCH_NODE_ID","each.value"]},"payload":{"references":["each.value.SWITCH_NODE_ID","each.value","each.value.SWITCH_NODE_ID","each.value","each.value.SWITCH_NODE_ID","each.value"]}},"schema_version":1,"for_each_expression":{"references":["local.TriggerlocalAciRestLeafSWPROFAssocSWPOLGRP"]},"depends_on":["aci_leaf_profile.localAciFabricAccessLeafSwitchProfileIteration","aci_access_switch_policy_group.localAciFabricAccessLeafSwitchPolicyGroupIteration"]},{"address":"aci_rest_managed.localACIEvenLeaftrigSchedP","mode":"managed","type":"aci_rest_managed","name":"localACIEvenLeaftrigSchedP","provider_config_key":"aci","expressions":{"child":[{"class_name":{"constant_value":"trigAbsWindowP"},"content":{},"rn":{"constant_value":"abswinp-EVEN_LF_TRIG"}}],"class_name":{"constant_value":"trigSchedP"},"content":{"constant_value":{"name":"EVEN_LF_SCHD","status":"created,modified"}},"dn":{"constant_value":"uni/fabric/schedp-EVEN_LF_SCHD"}},"schema_version":0,"depends_on":["null_resource.localAciEvenLeafNodeStageFirmware"]},{"address":"aci_rest_managed.localACIEvenSpinestrigSchedP","mode":"managed","type":"aci_rest_managed","name":"localACIEvenSpinestrigSchedP","provider_config_key":"aci","expressions":{"child":[{"class_name":{"constant_value":"trigAbsWindowP"},"content":{},"rn":{"constant_value":"abswinp-EVEN_SPN_TRIG"}}],"class_name":{"constant_value":"trigSchedP"},"content":{"constant_value":{"name":"EVEN_SPN_SCHD","status":"created,modified"}},"dn":{"constant_value":"uni/fabric/schedp-EVEN_SPN_SCHD"}},"schema_version":0,"depends_on":["null_resource.localAciEvenSpineNodeStageFirmware"]},{"address":"aci_rest_managed.localACIOddLeaftrigSchedP","mode":"managed","type":"aci_rest_managed","name":"localACIOddLeaftrigSchedP","provider_config_key":"aci","expressions":{"child":[{"class_name":{"constant_value":"trigAbsWindowP"},"content":{},"rn":{"constant_value":"abswinp-ODD_LF_TRIG"}}],"class_name":{"constant_value":"trigSchedP"},"content":{"constant_value":{"name":"ODD_LF_SCHD","status":"created,modified"}},"dn":{"constant_value":"uni/fabric/schedp-ODD_LF_SCHD"}},"schema_version":0,"depends_on":["null_resource.localAciOddLeafNodeStageFirmware"]},{"address":"aci_rest_managed.localACIOddSpinestrigSchedP","mode":"managed","type":"aci_rest_managed","name":"localACIOddSpinestrigSchedP","provider_config_key":"aci","expressions":{"child":[{"class_name":{"constant_value":"trigAbsWindowP"},"content":{},"rn":{"constant_value":"abswinp-ODD_SPN_TRIG"}}],"class_name":{"constant_value":"trigSchedP"},"content":{"constant_value":{"name":"ODD_SPN_SCHD","status":"created,modified"}},"dn":{"constant_value":"uni/fabric/schedp-ODD_SPN_SCHD"}},"schema_version":0,"depends_on":["aci_fabric_node_member.localAciFabricNodeMemberIteration"]},{"address":"aci_rest_managed.localAciNodeMgmtOobCtr","mode":"managed","type":"aci_rest_managed","name":"localAciNodeMgmtOobCtr","provider_config_key":"aci","expressions":{"class_name":{"constant_value":"vzOOBBrCP"},"content":{"constant_value":{"descr":"Author: Trevor Patch, Terraform Managed Node Out-of-Band Interface Contract.","intent":"install","name":"TF_MGD_NODE_OOB_CTR","prio":"unspecified","scope":"context","targetDscp":"unspecified"}},"dn":{"constant_value":"uni/tn-mgmt/oobbrc-TF_MGD_NODE_OOB_CTR"}},"schema_version":0},{"address":"aci_static_node_mgmt_address.localAciStaticNodeMgmtAddrIteration","mode":"managed","type":"aci_static_node_mgmt_address","name":"localAciStaticNodeMgmtAddrIteration","provider_config_key":"aci","expressions":{"addr":{"references":["each.value.NODE_MGMT_ADDR","each.value"]},"annotation":{"constant_value":"ORCHESTRATOR:TERRAFORM"},"description":{"references":["each.value.SNOW_RECORD","each.value"]},"gw":{"references":["each.value.NODE_MGMT_GW","each.value"]},"management_epg_dn":{"references":["aci_node_mgmt_epg.localAciNodeMgmtOobEPG.id","aci_node_mgmt_epg.localAciNodeMgmtOobEPG"]},"t_dn":{"references":["aci_fabric_node_member.localAciFabricNodeMemberIteration","each.key","aci_fabric_node_member.localAciFabricNodeMemberIteration","each.key"]},"type":{"constant_value":"out_of_band"}},"schema_version":1,"for_each_expression":{"references":["local.FilteredSwitchRoleAciFabricNodeMembers"]}},{"address":"aci_vpc_domain_policy.localAciVpcDomainPolicyIteration","mode":"managed","type":"aci_vpc_domain_policy","name":"localAciVpcDomainPolicyIteration","provider_config_key":"aci","expressions":{"annotation":{"constant_value":"ORCHESTRATOR:TERRAFORM"},"dead_intvl":{"constant_value":"200"},"name":{"references":["each.key"]}},"schema_version":1,"for_each_expression":{"references":["local.UniqueVpcPeerGroupId"]}},{"address":"aci_vpc_explicit_protection_group.localAciVpcExplictProtectionGroupIteration","mode":"managed","type":"aci_vpc_explicit_protection_group","name":"localAciVpcExplictProtectionGroupIteration","provider_config_key":"aci","expressions":{"annotation":{"constant_value":"ORCHESTRATOR:TERRAFORM"},"name":{"references":["each.key"]},"switch1":{"references":["each.key"]},"switch2":{"references":["each.key"]},"vpc_domain_policy":{"references":["aci_vpc_domain_policy.localAciVpcDomainPolicyIteration","each.key"]},"vpc_explicit_protection_group_id":{"references":["local.IndexConvertUniqueVpcPeerGroupId","each.key"]}},"schema_version":1,"for_each_expression":{"references":["local.UniqueVpcPeerGroupId"]}},{"address":"null_resource.localAciEvenLeafNodeStageFirmware","mode":"managed","type":"null_resource","name":"localAciEvenLeafNodeStageFirmware","provider_config_key":"module.fabric-node-workflow:null","provisioners":[{"type":"local-exec","expressions":{"command":{"constant_value":"python ./scripts/fabric-isolated-node-firmware.py"},"environment":{"references":["each.value.SWITCH_POD_ID","each.value","each.value.SWITCH_NODE_ID","each.value","var.EVEN_LEAF_VERSION"]}}}],"schema_version":0,"for_each_expression":{"references":["local.FilteredEvenLeafs"]},"depends_on":["aci_fabric_node_member.localAciFabricNodeMemberIteration"]},{"address":"null_resource.localAciEvenSpineNodeStageFirmware","mode":"managed","type":"null_resource","name":"localAciEvenSpineNodeStageFirmware","provider_config_key":"module.fabric-node-workflow:null","provisioners":[{"type":"local-exec","expressions":{"command":{"constant_value":"python ./scripts/fabric-isolated-node-firmware.py"},"environment":{"references":["each.value.SWITCH_POD_ID","each.value","each.value.SWITCH_NODE_ID","each.value","var.EVEN_SPINE_VERSION"]}}}],"schema_version":0,"for_each_expression":{"references":["local.FilteredEvenSpines"]},"depends_on":["aci_fabric_node_member.localAciFabricNodeMemberIteration"]},{"address":"null_resource.localAciOddLeafNodeStageFirmware","mode":"managed","type":"null_resource","name":"localAciOddLeafNodeStageFirmware","provider_config_key":"module.fabric-node-workflow:null","provisioners":[{"type":"local-exec","expressions":{"command":{"constant_value":"python ./scripts/fabric-isolated-node-firmware.py"},"environment":{"references":["each.value.SWITCH_POD_ID","each.value","each.value.SWITCH_NODE_ID","each.value","var.ODD_LEAF_VERSION"]}}}],"schema_version":0,"for_each_expression":{"references":["local.FilteredOddLeafs"]},"depends_on":["aci_fabric_node_member.localAciFabricNodeMemberIteration"]},{"address":"null_resource.localAciOddSpineNodeStageFirmware","mode":"managed","type":"null_resource","name":"localAciOddSpineNodeStageFirmware","provider_config_key":"module.fabric-node-workflow:null","provisioners":[{"type":"local-exec","expressions":{"command":{"constant_value":"python ./scripts/fabric-isolated-node-firmware.py"},"environment":{"references":["each.value.SWITCH_POD_ID","each.value","each.value.SWITCH_NODE_ID","each.value","var.ODD_SPINE_VERSION"]}}}],"schema_version":0,"for_each_expression":{"references":["local.FilteredOddSpines"]},"depends_on":["aci_fabric_node_member.localAciFabricNodeMemberIteration"]},{"address":"data.aci_tenant.dataLocalAciTenantMgmt","mode":"data","type":"aci_tenant","name":"dataLocalAciTenantMgmt","provider_config_key":"aci","expressions":{"name":{"constant_value":"mgmt"}},"schema_version":0}],"variables":{"EVEN_LEAF_VERSION":{"description":"Inherits the software version to run on Cisco ACI Even Numbered Leaf Nodes"},"EVEN_SPINE_VERSION":{"description":"Inherits the software version to run on Cisco ACI Even Numbered Spine Nodes"},"ODD_LEAF_VERSION":{"description":"Inherits the software version to run on Cisco ACI Odd Numbered Leaf Nodes"},"ODD_SPINE_VERSION":{"description":"Inherits the software version to run on Cisco ACI Odd Numbered Spine Nodes"}}}}},"variables":{"CISCO_ACI_APIC_IP_ADDRESS":{"description":"MAPS TO ENVIRONMENTAL VARIABLE TF_VAR_CISCO_ACI_APIC_IP_ADDRESS"},"CISCO_ACI_TERRAFORM_PASSWORD":{"description":"MAPS TO ENVIRONMENTAL VARIABLE TF_VAR_CISCO_ACI_TERRAFORM_PASSWORD","sensitive":true},"CISCO_ACI_TERRAFORM_USERNAME":{"description":"MAPS TO ENVIRONMENTAL VARIABLE TF_VAR_CISCO_ACI_TERRAFORM_USERNAME"},"EVEN_LEAF_VERSION":{"default":"simsw-6.0(2h)","description":"Inherits the software version to run on Cisco ACI Even Numbered Leaf Nodes"},"EVEN_SPINE_VERSION":{"default":"simsw-6.0(2h)","description":"Inherits the software version to run on Cisco ACI Even Numbered Spine Nodes"},"ODD_LEAF_VERSION":{"default":"simsw-6.0(2h)","description":"Inherits the software version to run on Cisco ACI Odd Numbered Leaf Nodes"},"ODD_SPINE_VERSION":{"default":"simsw-6.0(2h)","description":"Inherits the software version to run on Cisco ACI Odd Numbered Spine Nodes"}}}},"relevant_attributes":[{"resource":"module.fabric-node-workflow.aci_pod_maintenance_group.localACIOddLeafmaintMaintGrp","attribute":["name"]},{"resource":"module.fabric-node-workflow.data.aci_tenant.dataLocalAciTenantMgmt","attribute":["id"]},{"resource":"module.fabric-node-workflow.aci_maintenance_policy.localACIOddLeafmaintMaintP","attribute":["id"]},{"resource":"module.fabric-node-workflow.aci_maintenance_policy.localACIEvenLeafmaintMaintP","attribute":["id"]},{"resource":"module.fabric-node-workflow.aci_filter.localAciNodeMgmtOobCtrSubjFilt","attribute":["id"]},{"resource":"module.fabric-node-workflow.aci_rest_managed.localACIOddSpinestrigSchedP","attribute":["dn"]},{"resource":"module.fabric-node-workflow.aci_rest_managed.localAciNodeMgmtOobCtr","attribute":["id"]},{"resource":"module.fabric-node-workflow.aci_node_mgmt_epg.localAciNodeMgmtOobEPG","attribute":["id"]},{"resource":"module.fabric-node-workflow.aci_maintenance_policy.localACIOddSpinesmaintMaintP","attribute":["id"]},{"resource":"module.fabric-node-workflow.aci_vpc_domain_policy.localAciVpcDomainPolicyIteration","attribute":[]},{"resource":"module.fabric-node-workflow.aci_pod_maintenance_group.localACIEvenLeafmaintMaintGrp","attribute":["id"]},{"resource":"module.fabric-node-workflow.aci_pod_maintenance_group.localACIEvenLeafmaintMaintGrp","attribute":["name"]},{"resource":"module.fabric-node-workflow.aci_rest_managed.localACIOddLeaftrigSchedP","attribute":["dn"]},{"resource":"module.fabric-node-workflow.aci_maintenance_policy.localACIOddSpinesmaintMaintP","attribute":["name"]},{"resource":"module.fabric-node-workflow.aci_rest_managed.localACIEvenLeaftrigSchedP","attribute":["dn"]},{"resource":"module.fabric-node-workflow.aci_maintenance_policy.localACIOddLeafmaintMaintP","attribute":["name"]},{"resource":"module.fabric-node-workflow.aci_leaf_interface_profile.localAciFabricAccessLeafInterfaceProfileIteration","attribute":[]},{"resource":"module.fabric-node-workflow.aci_rest_managed.localACIEvenSpinestrigSchedP","attribute":["dn"]},{"resource":"module.fabric-node-workflow.aci_maintenance_policy.localACIEvenLeafmaintMaintP","attribute":["name"]},{"resource":"module.fabric-node-workflow.aci_contract_subject.localAciNodeMgmtOobCtrSubj","attribute":["id"]},{"resource":"module.fabric-node-workflow.aci_fabric_node_member.localAciFabricNodeMemberIteration","attribute":[]},{"resource":"module.fabric-node-workflow.aci_pod_maintenance_group.localACIOddLeafmaintMaintGrp","attribute":["id"]},{"resource":"module.fabric-node-workflow.aci_rest_managed.localAciNodeMgmtOobCtr","attribute":["dn"]},{"resource":"module.fabric-node-workflow.aci_maintenance_policy.localACIEvenSpinesmaintMaintP","attribute":["id"]},{"resource":"module.fabric-node-workflow.aci_maintenance_policy.localACIEvenSpinesmaintMaintP","attribute":["name"]}],"timestamp":"2023-12-28T16:44:39Z","errored":false}
